{"SurveyEntry":{"SurveyID":"SV_db4gzXQlH3BoUip","SurveyName":"Prisoner's Dilemma TEMPLATE 2-1-2019","SurveyDescription":null,"SurveyOwnerID":"UR_9EUlTzKmzcqukcZ","SurveyBrandID":"cmu","DivisionID":null,"SurveyLanguage":"EN","SurveyActiveResponseSet":"RS_cSGnjbsFmS1Zpgp","SurveyStatus":"Active","SurveyStartDate":"0000-00-00 00:00:00","SurveyExpirationDate":"0000-00-00 00:00:00","SurveyCreationDate":"2019-01-28 12:20:58","CreatorID":"UR_9EUlTzKmzcqukcZ","LastModified":"2019-01-28 12:25:28","LastAccessed":"0000-00-00 00:00:00","LastActivated":"2019-01-28 12:25:28","Deleted":null},"SurveyElements":[{"SurveyID":"SV_db4gzXQlH3BoUip","Element":"BL","PrimaryAttribute":"Survey Blocks","SecondaryAttribute":null,"TertiaryAttribute":null,"Payload":{"0":{"Type":"Default","Description":"Action choice","ID":"BL_cGf14M3pXvxPRJz","BlockElements":[{"Type":"Question","QuestionID":"QID1"}]},"1":{"Type":"Trash","Description":"Trash \/ Unused Questions","ID":"BL_3RhGWWHeqrkI0bb","BlockElements":[]},"2":{"Type":"Standard","SubType":"","Description":"Feedback","ID":"BL_3RkmNIfZv1KYg1n","BlockElements":[{"Type":"Question","QuestionID":"QID2"}]},"3":{"Type":"Standard","SubType":"Reference","Description":null,"ID":"BL_3dviCXEBlB0cpr7","LibraryID":"UR_9EUlTzKmzcqukcZ","ReferencedBlockID":"LB_9n5k2F4vJVq94b3"},"5":{"Type":"Standard","SubType":"Reference","Description":null,"ID":"BL_3UcKkhKQrrg5JAh","LibraryID":"UR_9EUlTzKmzcqukcZ","ReferencedBlockID":"LB_8ArHs5HRd8EZSHr"},"8":{"Type":"Standard","SubType":"Reference","Description":null,"ID":"BL_29uv0DU62REC8mh","LibraryID":"UR_9EUlTzKmzcqukcZ","ReferencedBlockID":"LB_1Mwc7rxFIwwlYZD"},"10":{"Type":"Standard","SubType":"Reference","Description":null,"ID":"BL_cZVKgJKq6BCMFSZ","LibraryID":"UR_9EUlTzKmzcqukcZ","ReferencedBlockID":"LB_b3gUraeO8OcVRtz"},"11":{"Type":"Standard","SubType":"","Description":"Intro","ID":"BL_56ysrnreTGNy2Sp","BlockElements":[{"Type":"Question","QuestionID":"QID5"}],"Options":{"BlockLocking":"false","RandomizeQuestions":"false","PreviousButton":"","previousButtonMID":"","NextButton":"Start Experiment","nextButtonMID":"","previousButtonLibraryID":"","nextButtonLibraryID":""}}}},{"SurveyID":"SV_db4gzXQlH3BoUip","Element":"FL","PrimaryAttribute":"Survey Flow","SecondaryAttribute":null,"TertiaryAttribute":null,"Payload":{"Type":"Root","FlowID":"FL_1","Flow":[{"Type":"EmbeddedData","FlowID":"FL_9","EmbeddedData":[{"Description":"researcherID","Type":"Recipient","Field":"researcherID","VariableType":"String","DataVisibility":[],"AnalyzeText":false},{"Description":"studyID","Type":"Recipient","Field":"studyID","VariableType":"String","DataVisibility":[],"AnalyzeText":false},{"Description":"groupID","Type":"Recipient","Field":"groupID","VariableType":"String","DataVisibility":[],"AnalyzeText":false},{"Description":"participantID","Type":"Custom","Field":"participantID","VariableType":"String","DataVisibility":[],"AnalyzeText":false,"Value":"${e:\/\/Field\/ResponseID}"},{"Description":"groupSize","Type":"Custom","Field":"groupSize","VariableType":"String","DataVisibility":[],"AnalyzeText":false,"Value":"2"},{"Description":"numStages","Type":"Custom","Field":"numStages","VariableType":"String","DataVisibility":[],"AnalyzeText":false,"Value":"1"},{"Description":"roles","Type":"Custom","Field":"roles","VariableType":"String","DataVisibility":[],"AnalyzeText":false,"Value":"row,column"},{"Description":"participantRole","Type":"Custom","Field":"participantRole","VariableType":"String","DataVisibility":[],"AnalyzeText":false,"Value":"random"},{"Description":"timeOutLog","Type":"Recipient","Field":"timeOutLog","VariableType":"String","DataVisibility":[],"AnalyzeText":false}]},{"Type":"EmbeddedData","FlowID":"FL_45","EmbeddedData":[{"Description":"botMatch","Type":"Custom","Field":"botMatch","VariableType":"String","DataVisibility":[],"AnalyzeText":false,"Value":"yes"}]},{"Type":"EmbeddedData","FlowID":"FL_22","EmbeddedData":[{"Description":"CC","Type":"Custom","Field":"CC","VariableType":"String","DataVisibility":[],"AnalyzeText":false,"Value":"4"},{"Description":"DD","Type":"Custom","Field":"DD","VariableType":"String","DataVisibility":[],"AnalyzeText":false,"Value":"2"},{"Description":"DC","Type":"Custom","Field":"DC","VariableType":"String","DataVisibility":[],"AnalyzeText":false,"Value":"5"},{"Description":"CD","Type":"Custom","Field":"CD","VariableType":"String","DataVisibility":[],"AnalyzeText":false,"Value":"0"},{"Description":"selfAction","Type":"Recipient","Field":"selfAction","VariableType":"String","DataVisibility":[],"AnalyzeText":false},{"Description":"otherAction","Type":"Recipient","Field":"otherAction","VariableType":"String","DataVisibility":[],"AnalyzeText":false},{"Description":"payoff","Type":"Recipient","Field":"payoff","VariableType":"String","DataVisibility":[],"AnalyzeText":false}]},{"Type":"Block","ID":"BL_56ysrnreTGNy2Sp","FlowID":"FL_24"},{"Type":"Block","ID":"BL_3dviCXEBlB0cpr7","FlowID":"FL_10"},{"Type":"Block","ID":"BL_cGf14M3pXvxPRJz","FlowID":"FL_26"},{"Type":"EmbeddedData","FlowID":"FL_27","EmbeddedData":[{"Description":"selfAction","Type":"Custom","Field":"selfAction","VariableType":"String","DataVisibility":[],"AnalyzeText":false,"Value":"${q:\/\/QID1\/SelectedChoicesRecode}"}]},{"Type":"EmbeddedData","FlowID":"FL_28","EmbeddedData":[{"Description":"sendStage","Type":"Custom","Field":"sendStage","VariableType":"String","DataVisibility":[],"AnalyzeText":false,"Value":"1"},{"Description":"sendData","Type":"Custom","Field":"sendData","VariableType":"String","DataVisibility":[],"AnalyzeText":false,"Value":"selfAction"}]},{"Type":"Block","ID":"BL_3UcKkhKQrrg5JAh","FlowID":"FL_29"},{"Type":"Branch","FlowID":"FL_31","Description":"New Branch","BranchLogic":{"0":{"0":{"LogicType":"EmbeddedField","LeftOperand":"participantRole","Operator":"EqualTo","RightOperand":"row","_HiddenExpression":false,"Type":"Expression","Description":"<span class=\"ConjDesc\">If<\/span>  <span class=\"LeftOpDesc\">participantRole<\/span> <span class=\"OpDesc\">Is Equal to<\/span> <span class=\"RightOpDesc\"> row <\/span>"},"Type":"If"},"Type":"BooleanExpression"},"Flow":[{"Type":"EmbeddedData","FlowID":"FL_32","EmbeddedData":[{"Description":"getData","Type":"Custom","Field":"getData","VariableType":"String","DataVisibility":[],"AnalyzeText":false,"Value":"column"}]}]},{"Type":"Branch","FlowID":"FL_33","Description":"New Branch","BranchLogic":{"0":{"0":{"LogicType":"EmbeddedField","LeftOperand":"participantRole","Operator":"EqualTo","RightOperand":"column","_HiddenExpression":false,"Type":"Expression","Description":"<span class=\"ConjDesc\">If<\/span>  <span class=\"LeftOpDesc\">participantRole<\/span> <span class=\"OpDesc\">Is Equal to<\/span> <span class=\"RightOpDesc\"> column <\/span>"},"Type":"If"},"Type":"BooleanExpression"},"Flow":[{"Type":"EmbeddedData","FlowID":"FL_34","EmbeddedData":[{"Description":"getData","Type":"Custom","Field":"getData","VariableType":"String","DataVisibility":[],"AnalyzeText":false,"Value":"row"}]}]},{"Type":"EmbeddedData","FlowID":"FL_30","EmbeddedData":[{"Description":"getStage","Type":"Custom","Field":"getStage","VariableType":"String","DataVisibility":[],"AnalyzeText":false,"Value":"1"},{"Description":"defaultData","Type":"Custom","Field":"defaultData","VariableType":"String","DataVisibility":[],"AnalyzeText":false,"Value":"${rand:\/\/int\/1:2}"},{"Description":"saveData","Type":"Custom","Field":"saveData","VariableType":"String","DataVisibility":[],"AnalyzeText":false,"Value":"otherAction"}]},{"Type":"Block","ID":"BL_29uv0DU62REC8mh","FlowID":"FL_35"},{"Type":"Branch","FlowID":"FL_36","Description":"New Branch","BranchLogic":{"0":{"0":{"LogicType":"EmbeddedField","LeftOperand":"selfAction","Operator":"EqualTo","RightOperand":"1","_HiddenExpression":false,"Type":"Expression","Description":"<span class=\"ConjDesc\">If<\/span>  <span class=\"LeftOpDesc\">selfAction<\/span> <span class=\"OpDesc\">Is Equal to<\/span> <span class=\"RightOpDesc\"> 1 <\/span>"},"1":{"LogicType":"EmbeddedField","LeftOperand":"otherAction","Operator":"EqualTo","RightOperand":"1","_HiddenExpression":false,"Type":"Expression","Description":"<span class=\"ConjDesc\">And<\/span>  <span class=\"LeftOpDesc\">otherAction<\/span> <span class=\"OpDesc\">Is Equal to<\/span> <span class=\"RightOpDesc\"> 1 <\/span>","Conjuction":"And"},"Type":"If"},"Type":"BooleanExpression"},"Flow":[{"Type":"EmbeddedData","FlowID":"FL_37","EmbeddedData":[{"Description":"payoff","Type":"Custom","Field":"payoff","VariableType":"String","DataVisibility":[],"AnalyzeText":false,"Value":"${e:\/\/Field\/CC}"}]}]},{"Type":"Branch","FlowID":"FL_38","Description":"New Branch","BranchLogic":{"0":{"0":{"LogicType":"EmbeddedField","LeftOperand":"selfAction","Operator":"EqualTo","RightOperand":"2","_HiddenExpression":false,"Type":"Expression","Description":"<span class=\"ConjDesc\">If<\/span>  <span class=\"LeftOpDesc\">selfAction<\/span> <span class=\"OpDesc\">Is Equal to<\/span> <span class=\"RightOpDesc\"> 2 <\/span>"},"1":{"LogicType":"EmbeddedField","LeftOperand":"otherAction","Operator":"EqualTo","RightOperand":"2","_HiddenExpression":false,"Type":"Expression","Description":"<span class=\"ConjDesc\">And<\/span>  <span class=\"LeftOpDesc\">otherAction<\/span> <span class=\"OpDesc\">Is Equal to<\/span> <span class=\"RightOpDesc\"> 2 <\/span>","Conjuction":"And"},"Type":"If"},"Type":"BooleanExpression"},"Flow":[{"Type":"EmbeddedData","FlowID":"FL_39","EmbeddedData":[{"Description":"payoff","Type":"Custom","Field":"payoff","VariableType":"String","DataVisibility":[],"AnalyzeText":false,"Value":"${e:\/\/Field\/DD}"}]}]},{"Type":"Branch","FlowID":"FL_40","Description":"New Branch","BranchLogic":{"0":{"0":{"LogicType":"EmbeddedField","LeftOperand":"selfAction","Operator":"EqualTo","RightOperand":"1","_HiddenExpression":false,"Type":"Expression","Description":"<span class=\"ConjDesc\">If<\/span>  <span class=\"LeftOpDesc\">selfAction<\/span> <span class=\"OpDesc\">Is Equal to<\/span> <span class=\"RightOpDesc\"> 1 <\/span>"},"1":{"LogicType":"EmbeddedField","LeftOperand":"otherAction","Operator":"EqualTo","RightOperand":"2","_HiddenExpression":false,"Type":"Expression","Description":"<span class=\"ConjDesc\">And<\/span>  <span class=\"LeftOpDesc\">otherAction<\/span> <span class=\"OpDesc\">Is Equal to<\/span> <span class=\"RightOpDesc\"> 2 <\/span>","Conjuction":"And"},"Type":"If"},"Type":"BooleanExpression"},"Flow":[{"Type":"EmbeddedData","FlowID":"FL_41","EmbeddedData":[{"Description":"payoff","Type":"Custom","Field":"payoff","VariableType":"String","DataVisibility":[],"AnalyzeText":false,"Value":"${e:\/\/Field\/CD}"}]}]},{"Type":"Branch","FlowID":"FL_42","Description":"New Branch","BranchLogic":{"0":{"0":{"LogicType":"EmbeddedField","LeftOperand":"selfAction","Operator":"EqualTo","RightOperand":"2","_HiddenExpression":false,"Type":"Expression","Description":"<span class=\"ConjDesc\">If<\/span>  <span class=\"LeftOpDesc\">selfAction<\/span> <span class=\"OpDesc\">Is Equal to<\/span> <span class=\"RightOpDesc\"> 2 <\/span>"},"1":{"LogicType":"EmbeddedField","LeftOperand":"otherAction","Operator":"EqualTo","RightOperand":"1","_HiddenExpression":false,"Type":"Expression","Description":"<span class=\"ConjDesc\">And<\/span>  <span class=\"LeftOpDesc\">otherAction<\/span> <span class=\"OpDesc\">Is Equal to<\/span> <span class=\"RightOpDesc\"> 1 <\/span>","Conjuction":"And"},"Type":"If"},"Type":"BooleanExpression"},"Flow":[{"Type":"EmbeddedData","FlowID":"FL_43","EmbeddedData":[{"Description":"payoff","Type":"Custom","Field":"payoff","VariableType":"String","DataVisibility":[],"AnalyzeText":false,"Value":"${e:\/\/Field\/DC}"}]}]},{"Type":"Block","ID":"BL_3RkmNIfZv1KYg1n","FlowID":"FL_44"},{"Type":"Standard","ID":"BL_cZVKgJKq6BCMFSZ","FlowID":"FL_8"}],"Properties":{"Count":45,"RemovedFieldsets":[]}}},{"SurveyID":"SV_db4gzXQlH3BoUip","Element":"SO","PrimaryAttribute":"Survey Options","SecondaryAttribute":null,"TertiaryAttribute":null,"Payload":{"BackButton":"false","SaveAndContinue":"false","SurveyProtection":"PublicSurvey","BallotBoxStuffingPrevention":"false","NoIndex":"Yes","SecureResponseFiles":"true","SurveyExpiration":null,"SurveyTermination":"DisplayMessage","Header":"<script>\n\nQualtrics.SurveyEngine.addOnload(function()\n{\ndocument.getElementById(\"Plug\").remove();\n\n});\n\n<\/script>","Footer":"","ProgressBarDisplay":"None","PartialData":"+1 week","ValidationMessage":null,"PreviousButton":" \u2190 ","NextButton":"Next >>","SkinLibrary":"cmu","SkinType":"templated","Skin":{"brandingId":null,"templateId":"*base","overrides":{"questionText":{"size":"16px"},"answerText":{"size":"14px"}}},"NewScoring":1,"CustomStyles":{"customCSS":".Skin .QuestionOuter {\n    -ms-overflow-style: -ms-autohiding-scrollbar;\n    padding-bottom: 10px;\n}"},"headerMid":"","EOSMessage":"MS_aYuRM60Sih3GuZT","ShowExportTags":"false","CollectGeoLocation":"false","SurveyTitle":"Online Survey Software | Qualtrics Survey Solutions","SurveyMetaDescription":"Qualtrics sophisticated online survey software solutions make creating online surveys easy. Learn more about Research Suite and get a free account today.","PasswordProtection":"No","AnonymizeResponse":"No","Password":"","RefererCheck":"No","RefererURL":"http:\/\/","RecaptchaV3":"false","RelevantID":"false","ResponseSummary":"No","EOSMessageLibrary":"UR_9EUlTzKmzcqukcZ","EOSRedirectURL":"https:\/\/","EmailThankYou":"false","ThankYouEmailMessageLibrary":null,"ThankYouEmailMessage":null,"ValidateMessage":"false","ValidationMessageLibrary":null,"InactiveSurvey":"DefaultMessage","PartialDataCloseAfter":"LastActivity","ActiveResponseSet":null,"InactiveMessageLibrary":"","InactiveMessage":"","AvailableLanguages":{"EN":[]},"ProtectSelectionIds":true,"PageTransition":"fade","SurveyName":"Prisoner's Dilemma DEMO 1-27-2019"}},{"SurveyID":"SV_db4gzXQlH3BoUip","Element":"SCO","PrimaryAttribute":"Scoring","SecondaryAttribute":null,"TertiaryAttribute":null,"Payload":{"ScoringCategories":[],"ScoringCategoryGroups":[],"ScoringSummaryCategory":null,"ScoringSummaryAfterQuestions":0,"ScoringSummaryAfterSurvey":0,"DefaultScoringCategory":null,"AutoScoringCategory":null}},{"SurveyID":"SV_db4gzXQlH3BoUip","Element":"PROJ","PrimaryAttribute":"CORE","SecondaryAttribute":null,"TertiaryAttribute":"1.1.0","Payload":{"ProjectCategory":"CORE","SchemaVersion":"1.1.0"}},{"SurveyID":"SV_db4gzXQlH3BoUip","Element":"STAT","PrimaryAttribute":"Survey Statistics","SecondaryAttribute":null,"TertiaryAttribute":null,"Payload":{"MobileCompatible":true,"ID":"Survey Statistics"}},{"SurveyID":"SV_db4gzXQlH3BoUip","Element":"QC","PrimaryAttribute":"Survey Question Count","SecondaryAttribute":"5","TertiaryAttribute":null,"Payload":null},{"SurveyID":"SV_db4gzXQlH3BoUip","Element":"SQ","PrimaryAttribute":"QID1","SecondaryAttribute":"Both you and the other participant will have to choose between two actions: ACTION 1 or ACTION 2....","TertiaryAttribute":null,"Payload":{"QuestionText":"Both you and the other participant will have to choose between two actions: ACTION 1 or ACTION 2.<br \/>\nYour and other participant&#39;s payoff will depend on your and their decisions:\n<div>\n<ul>\n\t<li>You&nbsp;both get&nbsp;${e:\/\/Field\/CC} units if you&nbsp;both choose action 1.<\/li>\n\t<li>You&nbsp;both get&nbsp;${e:\/\/Field\/DD} units if you both choose action 2.<\/li>\n\t<li>If one of you chooses action 1, while the other chooses action 2, the person who chooses action 1&nbsp;will get&nbsp;${e:\/\/Field\/CD} units, while the person who chooses action 2&nbsp;will get&nbsp;${e:\/\/Field\/DC} units.<\/li>\n<\/ul>\nYou will not know the other participant&#39;s decision before you submit your own, and the other participant will not know your decision before they submit theirs.<br \/>\n<br \/>\nPlease make a decision:<br \/>\n&nbsp;<\/div>","DefaultChoices":false,"DataExportTag":"decision","QuestionID":"QID1","QuestionType":"MC","Selector":"SAHR","SubSelector":"TX","DataVisibility":{"Private":false,"Hidden":false},"Configuration":{"QuestionDescriptionOption":"UseText","LabelPosition":"BELOW"},"QuestionDescription":"Both you and the other participant will have to choose between two actions: ACTION 1 or ACTION 2....","Choices":{"8":{"Display":"ACTION 1"},"9":{"Display":"ACTION 2"}},"ChoiceOrder":["8","9"],"Validation":{"Settings":{"ForceResponse":"ON","ForceResponseType":"ON","Type":"None"}},"GradingData":[],"Language":[],"NextChoiceId":11,"NextAnswerId":1,"RecodeValues":{"8":"1","9":"2"}}},{"SurveyID":"SV_db4gzXQlH3BoUip","Element":"RS","PrimaryAttribute":"RS_cSGnjbsFmS1Zpgp","SecondaryAttribute":"Default Response Set","TertiaryAttribute":null,"Payload":null},{"SurveyID":"SV_db4gzXQlH3BoUip","Element":"SQ","PrimaryAttribute":"QID5","SecondaryAttribute":"Tip: open this survey in 2 tabs \/ on 2 devices.Prisoner's Dilemma (one-shot) 1. Participants are...","TertiaryAttribute":null,"Payload":{"QuestionText":"<span style=\"color:#008080;\">Tip: open this survey in 2 tabs \/ on 2 devices.<\/span><br>\n<br>\n<br>\n<u><strong>Prisoner's Dilemma (one-shot)<\/strong><\/u><br>\n<br>\n1. Participants are matched in pairs.\n<div>&nbsp;\n<div>2. Both participants make a decision simultaneously whether to cooperate or defect (note that in the actual experiment we use neutral labels).<\/div>\n\n<div>&nbsp;<\/div>\n\n<div>3. Participants' payoff is determined by their own and their partner's decision:<\/div>\n\n<ul>\n\t<li>They both get&nbsp;${e:\/\/Field\/CC} units if they both cooperate.<\/li>\n\t<li>They both get&nbsp;${e:\/\/Field\/DD} units if they both defect.<\/li>\n\t<li>If one of them cooperates, while the other defects, the cooperator will get&nbsp;${e:\/\/Field\/CD} units, while the defector will get&nbsp;${e:\/\/Field\/DC} units.<\/li>\n<\/ul>\n\n<div>4. The experiment concludes.<\/div>\n<\/div>","DefaultChoices":false,"DataExportTag":"instructions","QuestionType":"DB","Selector":"TB","Configuration":{"QuestionDescriptionOption":"UseText"},"QuestionDescription":"Tip: open this survey in 2 tabs \/ on 2 devices.Prisoner's Dilemma (one-shot) 1. Participants are...","ChoiceOrder":[],"Validation":{"Settings":{"Type":"None"}},"GradingData":[],"Language":[],"NextChoiceId":4,"NextAnswerId":1,"QuestionID":"QID5","DataVisibility":{"Private":false,"Hidden":false}}},{"SurveyID":"SV_db4gzXQlH3BoUip","Element":"SQ","PrimaryAttribute":"QID2","SecondaryAttribute":"You chose ACTION\u00a0${e:\/\/Field\/selfAction}. \u00a0 The other person chose ACTION ...","TertiaryAttribute":null,"Payload":{"QuestionText":"You chose ACTION&nbsp;${e:\/\/Field\/selfAction}.\n<div>&nbsp;<\/div>\n\n<div>The other person chose ACTION ${e:\/\/Field\/otherAction}.<br \/>\n<br \/>\nYour payoff is&nbsp;${e:\/\/Field\/payoff} units.<\/div>","DefaultChoices":false,"DataExportTag":"Q9","QuestionType":"DB","Selector":"TB","Configuration":{"QuestionDescriptionOption":"UseText"},"QuestionDescription":"You chose ACTION\u00a0${e:\/\/Field\/selfAction}. \u00a0 The other person chose ACTION ...","ChoiceOrder":[],"Validation":{"Settings":{"Type":"None"}},"GradingData":[],"Language":[],"NextChoiceId":4,"NextAnswerId":1,"QuestionID":"QID2","DataVisibility":{"Private":false,"Hidden":false}}}]}