{"SurveyEntry":{"SurveyID":"SV_6foomzrQmFFni17","SurveyName":"Repeated Public Goods Game TEMPLATE 2-1-2019","SurveyDescription":null,"SurveyOwnerID":"UR_9EUlTzKmzcqukcZ","SurveyBrandID":"cmu","DivisionID":null,"SurveyLanguage":"EN","SurveyActiveResponseSet":"RS_eydOtQKjdM1L4up","SurveyStatus":"Active","SurveyStartDate":"0000-00-00 00:00:00","SurveyExpirationDate":"0000-00-00 00:00:00","SurveyCreationDate":"2019-01-28 12:24:05","CreatorID":"UR_9EUlTzKmzcqukcZ","LastModified":"2019-01-28 12:33:00","LastAccessed":"0000-00-00 00:00:00","LastActivated":"2019-01-28 12:33:00","Deleted":null},"SurveyElements":[{"SurveyID":"SV_6foomzrQmFFni17","Element":"BL","PrimaryAttribute":"Survey Blocks","SecondaryAttribute":null,"TertiaryAttribute":null,"Payload":{"0":{"Type":"Default","Description":"Instructions","ID":"BL_cGf14M3pXvxPRJz","BlockElements":[{"Type":"Question","QuestionID":"QID8"}]},"1":{"Type":"Trash","Description":"Trash \/ Unused Questions","ID":"BL_3RhGWWHeqrkI0bb","BlockElements":[]},"2":{"Type":"Standard","SubType":"","Description":"Feedback","ID":"BL_3RkmNIfZv1KYg1n","BlockElements":[{"Type":"Question","QuestionID":"QID18"},{"Type":"Question","QuestionID":"QID24"},{"Type":"Question","QuestionID":"QID23"},{"Type":"Question","QuestionID":"QID19"},{"Type":"Question","QuestionID":"QID20"},{"Type":"Question","QuestionID":"QID21"},{"Type":"Question","QuestionID":"QID22"},{"Type":"Question","QuestionID":"QID25"},{"Type":"Question","QuestionID":"QID26"},{"Type":"Question","QuestionID":"QID27"},{"Type":"Question","QuestionID":"QID28"},{"Type":"Question","QuestionID":"QID15"}]},"3":{"Type":"Standard","SubType":"Reference","Description":null,"ID":"BL_3dviCXEBlB0cpr7","LibraryID":"UR_9EUlTzKmzcqukcZ","ReferencedBlockID":"LB_9n5k2F4vJVq94b3","Options":{"BlockLocking":false,"RandomizeQuestions":"false","BlockVisibility":"Expanded","EmbeddedData":[]}},"5":{"Type":"Standard","SubType":"Reference","Description":null,"ID":"BL_3UcKkhKQrrg5JAh","LibraryID":"UR_9EUlTzKmzcqukcZ","ReferencedBlockID":"LB_8ArHs5HRd8EZSHr"},"8":{"Type":"Standard","SubType":"Reference","Description":null,"ID":"BL_29uv0DU62REC8mh","LibraryID":"UR_9EUlTzKmzcqukcZ","ReferencedBlockID":"LB_1Mwc7rxFIwwlYZD","Options":{"BlockLocking":"false","RandomizeQuestions":"false","EmbeddedData":[]}},"10":{"Type":"Standard","SubType":"Reference","Description":null,"ID":"BL_cZVKgJKq6BCMFSZ","LibraryID":"UR_9EUlTzKmzcqukcZ","ReferencedBlockID":"LB_b3gUraeO8OcVRtz"},"11":{"Type":"Standard","SubType":"","Description":"Intro","ID":"BL_56ysrnreTGNy2Sp","BlockElements":[{"Type":"Question","QuestionID":"QID5"}],"Options":{"BlockLocking":"false","RandomizeQuestions":"false","PreviousButton":"","previousButtonMID":"","NextButton":"Start Experiment","nextButtonMID":"","previousButtonLibraryID":"","nextButtonLibraryID":""}},"12":{"Type":"Standard","SubType":"","Description":"Contribution 1","ID":"BL_diG2KAvemi4no2x","BlockElements":[{"Type":"Question","QuestionID":"QID1"}]},"13":{"Type":"Standard","SubType":"","Description":"Contribution 2","ID":"BL_6nwbEHEzkKLQcv3","BlockElements":[{"Type":"Question","QuestionID":"QID9"}]},"14":{"Type":"Standard","SubType":"","Description":"Contribution 3","ID":"BL_7VXEp9BuLGXtxB3","BlockElements":[{"Type":"Question","QuestionID":"QID10"}]},"15":{"Type":"Standard","SubType":"","Description":"Contribution 4","ID":"BL_6Ez5aQJUW4idVFX","BlockElements":[{"Type":"Question","QuestionID":"QID11"}]},"16":{"Type":"Standard","SubType":"","Description":"Contribution 5","ID":"BL_8qergCxsEjLuKuF","BlockElements":[{"Type":"Question","QuestionID":"QID12"}]},"17":{"Type":"Standard","SubType":"","Description":"Contribution 6","ID":"BL_8um7uBgfwcWGiSp","BlockElements":[{"Type":"Question","QuestionID":"QID13"}]},"18":{"Type":"Standard","SubType":"","Description":"Final payoff","ID":"BL_0OGJ4eAsv3fzwFv","BlockElements":[{"Type":"Question","QuestionID":"QID17"}]},"19":{"Type":"Standard","SubType":"","Description":"Contribution 7","ID":"BL_1S2eDOo8Irs8vpr","BlockElements":[{"Type":"Question","QuestionID":"QID29"}]},"20":{"Type":"Standard","SubType":"","Description":"Contribution 8","ID":"BL_0wujul8t7s5ECCF","BlockElements":[{"Type":"Question","QuestionID":"QID31"}]},"21":{"Type":"Standard","SubType":"","Description":"Contribution 9","ID":"BL_4GiGUKHyBeFAYAJ","BlockElements":[{"Type":"Question","QuestionID":"QID32"}]},"22":{"Type":"Standard","SubType":"","Description":"Contribution 10","ID":"BL_9MIPn6NkcrBaKLb","BlockElements":[{"Type":"Question","QuestionID":"QID33"}]}}},{"SurveyID":"SV_6foomzrQmFFni17","Element":"FL","PrimaryAttribute":"Survey Flow","SecondaryAttribute":null,"TertiaryAttribute":null,"Payload":{"Type":"Root","FlowID":"FL_1","Flow":[{"Type":"EmbeddedData","FlowID":"FL_9","EmbeddedData":[{"Description":"researcherID","Type":"Recipient","Field":"researcherID","VariableType":"String","DataVisibility":[],"AnalyzeText":false},{"Description":"studyID","Type":"Recipient","Field":"studyID","VariableType":"String","DataVisibility":[],"AnalyzeText":false},{"Description":"groupID","Type":"Recipient","Field":"groupID","VariableType":"String","DataVisibility":[],"AnalyzeText":false},{"Description":"participantID","Type":"Custom","Field":"participantID","VariableType":"String","DataVisibility":[],"AnalyzeText":false,"Value":"${e:\/\/Field\/ResponseID}"},{"Description":"groupSize","Type":"Custom","Field":"groupSize","VariableType":"String","DataVisibility":[],"AnalyzeText":false,"Value":"4"},{"Description":"numStages","Type":"Custom","Field":"numStages","VariableType":"String","DataVisibility":[],"AnalyzeText":false,"Value":"6"},{"Description":"roles","Type":"Custom","Field":"roles","VariableType":"String","DataVisibility":[],"AnalyzeText":false,"Value":"A,B,C,D"},{"Description":"participantRole","Type":"Custom","Field":"participantRole","VariableType":"String","DataVisibility":[],"AnalyzeText":false,"Value":"random"},{"Description":"timeOutLog","Type":"Recipient","Field":"timeOutLog","VariableType":"String","DataVisibility":[],"AnalyzeText":false}]},{"Type":"EmbeddedData","FlowID":"FL_233","EmbeddedData":[{"Description":"botMatch","Type":"Custom","Field":"botMatch","VariableType":"String","DataVisibility":[],"AnalyzeText":false,"Value":"yes"}]},{"Type":"EmbeddedData","FlowID":"FL_22","EmbeddedData":[{"Description":"endowment","Type":"Custom","Field":"endowment","VariableType":"String","DataVisibility":[],"AnalyzeText":false,"Value":"100"},{"Description":"multiplier","Type":"Custom","Field":"multiplier","VariableType":"String","DataVisibility":[],"AnalyzeText":false,"Value":"2"},{"Description":"totalPayoff","Type":"Custom","Field":"totalPayoff","VariableType":"String","DataVisibility":[],"AnalyzeText":false,"Value":"0"}]},{"Type":"Block","ID":"BL_56ysrnreTGNy2Sp","FlowID":"FL_24"},{"Type":"Block","ID":"BL_3dviCXEBlB0cpr7","FlowID":"FL_10"},{"Type":"Block","ID":"BL_cGf14M3pXvxPRJz","FlowID":"FL_49"},{"Type":"Branch","FlowID":"FL_46","Description":"New Branch","BranchLogic":{"0":{"0":{"LogicType":"EmbeddedField","LeftOperand":"numStages","Operator":"GreaterThanOrEqual","RightOperand":"1","_HiddenExpression":false,"Type":"Expression","Description":"<span class=\"ConjDesc\">If<\/span>  <span class=\"LeftOpDesc\">numStages<\/span> <span class=\"OpDesc\">Is Greater Than or Equal to<\/span> <span class=\"RightOpDesc\"> 1 <\/span>"},"Type":"If"},"Type":"BooleanExpression"},"Flow":[{"Type":"Standard","ID":"BL_diG2KAvemi4no2x","FlowID":"FL_47"},{"Type":"EmbeddedData","FlowID":"FL_27","EmbeddedData":[{"Description":"ownContribution1","Type":"Custom","Field":"ownContribution1","VariableType":"String","DataVisibility":[],"AnalyzeText":false,"Value":"${q:\/\/QID1\/ChoiceTextEntryValue}"}]},{"Type":"EmbeddedData","FlowID":"FL_28","EmbeddedData":[{"Description":"sendStage","Type":"Custom","Field":"sendStage","VariableType":"String","DataVisibility":[],"AnalyzeText":false,"Value":"1"},{"Description":"sendData","Type":"Custom","Field":"sendData","VariableType":"String","DataVisibility":[],"AnalyzeText":false,"Value":"ownContribution1"}]},{"Type":"Block","ID":"BL_3UcKkhKQrrg5JAh","FlowID":"FL_29"},{"Type":"EmbeddedData","FlowID":"FL_114","EmbeddedData":[{"Description":"a1","Type":"Recipient","Field":"a1","VariableType":"String","DataVisibility":[],"AnalyzeText":false},{"Description":"b1","Type":"Recipient","Field":"b1","VariableType":"String","DataVisibility":[],"AnalyzeText":false},{"Description":"c1","Type":"Recipient","Field":"c1","VariableType":"String","DataVisibility":[],"AnalyzeText":false},{"Description":"d1","Type":"Recipient","Field":"d1","VariableType":"String","DataVisibility":[],"AnalyzeText":false},{"Description":"sum1","Type":"Recipient","Field":"sum1","VariableType":"String","DataVisibility":[],"AnalyzeText":false}]},{"Type":"EmbeddedData","FlowID":"FL_30","EmbeddedData":[{"Description":"getStage","Type":"Custom","Field":"getStage","VariableType":"String","DataVisibility":[],"AnalyzeText":false,"Value":"1"},{"Description":"getData","Type":"Custom","Field":"getData","VariableType":"String","DataVisibility":[],"AnalyzeText":false,"Value":"A,B,C,D"},{"Description":"defaultData","Type":"Custom","Field":"defaultData","VariableType":"String","DataVisibility":[],"AnalyzeText":false,"Value":"$e{e:\/\/Field\/endowment \/ 2},$e{e:\/\/Field\/endowment \/ 2},$e{e:\/\/Field\/endowment \/ 2},$e{e:\/\/Field\/endowment \/ 2}"},{"Description":"saveData","Type":"Custom","Field":"saveData","VariableType":"String","DataVisibility":[],"AnalyzeText":false,"Value":"a1,b1,c1,d1"},{"Description":"operation","Type":"Custom","Field":"operation","VariableType":"String","DataVisibility":[],"AnalyzeText":false,"Value":"sum"},{"Description":"saveOperation","Type":"Custom","Field":"saveOperation","VariableType":"String","DataVisibility":[],"AnalyzeText":false,"Value":"sum1"}]},{"Type":"Block","ID":"BL_29uv0DU62REC8mh","FlowID":"FL_35"},{"Type":"EmbeddedData","FlowID":"FL_115","EmbeddedData":[{"Description":"share1","Type":"Custom","Field":"share1","VariableType":"String","DataVisibility":[],"AnalyzeText":false,"Value":"$e{e:\/\/Field\/sum1 * e:\/\/Field\/multiplier \/ 4}"}]},{"Type":"EmbeddedData","FlowID":"FL_45","EmbeddedData":[{"Description":"payoff1","Type":"Custom","Field":"payoff1","VariableType":"String","DataVisibility":[],"AnalyzeText":false,"Value":"$e{e:\/\/Field\/endowment - e:\/\/Field\/ownContribution1 + e:\/\/Field\/share1}"}]},{"Type":"EmbeddedData","FlowID":"FL_50","EmbeddedData":[{"Description":"totalPayoff","Type":"Custom","Field":"totalPayoff","VariableType":"String","DataVisibility":[],"AnalyzeText":false,"Value":"$e{e:\/\/Field\/totalPayoff + e:\/\/Field\/payoff1}"}]},{"Type":"Block","ID":"BL_3RkmNIfZv1KYg1n","FlowID":"FL_44"}]},{"Type":"Branch","FlowID":"FL_116","Description":"New Branch","BranchLogic":{"0":{"0":{"LogicType":"EmbeddedField","LeftOperand":"numStages","Operator":"GreaterThanOrEqual","RightOperand":"2","_HiddenExpression":false,"Type":"Expression","Description":"<span class=\"ConjDesc\">If<\/span>  <span class=\"LeftOpDesc\">numStages<\/span> <span class=\"OpDesc\">Is Greater Than or Equal to<\/span> <span class=\"RightOpDesc\"> 2 <\/span>"},"Type":"If"},"Type":"BooleanExpression"},"Flow":[{"Type":"Block","ID":"BL_6nwbEHEzkKLQcv3","FlowID":"FL_128"},{"Type":"EmbeddedData","FlowID":"FL_118","EmbeddedData":[{"Description":"ownContribution2","Type":"Custom","Field":"ownContribution2","VariableType":"String","DataVisibility":[],"AnalyzeText":false,"Value":"${q:\/\/QID9\/ChoiceTextEntryValue}"}]},{"Type":"EmbeddedData","FlowID":"FL_119","EmbeddedData":[{"Description":"sendStage","Type":"Custom","Field":"sendStage","VariableType":"String","DataVisibility":[],"AnalyzeText":false,"Value":"2"},{"Description":"sendData","Type":"Custom","Field":"sendData","VariableType":"String","DataVisibility":[],"AnalyzeText":false,"Value":"ownContribution2"}]},{"Type":"Block","ID":"BL_3UcKkhKQrrg5JAh","FlowID":"FL_120"},{"Type":"EmbeddedData","FlowID":"FL_121","EmbeddedData":[{"Description":"a2","Type":"Recipient","Field":"a2","VariableType":"String","DataVisibility":[],"AnalyzeText":false},{"Description":"b2","Type":"Recipient","Field":"b2","VariableType":"String","DataVisibility":[],"AnalyzeText":false},{"Description":"c2","Type":"Recipient","Field":"c2","VariableType":"String","DataVisibility":[],"AnalyzeText":false},{"Description":"d2","Type":"Recipient","Field":"d2","VariableType":"String","DataVisibility":[],"AnalyzeText":false},{"Description":"sum2","Type":"Recipient","Field":"sum2","VariableType":"String","DataVisibility":[],"AnalyzeText":false}]},{"Type":"EmbeddedData","FlowID":"FL_122","EmbeddedData":[{"Description":"getStage","Type":"Custom","Field":"getStage","VariableType":"String","DataVisibility":[],"AnalyzeText":false,"Value":"2"},{"Description":"getData","Type":"Custom","Field":"getData","VariableType":"String","DataVisibility":[],"AnalyzeText":false,"Value":"A,B,C,D"},{"Description":"defaultData","Type":"Custom","Field":"defaultData","VariableType":"String","DataVisibility":[],"AnalyzeText":false,"Value":"$e{e:\/\/Field\/endowment \/ 2},$e{e:\/\/Field\/endowment \/ 2},$e{e:\/\/Field\/endowment \/ 2},$e{e:\/\/Field\/endowment \/ 2}"},{"Description":"saveData","Type":"Custom","Field":"saveData","VariableType":"String","DataVisibility":[],"AnalyzeText":false,"Value":"a2,b2,c2,d2"},{"Description":"operation","Type":"Custom","Field":"operation","VariableType":"String","DataVisibility":[],"AnalyzeText":false,"Value":"sum"},{"Description":"saveOperation","Type":"Custom","Field":"saveOperation","VariableType":"String","DataVisibility":[],"AnalyzeText":false,"Value":"sum2"}]},{"Type":"Block","ID":"BL_29uv0DU62REC8mh","FlowID":"FL_123"},{"Type":"EmbeddedData","FlowID":"FL_124","EmbeddedData":[{"Description":"share2","Type":"Custom","Field":"share2","VariableType":"String","DataVisibility":[],"AnalyzeText":false,"Value":"$e{e:\/\/Field\/sum2 * e:\/\/Field\/multiplier \/ 4}"}]},{"Type":"EmbeddedData","FlowID":"FL_125","EmbeddedData":[{"Description":"payoff2","Type":"Custom","Field":"payoff2","VariableType":"String","DataVisibility":[],"AnalyzeText":false,"Value":"$e{e:\/\/Field\/endowment - e:\/\/Field\/ownContribution2 + e:\/\/Field\/share2}"}]},{"Type":"EmbeddedData","FlowID":"FL_126","EmbeddedData":[{"Description":"totalPayoff","Type":"Custom","Field":"totalPayoff","VariableType":"String","DataVisibility":[],"AnalyzeText":false,"Value":"$e{e:\/\/Field\/totalPayoff + e:\/\/Field\/payoff2}"}]},{"Type":"Block","ID":"BL_3RkmNIfZv1KYg1n","FlowID":"FL_127"}]},{"Type":"Branch","FlowID":"FL_129","Description":"New Branch","BranchLogic":{"0":{"0":{"LogicType":"EmbeddedField","LeftOperand":"numStages","Operator":"GreaterThanOrEqual","RightOperand":"3","_HiddenExpression":false,"Type":"Expression","Description":"<span class=\"ConjDesc\">If<\/span>  <span class=\"LeftOpDesc\">numStages<\/span> <span class=\"OpDesc\">Is Greater Than or Equal to<\/span> <span class=\"RightOpDesc\"> 3 <\/span>"},"Type":"If"},"Type":"BooleanExpression"},"Flow":[{"Type":"Block","ID":"BL_7VXEp9BuLGXtxB3","FlowID":"FL_141"},{"Type":"EmbeddedData","FlowID":"FL_131","EmbeddedData":[{"Description":"ownContribution3","Type":"Custom","Field":"ownContribution3","VariableType":"String","DataVisibility":[],"AnalyzeText":false,"Value":"${q:\/\/QID10\/ChoiceTextEntryValue}"}]},{"Type":"EmbeddedData","FlowID":"FL_132","EmbeddedData":[{"Description":"sendStage","Type":"Custom","Field":"sendStage","VariableType":"String","DataVisibility":[],"AnalyzeText":false,"Value":"3"},{"Description":"sendData","Type":"Custom","Field":"sendData","VariableType":"String","DataVisibility":[],"AnalyzeText":false,"Value":"ownContribution3"}]},{"Type":"Block","ID":"BL_3UcKkhKQrrg5JAh","FlowID":"FL_133"},{"Type":"EmbeddedData","FlowID":"FL_134","EmbeddedData":[{"Description":"a3","Type":"Recipient","Field":"a3","VariableType":"String","DataVisibility":[],"AnalyzeText":false},{"Description":"b3","Type":"Recipient","Field":"b3","VariableType":"String","DataVisibility":[],"AnalyzeText":false},{"Description":"c3","Type":"Recipient","Field":"c3","VariableType":"String","DataVisibility":[],"AnalyzeText":false},{"Description":"d3","Type":"Recipient","Field":"d3","VariableType":"String","DataVisibility":[],"AnalyzeText":false},{"Description":"sum3","Type":"Recipient","Field":"sum3","VariableType":"String","DataVisibility":[],"AnalyzeText":false}]},{"Type":"EmbeddedData","FlowID":"FL_135","EmbeddedData":[{"Description":"getStage","Type":"Custom","Field":"getStage","VariableType":"String","DataVisibility":[],"AnalyzeText":false,"Value":"3"},{"Description":"getData","Type":"Custom","Field":"getData","VariableType":"String","DataVisibility":[],"AnalyzeText":false,"Value":"A,B,C,D"},{"Description":"defaultData","Type":"Custom","Field":"defaultData","VariableType":"String","DataVisibility":[],"AnalyzeText":false,"Value":"$e{e:\/\/Field\/endowment \/ 2},$e{e:\/\/Field\/endowment \/ 2},$e{e:\/\/Field\/endowment \/ 2},$e{e:\/\/Field\/endowment \/ 2}"},{"Description":"saveData","Type":"Custom","Field":"saveData","VariableType":"String","DataVisibility":[],"AnalyzeText":false,"Value":"a3,b3,c3,d3"},{"Description":"operation","Type":"Custom","Field":"operation","VariableType":"String","DataVisibility":[],"AnalyzeText":false,"Value":"sum"},{"Description":"saveOperation","Type":"Custom","Field":"saveOperation","VariableType":"String","DataVisibility":[],"AnalyzeText":false,"Value":"sum3"}]},{"Type":"Block","ID":"BL_29uv0DU62REC8mh","FlowID":"FL_136"},{"Type":"EmbeddedData","FlowID":"FL_137","EmbeddedData":[{"Description":"share3","Type":"Custom","Field":"share3","VariableType":"String","DataVisibility":[],"AnalyzeText":false,"Value":"$e{e:\/\/Field\/sum3 * e:\/\/Field\/multiplier \/ 4}"}]},{"Type":"EmbeddedData","FlowID":"FL_138","EmbeddedData":[{"Description":"payoff3","Type":"Custom","Field":"payoff3","VariableType":"String","DataVisibility":[],"AnalyzeText":false,"Value":"$e{e:\/\/Field\/endowment - e:\/\/Field\/ownContribution3 + e:\/\/Field\/share3}"}]},{"Type":"EmbeddedData","FlowID":"FL_139","EmbeddedData":[{"Description":"totalPayoff","Type":"Custom","Field":"totalPayoff","VariableType":"String","DataVisibility":[],"AnalyzeText":false,"Value":"$e{e:\/\/Field\/totalPayoff + e:\/\/Field\/payoff3}"}]},{"Type":"Block","ID":"BL_3RkmNIfZv1KYg1n","FlowID":"FL_140"}]},{"Type":"Branch","FlowID":"FL_142","Description":"New Branch","BranchLogic":{"0":{"0":{"LogicType":"EmbeddedField","LeftOperand":"numStages","Operator":"GreaterThanOrEqual","RightOperand":"4","_HiddenExpression":false,"Type":"Expression","Description":"<span class=\"ConjDesc\">If<\/span>  <span class=\"LeftOpDesc\">numStages<\/span> <span class=\"OpDesc\">Is Greater Than or Equal to<\/span> <span class=\"RightOpDesc\"> 4 <\/span>"},"Type":"If"},"Type":"BooleanExpression"},"Flow":[{"Type":"Block","ID":"BL_6Ez5aQJUW4idVFX","FlowID":"FL_154"},{"Type":"EmbeddedData","FlowID":"FL_144","EmbeddedData":[{"Description":"ownContribution4","Type":"Custom","Field":"ownContribution4","VariableType":"String","DataVisibility":[],"AnalyzeText":false,"Value":"${q:\/\/QID11\/ChoiceTextEntryValue}"}]},{"Type":"EmbeddedData","FlowID":"FL_145","EmbeddedData":[{"Description":"sendStage","Type":"Custom","Field":"sendStage","VariableType":"String","DataVisibility":[],"AnalyzeText":false,"Value":"4"},{"Description":"sendData","Type":"Custom","Field":"sendData","VariableType":"String","DataVisibility":[],"AnalyzeText":false,"Value":"ownContribution4"}]},{"Type":"Block","ID":"BL_3UcKkhKQrrg5JAh","FlowID":"FL_146"},{"Type":"EmbeddedData","FlowID":"FL_147","EmbeddedData":[{"Description":"a4","Type":"Recipient","Field":"a4","VariableType":"String","DataVisibility":[],"AnalyzeText":false},{"Description":"b4","Type":"Recipient","Field":"b4","VariableType":"String","DataVisibility":[],"AnalyzeText":false},{"Description":"c4","Type":"Recipient","Field":"c4","VariableType":"String","DataVisibility":[],"AnalyzeText":false},{"Description":"d4","Type":"Recipient","Field":"d4","VariableType":"String","DataVisibility":[],"AnalyzeText":false},{"Description":"sum4","Type":"Recipient","Field":"sum4","VariableType":"String","DataVisibility":[],"AnalyzeText":false}]},{"Type":"EmbeddedData","FlowID":"FL_148","EmbeddedData":[{"Description":"getStage","Type":"Custom","Field":"getStage","VariableType":"String","DataVisibility":[],"AnalyzeText":false,"Value":"4"},{"Description":"getData","Type":"Custom","Field":"getData","VariableType":"String","DataVisibility":[],"AnalyzeText":false,"Value":"A,B,C,D"},{"Description":"defaultData","Type":"Custom","Field":"defaultData","VariableType":"String","DataVisibility":[],"AnalyzeText":false,"Value":"$e{e:\/\/Field\/endowment \/ 2},$e{e:\/\/Field\/endowment \/ 2},$e{e:\/\/Field\/endowment \/ 2},$e{e:\/\/Field\/endowment \/ 2}"},{"Description":"saveData","Type":"Custom","Field":"saveData","VariableType":"String","DataVisibility":[],"AnalyzeText":false,"Value":"a4,b4,c4,d4"},{"Description":"operation","Type":"Custom","Field":"operation","VariableType":"String","DataVisibility":[],"AnalyzeText":false,"Value":"sum"},{"Description":"saveOperation","Type":"Custom","Field":"saveOperation","VariableType":"String","DataVisibility":[],"AnalyzeText":false,"Value":"sum4"}]},{"Type":"Block","ID":"BL_29uv0DU62REC8mh","FlowID":"FL_149"},{"Type":"EmbeddedData","FlowID":"FL_150","EmbeddedData":[{"Description":"share4","Type":"Custom","Field":"share4","VariableType":"String","DataVisibility":[],"AnalyzeText":false,"Value":"$e{e:\/\/Field\/sum4 * e:\/\/Field\/multiplier \/ 4}"}]},{"Type":"EmbeddedData","FlowID":"FL_151","EmbeddedData":[{"Description":"payoff4","Type":"Custom","Field":"payoff4","VariableType":"String","DataVisibility":[],"AnalyzeText":false,"Value":"$e{e:\/\/Field\/endowment - e:\/\/Field\/ownContribution4 + e:\/\/Field\/share4}"}]},{"Type":"EmbeddedData","FlowID":"FL_152","EmbeddedData":[{"Description":"totalPayoff","Type":"Custom","Field":"totalPayoff","VariableType":"String","DataVisibility":[],"AnalyzeText":false,"Value":"$e{e:\/\/Field\/totalPayoff + e:\/\/Field\/payoff4}"}]},{"Type":"Block","ID":"BL_3RkmNIfZv1KYg1n","FlowID":"FL_153"}]},{"Type":"Branch","FlowID":"FL_155","Description":"New Branch","BranchLogic":{"0":{"0":{"LogicType":"EmbeddedField","LeftOperand":"numStages","Operator":"GreaterThanOrEqual","RightOperand":"5","_HiddenExpression":false,"Type":"Expression","Description":"<span class=\"ConjDesc\">If<\/span>  <span class=\"LeftOpDesc\">numStages<\/span> <span class=\"OpDesc\">Is Greater Than or Equal to<\/span> <span class=\"RightOpDesc\"> 5 <\/span>"},"Type":"If"},"Type":"BooleanExpression"},"Flow":[{"Type":"Block","ID":"BL_8qergCxsEjLuKuF","FlowID":"FL_167"},{"Type":"EmbeddedData","FlowID":"FL_157","EmbeddedData":[{"Description":"ownContribution5","Type":"Custom","Field":"ownContribution5","VariableType":"String","DataVisibility":[],"AnalyzeText":false,"Value":"${q:\/\/QID12\/ChoiceTextEntryValue}"}]},{"Type":"EmbeddedData","FlowID":"FL_158","EmbeddedData":[{"Description":"sendStage","Type":"Custom","Field":"sendStage","VariableType":"String","DataVisibility":[],"AnalyzeText":false,"Value":"5"},{"Description":"sendData","Type":"Custom","Field":"sendData","VariableType":"String","DataVisibility":[],"AnalyzeText":false,"Value":"ownContribution5"}]},{"Type":"Block","ID":"BL_3UcKkhKQrrg5JAh","FlowID":"FL_159"},{"Type":"EmbeddedData","FlowID":"FL_160","EmbeddedData":[{"Description":"a5","Type":"Recipient","Field":"a5","VariableType":"String","DataVisibility":[],"AnalyzeText":false},{"Description":"b5","Type":"Recipient","Field":"b5","VariableType":"String","DataVisibility":[],"AnalyzeText":false},{"Description":"c5","Type":"Recipient","Field":"c5","VariableType":"String","DataVisibility":[],"AnalyzeText":false},{"Description":"d5","Type":"Recipient","Field":"d5","VariableType":"String","DataVisibility":[],"AnalyzeText":false},{"Description":"sum5","Type":"Recipient","Field":"sum5","VariableType":"String","DataVisibility":[],"AnalyzeText":false}]},{"Type":"EmbeddedData","FlowID":"FL_161","EmbeddedData":[{"Description":"getStage","Type":"Custom","Field":"getStage","VariableType":"String","DataVisibility":[],"AnalyzeText":false,"Value":"5"},{"Description":"getData","Type":"Custom","Field":"getData","VariableType":"String","DataVisibility":[],"AnalyzeText":false,"Value":"A,B,C,D"},{"Description":"defaultData","Type":"Custom","Field":"defaultData","VariableType":"String","DataVisibility":[],"AnalyzeText":false,"Value":"$e{e:\/\/Field\/endowment \/ 2},$e{e:\/\/Field\/endowment \/ 2},$e{e:\/\/Field\/endowment \/ 2},$e{e:\/\/Field\/endowment \/ 2}"},{"Description":"saveData","Type":"Custom","Field":"saveData","VariableType":"String","DataVisibility":[],"AnalyzeText":false,"Value":"a5,b5,c5,d5"},{"Description":"operation","Type":"Custom","Field":"operation","VariableType":"String","DataVisibility":[],"AnalyzeText":false,"Value":"sum"},{"Description":"saveOperation","Type":"Custom","Field":"saveOperation","VariableType":"String","DataVisibility":[],"AnalyzeText":false,"Value":"sum5"}]},{"Type":"Block","ID":"BL_29uv0DU62REC8mh","FlowID":"FL_162"},{"Type":"EmbeddedData","FlowID":"FL_163","EmbeddedData":[{"Description":"share5","Type":"Custom","Field":"share5","VariableType":"String","DataVisibility":[],"AnalyzeText":false,"Value":"$e{e:\/\/Field\/sum5 * e:\/\/Field\/multiplier \/ 4}"}]},{"Type":"EmbeddedData","FlowID":"FL_164","EmbeddedData":[{"Description":"payoff5","Type":"Custom","Field":"payoff5","VariableType":"String","DataVisibility":[],"AnalyzeText":false,"Value":"$e{e:\/\/Field\/endowment - e:\/\/Field\/ownContribution5 + e:\/\/Field\/share5}"}]},{"Type":"EmbeddedData","FlowID":"FL_165","EmbeddedData":[{"Description":"totalPayoff","Type":"Custom","Field":"totalPayoff","VariableType":"String","DataVisibility":[],"AnalyzeText":false,"Value":"$e{e:\/\/Field\/totalPayoff + e:\/\/Field\/payoff5}"}]},{"Type":"Block","ID":"BL_3RkmNIfZv1KYg1n","FlowID":"FL_166"}]},{"Type":"Branch","FlowID":"FL_168","Description":"New Branch","BranchLogic":{"0":{"0":{"LogicType":"EmbeddedField","LeftOperand":"numStages","Operator":"GreaterThanOrEqual","RightOperand":"6","_HiddenExpression":false,"Type":"Expression","Description":"<span class=\"ConjDesc\">If<\/span>  <span class=\"LeftOpDesc\">numStages<\/span> <span class=\"OpDesc\">Is Greater Than or Equal to<\/span> <span class=\"RightOpDesc\"> 6 <\/span>"},"Type":"If"},"Type":"BooleanExpression"},"Flow":[{"Type":"Block","ID":"BL_8um7uBgfwcWGiSp","FlowID":"FL_180"},{"Type":"EmbeddedData","FlowID":"FL_170","EmbeddedData":[{"Description":"ownContribution6","Type":"Custom","Field":"ownContribution6","VariableType":"String","DataVisibility":[],"AnalyzeText":false,"Value":"${q:\/\/QID13\/ChoiceTextEntryValue}"}]},{"Type":"EmbeddedData","FlowID":"FL_171","EmbeddedData":[{"Description":"sendStage","Type":"Custom","Field":"sendStage","VariableType":"String","DataVisibility":[],"AnalyzeText":false,"Value":"6"},{"Description":"sendData","Type":"Custom","Field":"sendData","VariableType":"String","DataVisibility":[],"AnalyzeText":false,"Value":"ownContribution6"}]},{"Type":"Block","ID":"BL_3UcKkhKQrrg5JAh","FlowID":"FL_172"},{"Type":"EmbeddedData","FlowID":"FL_173","EmbeddedData":[{"Description":"a6","Type":"Recipient","Field":"a6","VariableType":"String","DataVisibility":[],"AnalyzeText":false},{"Description":"b6","Type":"Recipient","Field":"b6","VariableType":"String","DataVisibility":[],"AnalyzeText":false},{"Description":"c6","Type":"Recipient","Field":"c6","VariableType":"String","DataVisibility":[],"AnalyzeText":false},{"Description":"d6","Type":"Recipient","Field":"d6","VariableType":"String","DataVisibility":[],"AnalyzeText":false},{"Description":"sum6","Type":"Recipient","Field":"sum6","VariableType":"String","DataVisibility":[],"AnalyzeText":false}]},{"Type":"EmbeddedData","FlowID":"FL_174","EmbeddedData":[{"Description":"getStage","Type":"Custom","Field":"getStage","VariableType":"String","DataVisibility":[],"AnalyzeText":false,"Value":"6"},{"Description":"getData","Type":"Custom","Field":"getData","VariableType":"String","DataVisibility":[],"AnalyzeText":false,"Value":"A,B,C,D"},{"Description":"defaultData","Type":"Custom","Field":"defaultData","VariableType":"String","DataVisibility":[],"AnalyzeText":false,"Value":"$e{e:\/\/Field\/endowment \/ 2},$e{e:\/\/Field\/endowment \/ 2},$e{e:\/\/Field\/endowment \/ 2},$e{e:\/\/Field\/endowment \/ 2}"},{"Description":"saveData","Type":"Custom","Field":"saveData","VariableType":"String","DataVisibility":[],"AnalyzeText":false,"Value":"a6,b6,c6,d6"},{"Description":"operation","Type":"Custom","Field":"operation","VariableType":"String","DataVisibility":[],"AnalyzeText":false,"Value":"sum"},{"Description":"saveOperation","Type":"Custom","Field":"saveOperation","VariableType":"String","DataVisibility":[],"AnalyzeText":false,"Value":"sum6"}]},{"Type":"Block","ID":"BL_29uv0DU62REC8mh","FlowID":"FL_175"},{"Type":"EmbeddedData","FlowID":"FL_176","EmbeddedData":[{"Description":"share6","Type":"Custom","Field":"share6","VariableType":"String","DataVisibility":[],"AnalyzeText":false,"Value":"$e{e:\/\/Field\/sum6 * e:\/\/Field\/multiplier \/ 4}"}]},{"Type":"EmbeddedData","FlowID":"FL_177","EmbeddedData":[{"Description":"payoff6","Type":"Custom","Field":"payoff6","VariableType":"String","DataVisibility":[],"AnalyzeText":false,"Value":"$e{e:\/\/Field\/endowment - e:\/\/Field\/ownContribution6 + e:\/\/Field\/share6}"}]},{"Type":"EmbeddedData","FlowID":"FL_178","EmbeddedData":[{"Description":"totalPayoff","Type":"Custom","Field":"totalPayoff","VariableType":"String","DataVisibility":[],"AnalyzeText":false,"Value":"$e{e:\/\/Field\/totalPayoff + e:\/\/Field\/payoff6}"}]},{"Type":"Block","ID":"BL_3RkmNIfZv1KYg1n","FlowID":"FL_179"}]},{"Type":"Branch","FlowID":"FL_181","Description":"New Branch","BranchLogic":{"0":{"0":{"LogicType":"EmbeddedField","LeftOperand":"numStages","Operator":"GreaterThanOrEqual","RightOperand":"7","_HiddenExpression":false,"Type":"Expression","Description":"<span class=\"ConjDesc\">If<\/span>  <span class=\"LeftOpDesc\">numStages<\/span> <span class=\"OpDesc\">Is Greater Than or Equal to<\/span> <span class=\"RightOpDesc\"> 7 <\/span>"},"Type":"If"},"Type":"BooleanExpression"},"Flow":[{"Type":"Block","ID":"BL_1S2eDOo8Irs8vpr","FlowID":"FL_193"},{"Type":"EmbeddedData","FlowID":"FL_183","EmbeddedData":[{"Description":"ownContribution7","Type":"Custom","Field":"ownContribution7","VariableType":"String","DataVisibility":[],"AnalyzeText":false,"Value":"${q:\/\/QID29\/ChoiceTextEntryValue}"}]},{"Type":"EmbeddedData","FlowID":"FL_184","EmbeddedData":[{"Description":"sendStage","Type":"Custom","Field":"sendStage","VariableType":"String","DataVisibility":[],"AnalyzeText":false,"Value":"7"},{"Description":"sendData","Type":"Custom","Field":"sendData","VariableType":"String","DataVisibility":[],"AnalyzeText":false,"Value":"ownContribution7"}]},{"Type":"Block","ID":"BL_3UcKkhKQrrg5JAh","FlowID":"FL_185"},{"Type":"EmbeddedData","FlowID":"FL_186","EmbeddedData":[{"Description":"a7","Type":"Recipient","Field":"a7","VariableType":"String","DataVisibility":[],"AnalyzeText":false},{"Description":"b7","Type":"Recipient","Field":"b7","VariableType":"String","DataVisibility":[],"AnalyzeText":false},{"Description":"c7","Type":"Recipient","Field":"c7","VariableType":"String","DataVisibility":[],"AnalyzeText":false},{"Description":"d7","Type":"Recipient","Field":"d7","VariableType":"String","DataVisibility":[],"AnalyzeText":false},{"Description":"sum7","Type":"Recipient","Field":"sum7","VariableType":"String","DataVisibility":[],"AnalyzeText":false}]},{"Type":"EmbeddedData","FlowID":"FL_187","EmbeddedData":[{"Description":"getStage","Type":"Custom","Field":"getStage","VariableType":"String","DataVisibility":[],"AnalyzeText":false,"Value":"7"},{"Description":"getData","Type":"Custom","Field":"getData","VariableType":"String","DataVisibility":[],"AnalyzeText":false,"Value":"A,B,C,D"},{"Description":"defaultData","Type":"Custom","Field":"defaultData","VariableType":"String","DataVisibility":[],"AnalyzeText":false,"Value":"$e{e:\/\/Field\/endowment \/ 2},$e{e:\/\/Field\/endowment \/ 2},$e{e:\/\/Field\/endowment \/ 2},$e{e:\/\/Field\/endowment \/ 2}"},{"Description":"saveData","Type":"Custom","Field":"saveData","VariableType":"String","DataVisibility":[],"AnalyzeText":false,"Value":"a7,b7,c7,d7"},{"Description":"operation","Type":"Custom","Field":"operation","VariableType":"String","DataVisibility":[],"AnalyzeText":false,"Value":"sum"},{"Description":"saveOperation","Type":"Custom","Field":"saveOperation","VariableType":"String","DataVisibility":[],"AnalyzeText":false,"Value":"sum7"}]},{"Type":"Block","ID":"BL_29uv0DU62REC8mh","FlowID":"FL_188"},{"Type":"EmbeddedData","FlowID":"FL_189","EmbeddedData":[{"Description":"share7","Type":"Custom","Field":"share7","VariableType":"String","DataVisibility":[],"AnalyzeText":false,"Value":"$e{e:\/\/Field\/sum7 * e:\/\/Field\/multiplier \/ 4}"}]},{"Type":"EmbeddedData","FlowID":"FL_190","EmbeddedData":[{"Description":"payoff7","Type":"Custom","Field":"payoff7","VariableType":"String","DataVisibility":[],"AnalyzeText":false,"Value":"$e{e:\/\/Field\/endowment - e:\/\/Field\/ownContribution7 + e:\/\/Field\/share7}"}]},{"Type":"EmbeddedData","FlowID":"FL_191","EmbeddedData":[{"Description":"totalPayoff","Type":"Custom","Field":"totalPayoff","VariableType":"String","DataVisibility":[],"AnalyzeText":false,"Value":"$e{e:\/\/Field\/totalPayoff + e:\/\/Field\/payoff7}"}]},{"Type":"Block","ID":"BL_3RkmNIfZv1KYg1n","FlowID":"FL_192"}]},{"Type":"Branch","FlowID":"FL_194","Description":"New Branch","BranchLogic":{"0":{"0":{"LogicType":"EmbeddedField","LeftOperand":"numStages","Operator":"GreaterThanOrEqual","RightOperand":"8","_HiddenExpression":false,"Type":"Expression","Description":"<span class=\"ConjDesc\">If<\/span>  <span class=\"LeftOpDesc\">numStages<\/span> <span class=\"OpDesc\">Is Greater Than or Equal to<\/span> <span class=\"RightOpDesc\"> 8 <\/span>"},"Type":"If"},"Type":"BooleanExpression"},"Flow":[{"Type":"Block","ID":"BL_0wujul8t7s5ECCF","FlowID":"FL_206"},{"Type":"EmbeddedData","FlowID":"FL_196","EmbeddedData":[{"Description":"ownContribution8","Type":"Custom","Field":"ownContribution8","VariableType":"String","DataVisibility":[],"AnalyzeText":false,"Value":"${q:\/\/QID31\/ChoiceTextEntryValue}"}]},{"Type":"EmbeddedData","FlowID":"FL_197","EmbeddedData":[{"Description":"sendStage","Type":"Custom","Field":"sendStage","VariableType":"String","DataVisibility":[],"AnalyzeText":false,"Value":"8"},{"Description":"sendData","Type":"Custom","Field":"sendData","VariableType":"String","DataVisibility":[],"AnalyzeText":false,"Value":"ownContribution8"}]},{"Type":"Block","ID":"BL_3UcKkhKQrrg5JAh","FlowID":"FL_198"},{"Type":"EmbeddedData","FlowID":"FL_199","EmbeddedData":[{"Description":"a8","Type":"Recipient","Field":"a8","VariableType":"String","DataVisibility":[],"AnalyzeText":false},{"Description":"b8","Type":"Recipient","Field":"b8","VariableType":"String","DataVisibility":[],"AnalyzeText":false},{"Description":"c8","Type":"Recipient","Field":"c8","VariableType":"String","DataVisibility":[],"AnalyzeText":false},{"Description":"d8","Type":"Recipient","Field":"d8","VariableType":"String","DataVisibility":[],"AnalyzeText":false},{"Description":"sum8","Type":"Recipient","Field":"sum8","VariableType":"String","DataVisibility":[],"AnalyzeText":false}]},{"Type":"EmbeddedData","FlowID":"FL_200","EmbeddedData":[{"Description":"getStage","Type":"Custom","Field":"getStage","VariableType":"String","DataVisibility":[],"AnalyzeText":false,"Value":"8"},{"Description":"getData","Type":"Custom","Field":"getData","VariableType":"String","DataVisibility":[],"AnalyzeText":false,"Value":"A,B,C,D"},{"Description":"defaultData","Type":"Custom","Field":"defaultData","VariableType":"String","DataVisibility":[],"AnalyzeText":false,"Value":"$e{e:\/\/Field\/endowment \/ 2},$e{e:\/\/Field\/endowment \/ 2},$e{e:\/\/Field\/endowment \/ 2},$e{e:\/\/Field\/endowment \/ 2}"},{"Description":"saveData","Type":"Custom","Field":"saveData","VariableType":"String","DataVisibility":[],"AnalyzeText":false,"Value":"a8,b8,c8,d8"},{"Description":"operation","Type":"Custom","Field":"operation","VariableType":"String","DataVisibility":[],"AnalyzeText":false,"Value":"sum"},{"Description":"saveOperation","Type":"Custom","Field":"saveOperation","VariableType":"String","DataVisibility":[],"AnalyzeText":false,"Value":"sum8"}]},{"Type":"Block","ID":"BL_29uv0DU62REC8mh","FlowID":"FL_201"},{"Type":"EmbeddedData","FlowID":"FL_202","EmbeddedData":[{"Description":"share8","Type":"Custom","Field":"share8","VariableType":"String","DataVisibility":[],"AnalyzeText":false,"Value":"$e{e:\/\/Field\/sum8 * e:\/\/Field\/multiplier \/ 4}"}]},{"Type":"EmbeddedData","FlowID":"FL_203","EmbeddedData":[{"Description":"payoff8","Type":"Custom","Field":"payoff8","VariableType":"String","DataVisibility":[],"AnalyzeText":false,"Value":"$e{e:\/\/Field\/endowment - e:\/\/Field\/ownContribution8 + e:\/\/Field\/share8}"}]},{"Type":"EmbeddedData","FlowID":"FL_204","EmbeddedData":[{"Description":"totalPayoff","Type":"Custom","Field":"totalPayoff","VariableType":"String","DataVisibility":[],"AnalyzeText":false,"Value":"$e{e:\/\/Field\/totalPayoff + e:\/\/Field\/payoff8}"}]},{"Type":"Block","ID":"BL_3RkmNIfZv1KYg1n","FlowID":"FL_205"}]},{"Type":"Branch","FlowID":"FL_207","Description":"New Branch","BranchLogic":{"0":{"0":{"LogicType":"EmbeddedField","LeftOperand":"numStages","Operator":"GreaterThanOrEqual","RightOperand":"9","_HiddenExpression":false,"Type":"Expression","Description":"<span class=\"ConjDesc\">If<\/span>  <span class=\"LeftOpDesc\">numStages<\/span> <span class=\"OpDesc\">Is Greater Than or Equal to<\/span> <span class=\"RightOpDesc\"> 9 <\/span>"},"Type":"If"},"Type":"BooleanExpression"},"Flow":[{"Type":"Block","ID":"BL_4GiGUKHyBeFAYAJ","FlowID":"FL_219"},{"Type":"EmbeddedData","FlowID":"FL_209","EmbeddedData":[{"Description":"ownContribution9","Type":"Custom","Field":"ownContribution9","VariableType":"String","DataVisibility":[],"AnalyzeText":false,"Value":"${q:\/\/QID32\/ChoiceTextEntryValue}"}]},{"Type":"EmbeddedData","FlowID":"FL_210","EmbeddedData":[{"Description":"sendStage","Type":"Custom","Field":"sendStage","VariableType":"String","DataVisibility":[],"AnalyzeText":false,"Value":"9"},{"Description":"sendData","Type":"Custom","Field":"sendData","VariableType":"String","DataVisibility":[],"AnalyzeText":false,"Value":"ownContribution9"}]},{"Type":"Block","ID":"BL_3UcKkhKQrrg5JAh","FlowID":"FL_211"},{"Type":"EmbeddedData","FlowID":"FL_212","EmbeddedData":[{"Description":"a9","Type":"Recipient","Field":"a9","VariableType":"String","DataVisibility":[],"AnalyzeText":false},{"Description":"b9","Type":"Recipient","Field":"b9","VariableType":"String","DataVisibility":[],"AnalyzeText":false},{"Description":"c9","Type":"Recipient","Field":"c9","VariableType":"String","DataVisibility":[],"AnalyzeText":false},{"Description":"d9","Type":"Recipient","Field":"d9","VariableType":"String","DataVisibility":[],"AnalyzeText":false},{"Description":"sum9","Type":"Recipient","Field":"sum9","VariableType":"String","DataVisibility":[],"AnalyzeText":false}]},{"Type":"EmbeddedData","FlowID":"FL_213","EmbeddedData":[{"Description":"getStage","Type":"Custom","Field":"getStage","VariableType":"String","DataVisibility":[],"AnalyzeText":false,"Value":"9"},{"Description":"getData","Type":"Custom","Field":"getData","VariableType":"String","DataVisibility":[],"AnalyzeText":false,"Value":"A,B,C,D"},{"Description":"defaultData","Type":"Custom","Field":"defaultData","VariableType":"String","DataVisibility":[],"AnalyzeText":false,"Value":"$e{e:\/\/Field\/endowment \/ 2},$e{e:\/\/Field\/endowment \/ 2},$e{e:\/\/Field\/endowment \/ 2},$e{e:\/\/Field\/endowment \/ 2}"},{"Description":"saveData","Type":"Custom","Field":"saveData","VariableType":"String","DataVisibility":[],"AnalyzeText":false,"Value":"a9,b9,c9,d9"},{"Description":"operation","Type":"Custom","Field":"operation","VariableType":"String","DataVisibility":[],"AnalyzeText":false,"Value":"sum"},{"Description":"saveOperation","Type":"Custom","Field":"saveOperation","VariableType":"String","DataVisibility":[],"AnalyzeText":false,"Value":"sum9"}]},{"Type":"Block","ID":"BL_29uv0DU62REC8mh","FlowID":"FL_214"},{"Type":"EmbeddedData","FlowID":"FL_215","EmbeddedData":[{"Description":"share9","Type":"Custom","Field":"share9","VariableType":"String","DataVisibility":[],"AnalyzeText":false,"Value":"$e{e:\/\/Field\/sum9 * e:\/\/Field\/multiplier \/ 4}"}]},{"Type":"EmbeddedData","FlowID":"FL_216","EmbeddedData":[{"Description":"payoff9","Type":"Custom","Field":"payoff9","VariableType":"String","DataVisibility":[],"AnalyzeText":false,"Value":"$e{e:\/\/Field\/endowment - e:\/\/Field\/ownContribution9 + e:\/\/Field\/share9}"}]},{"Type":"EmbeddedData","FlowID":"FL_217","EmbeddedData":[{"Description":"totalPayoff","Type":"Custom","Field":"totalPayoff","VariableType":"String","DataVisibility":[],"AnalyzeText":false,"Value":"$e{e:\/\/Field\/totalPayoff + e:\/\/Field\/payoff9}"}]},{"Type":"Block","ID":"BL_3RkmNIfZv1KYg1n","FlowID":"FL_218"}]},{"Type":"Branch","FlowID":"FL_220","Description":"New Branch","BranchLogic":{"0":{"0":{"LogicType":"EmbeddedField","LeftOperand":"numStages","Operator":"GreaterThanOrEqual","RightOperand":"10","_HiddenExpression":false,"Type":"Expression","Description":"<span class=\"ConjDesc\">If<\/span>  <span class=\"LeftOpDesc\">numStages<\/span> <span class=\"OpDesc\">Is Greater Than or Equal to<\/span> <span class=\"RightOpDesc\"> 10 <\/span>"},"Type":"If"},"Type":"BooleanExpression"},"Flow":[{"Type":"Block","ID":"BL_9MIPn6NkcrBaKLb","FlowID":"FL_232"},{"Type":"EmbeddedData","FlowID":"FL_222","EmbeddedData":[{"Description":"ownContribution10","Type":"Custom","Field":"ownContribution10","VariableType":"String","DataVisibility":[],"AnalyzeText":false,"Value":"${q:\/\/QID33\/ChoiceTextEntryValue}"}]},{"Type":"EmbeddedData","FlowID":"FL_223","EmbeddedData":[{"Description":"sendStage","Type":"Custom","Field":"sendStage","VariableType":"String","DataVisibility":[],"AnalyzeText":false,"Value":"10"},{"Description":"sendData","Type":"Custom","Field":"sendData","VariableType":"String","DataVisibility":[],"AnalyzeText":false,"Value":"ownContribution10"}]},{"Type":"Block","ID":"BL_3UcKkhKQrrg5JAh","FlowID":"FL_224"},{"Type":"EmbeddedData","FlowID":"FL_225","EmbeddedData":[{"Description":"a10","Type":"Recipient","Field":"a10","VariableType":"String","DataVisibility":[],"AnalyzeText":false},{"Description":"b10","Type":"Recipient","Field":"b10","VariableType":"String","DataVisibility":[],"AnalyzeText":false},{"Description":"c10","Type":"Recipient","Field":"c10","VariableType":"String","DataVisibility":[],"AnalyzeText":false},{"Description":"d10","Type":"Recipient","Field":"d10","VariableType":"String","DataVisibility":[],"AnalyzeText":false},{"Description":"sum10","Type":"Recipient","Field":"sum10","VariableType":"String","DataVisibility":[],"AnalyzeText":false}]},{"Type":"EmbeddedData","FlowID":"FL_226","EmbeddedData":[{"Description":"getStage","Type":"Custom","Field":"getStage","VariableType":"String","DataVisibility":[],"AnalyzeText":false,"Value":"10"},{"Description":"getData","Type":"Custom","Field":"getData","VariableType":"String","DataVisibility":[],"AnalyzeText":false,"Value":"A,B,C,D"},{"Description":"defaultData","Type":"Custom","Field":"defaultData","VariableType":"String","DataVisibility":[],"AnalyzeText":false,"Value":"$e{e:\/\/Field\/endowment \/ 2},$e{e:\/\/Field\/endowment \/ 2},$e{e:\/\/Field\/endowment \/ 2},$e{e:\/\/Field\/endowment \/ 2}"},{"Description":"saveData","Type":"Custom","Field":"saveData","VariableType":"String","DataVisibility":[],"AnalyzeText":false,"Value":"a10,b10,c10,d10"},{"Description":"operation","Type":"Custom","Field":"operation","VariableType":"String","DataVisibility":[],"AnalyzeText":false,"Value":"sum"},{"Description":"saveOperation","Type":"Custom","Field":"saveOperation","VariableType":"String","DataVisibility":[],"AnalyzeText":false,"Value":"sum10"}]},{"Type":"Block","ID":"BL_29uv0DU62REC8mh","FlowID":"FL_227"},{"Type":"EmbeddedData","FlowID":"FL_228","EmbeddedData":[{"Description":"share10","Type":"Custom","Field":"share10","VariableType":"String","DataVisibility":[],"AnalyzeText":false,"Value":"$e{e:\/\/Field\/sum10 * e:\/\/Field\/multiplier \/ 4}"}]},{"Type":"EmbeddedData","FlowID":"FL_229","EmbeddedData":[{"Description":"payoff10","Type":"Custom","Field":"payoff10","VariableType":"String","DataVisibility":[],"AnalyzeText":false,"Value":"$e{e:\/\/Field\/endowment - e:\/\/Field\/ownContribution10 + e:\/\/Field\/share10}"}]},{"Type":"EmbeddedData","FlowID":"FL_230","EmbeddedData":[{"Description":"totalPayoff","Type":"Custom","Field":"totalPayoff","VariableType":"String","DataVisibility":[],"AnalyzeText":false,"Value":"$e{e:\/\/Field\/totalPayoff + e:\/\/Field\/payoff10}"}]},{"Type":"Block","ID":"BL_3RkmNIfZv1KYg1n","FlowID":"FL_231"}]},{"Type":"Standard","ID":"BL_0OGJ4eAsv3fzwFv","FlowID":"FL_111"},{"Type":"Standard","ID":"BL_cZVKgJKq6BCMFSZ","FlowID":"FL_8"}],"Properties":{"Count":233,"RemovedFieldsets":[]}}},{"SurveyID":"SV_6foomzrQmFFni17","Element":"SO","PrimaryAttribute":"Survey Options","SecondaryAttribute":null,"TertiaryAttribute":null,"Payload":{"BackButton":"false","SaveAndContinue":"false","SurveyProtection":"PublicSurvey","BallotBoxStuffingPrevention":"false","NoIndex":"Yes","SecureResponseFiles":"true","SurveyExpiration":null,"SurveyTermination":"DisplayMessage","Header":"<script>\n\nQualtrics.SurveyEngine.addOnload(function()\n{\ndocument.getElementById(\"Plug\").remove();\n\n});\n\n<\/script>","Footer":"","ProgressBarDisplay":"None","PartialData":"+1 week","ValidationMessage":null,"PreviousButton":" \u2190 ","NextButton":"Next >>","SkinLibrary":"cmu","SkinType":"templated","Skin":{"brandingId":null,"templateId":"*base","overrides":{"questionText":{"size":"16px"},"answerText":{"size":"14px"}}},"NewScoring":1,"CustomStyles":{"customCSS":".Skin .QuestionOuter {\n    -ms-overflow-style: -ms-autohiding-scrollbar;\n    padding-bottom: 0px;\n}\n\n.Skin .QuestionBody {\n   padding-bottom: 0px!important;\n}\n\n.Skin .QuestionText {\n\tpadding-bottom: 0px; \n}\n\ntable{\n    width: fixed;\n\tborder: 0px;\n    border-collapse:collapse;\n}\n\ntd{\n    width: 80px;\n    text-align: center;\n    border: 0px solid black;\n\tword-wrap:break-word;\n\tpadding: 0px;\n}\n\nth{\n\tpadding: 0px;\n}\n\n.Skin .QuestionText .UserTable td, .Skin .QuestionText .UserTable th{\npadding: 0px;\n}"},"headerMid":"","EOSMessage":"MS_aYuRM60Sih3GuZT","ShowExportTags":"false","CollectGeoLocation":"false","SurveyTitle":"Online Survey Software | Qualtrics Survey Solutions","SurveyMetaDescription":"Qualtrics sophisticated online survey software solutions make creating online surveys easy. Learn more about Research Suite and get a free account today.","PasswordProtection":"No","AnonymizeResponse":"No","Password":"","RefererCheck":"No","RefererURL":"http:\/\/","RecaptchaV3":"false","RelevantID":"false","ResponseSummary":"No","EOSMessageLibrary":"UR_9EUlTzKmzcqukcZ","EOSRedirectURL":"https:\/\/","EmailThankYou":"false","ThankYouEmailMessageLibrary":null,"ThankYouEmailMessage":null,"ValidateMessage":"false","ValidationMessageLibrary":null,"InactiveSurvey":"DefaultMessage","PartialDataCloseAfter":"LastActivity","ActiveResponseSet":null,"InactiveMessageLibrary":"","InactiveMessage":"","AvailableLanguages":{"EN":[]},"ProtectSelectionIds":true,"PageTransition":"fade","SurveyName":"Repeated Public Goods Game DEMO 1-27-2019"}},{"SurveyID":"SV_6foomzrQmFFni17","Element":"SCO","PrimaryAttribute":"Scoring","SecondaryAttribute":null,"TertiaryAttribute":null,"Payload":{"ScoringCategories":[],"ScoringCategoryGroups":[],"ScoringSummaryCategory":null,"ScoringSummaryAfterQuestions":0,"ScoringSummaryAfterSurvey":0,"DefaultScoringCategory":null,"AutoScoringCategory":null}},{"SurveyID":"SV_6foomzrQmFFni17","Element":"PROJ","PrimaryAttribute":"CORE","SecondaryAttribute":null,"TertiaryAttribute":"1.1.0","Payload":{"ProjectCategory":"CORE","SchemaVersion":"1.1.0"}},{"SurveyID":"SV_6foomzrQmFFni17","Element":"STAT","PrimaryAttribute":"Survey Statistics","SecondaryAttribute":null,"TertiaryAttribute":null,"Payload":{"MobileCompatible":true,"ID":"Survey Statistics"}},{"SurveyID":"SV_6foomzrQmFFni17","Element":"QC","PrimaryAttribute":"Survey Question Count","SecondaryAttribute":"33","TertiaryAttribute":null,"Payload":null},{"SurveyID":"SV_6foomzrQmFFni17","Element":"RS","PrimaryAttribute":"RS_eydOtQKjdM1L4up","SecondaryAttribute":"Default Response Set","TertiaryAttribute":null,"Payload":null},{"SurveyID":"SV_6foomzrQmFFni17","Element":"SQ","PrimaryAttribute":"QID8","SecondaryAttribute":"Instructions You have been assigned to role\u00a0${e:\/\/Field\/participantRole}. The roles are arbitrary..","TertiaryAttribute":null,"Payload":{"QuestionText":"<u><strong>Instructions<\/strong><\/u><br>\n<br>\nYou have been assigned to role&nbsp;${e:\/\/Field\/participantRole}. The roles are arbitrary, they serve identification purposes only: each of the 4 participants in your group will have to make the same decisions, there is no difference between the roles.<br>\n<br>\nThis experiment has <strong>${e:\/\/Field\/numStages}<\/strong> stages.<br>\n<br>\n<u><strong>In each stage<\/strong><\/u>, you will receive ${e:\/\/Field\/endowment} units. Each of the other 3 participants will also received&nbsp;${e:\/\/Field\/endowment} units.<br>\n<br>\nYour task will be to decide how many units to transfer to the 'public account'. You can transfer any amount between 0 and&nbsp;${e:\/\/Field\/endowment}, including 0 and&nbsp;${e:\/\/Field\/endowment}. Each of the other 3 participants will make a decision about their transfer to the public account.\n<div>&nbsp;<\/div>\n\n<div>After all 4 participants in your group have reached a decision, the transfers to the public account are summed. Then, this sum is multiplied by&nbsp;${e:\/\/Field\/multiplier}. Finally, the multiplied sum in the public account is divided equally between the 4 participants in your group.<br>\n<br>\nYour payoff in each stage will be:&nbsp;<br>\n${e:\/\/Field\/endowment}&nbsp;- [the amount you transfer to the public account in that stage]<br>\n+ [sum of transfers to the public account in that stage] x ${e:\/\/Field\/multiplier} \/ 4<\/div><div><br><\/div><div><br><\/div><div>Your total payoff will be the sum of payoffs earned in the ${e:\/\/Field\/numStages} stages.<\/div>","DefaultChoices":false,"DataExportTag":"instructions","QuestionType":"DB","Selector":"TB","Configuration":{"QuestionDescriptionOption":"UseText"},"QuestionDescription":"Instructions You have been assigned to role\u00a0${e:\/\/Field\/participantRole}. The roles are arbitrary...","ChoiceOrder":[],"Validation":{"Settings":{"Type":"None"}},"GradingData":[],"Language":[],"NextChoiceId":4,"NextAnswerId":1,"QuestionID":"QID8"}},{"SurveyID":"SV_6foomzrQmFFni17","Element":"SQ","PrimaryAttribute":"QID24","SecondaryAttribute":"Stage 1 ${e:\/\/Field\/a1} ${e:\/\/Field\/b1} ${e:\/\/Field\/c1} ${e:\/\/Field\/d1} ${e:\/\/Field\/sum1} ...","TertiaryAttribute":null,"Payload":{"QuestionText":"<table>\n\t<tbody>\n\t\t<tr>\n\t\t\t<td>Stage 1<\/td>\n\t\t\t<td>${e:\/\/Field\/a1}<\/td>\n\t\t\t<td>${e:\/\/Field\/b1}<\/td>\n\t\t\t<td>${e:\/\/Field\/c1}<\/td>\n\t\t\t<td>${e:\/\/Field\/d1}<\/td>\n\t\t\t<td>${e:\/\/Field\/sum1}<\/td>\n\t\t\t<td>${e:\/\/Field\/share1}<\/td>\n\t\t\t<td>${e:\/\/Field\/payoff1}<\/td>\n\t\t<\/tr>\n\t<\/tbody>\n<\/table>","DefaultChoices":false,"DataExportTag":"stage 1","QuestionType":"DB","Selector":"TB","DataVisibility":{"Private":false,"Hidden":false},"Configuration":{"QuestionDescriptionOption":"UseText"},"QuestionDescription":"Stage 1 ${e:\/\/Field\/a1} ${e:\/\/Field\/b1} ${e:\/\/Field\/c1} ${e:\/\/Field\/d1} ${e:\/\/Field\/sum1} ...","ChoiceOrder":[],"Validation":{"Settings":{"Type":"None"}},"GradingData":[],"Language":[],"NextChoiceId":4,"NextAnswerId":1,"QuestionID":"QID24"}},{"SurveyID":"SV_6foomzrQmFFni17","Element":"SQ","PrimaryAttribute":"QID1","SecondaryAttribute":"Stage 1\/${e:\/\/Field\/numStages} You have received ${e:\/\/Field\/endowment} units. \u00a0 Please indicate...","TertiaryAttribute":null,"Payload":{"QuestionText":"<strong>Stage 1\/${e:\/\/Field\/numStages}<\/strong>\n\n<div>\n<div><br>\nYou have received ${e:\/\/Field\/endowment} units.<br>\n&nbsp;<\/div>\n\n<div>Please indicate in the box below how many units to transfer to the public account.<br>\n<br>\nYour transfer to the public account (0 - ${e:\/\/Field\/endowment}):&nbsp;<\/div>\n<\/div>","DefaultChoices":false,"DataExportTag":"cont1","QuestionID":"QID1","QuestionType":"TE","Selector":"SL","DataVisibility":{"Private":false,"Hidden":false},"Configuration":{"QuestionDescriptionOption":"UseText","AllowFreeResponse":"false","InputWidth":90,"InputHeight":29},"QuestionDescription":"Stage 1\/${e:\/\/Field\/numStages} You have received ${e:\/\/Field\/endowment} units. \u00a0 Please indicate...","Validation":{"Settings":{"ForceResponse":"ON","ForceResponseType":"ON","Type":"ContentType","ContentType":"ValidNumber","ValidDateType":"DateWithFormat","ValidPhoneType":"ValidUSPhone","ValidZipType":"ValidUSZip","ValidNumber":{"Min":"0","Max":" ${e:\/\/Field\/endowment}","NumDecimals":"2"}}},"GradingData":[],"Language":[],"NextChoiceId":11,"NextAnswerId":1}},{"SurveyID":"SV_6foomzrQmFFni17","Element":"SQ","PrimaryAttribute":"QID28","SecondaryAttribute":"Stage 10 ${e:\/\/Field\/a10} ${e:\/\/Field\/b10} ${e:\/\/Field\/c10} ${e:\/\/Field\/d10} ${e:\/\/Field\/sum10} $...","TertiaryAttribute":null,"Payload":{"QuestionText":"<table>\n\t<tbody>\n\t\t<tr>\n\t\t\t<td>Stage 10<\/td>\n\t\t\t<td>${e:\/\/Field\/a10}<\/td>\n\t\t\t<td>${e:\/\/Field\/b10}<\/td>\n\t\t\t<td>${e:\/\/Field\/c10}<\/td>\n\t\t\t<td>${e:\/\/Field\/d10}<\/td>\n\t\t\t<td>${e:\/\/Field\/sum10}<\/td>\n\t\t\t<td>${e:\/\/Field\/share10}<\/td>\n\t\t\t<td>${e:\/\/Field\/payoff10}<\/td>\n\t\t<\/tr>\n\t<\/tbody>\n<\/table>","DefaultChoices":false,"DataExportTag":"stage 10","QuestionType":"DB","Selector":"TB","DataVisibility":{"Private":false,"Hidden":false},"Configuration":{"QuestionDescriptionOption":"UseText"},"QuestionDescription":"Stage 10 ${e:\/\/Field\/a10} ${e:\/\/Field\/b10} ${e:\/\/Field\/c10} ${e:\/\/Field\/d10} ${e:\/\/Field\/sum10} $...","DisplayLogic":{"0":{"0":{"LogicType":"EmbeddedField","LeftOperand":"numStages","Operator":"GreaterThanOrEqual","RightOperand":"10","Type":"Expression","Description":"<span class=\"ConjDesc\">If<\/span>  <span class=\"LeftOpDesc\">numStages<\/span> <span class=\"OpDesc\">Is Greater Than or Equal to<\/span> <span class=\"RightOpDesc\"> 10 <\/span>"},"Type":"If"},"Type":"BooleanExpression","inPage":false},"ChoiceOrder":[],"Validation":{"Settings":{"Type":"None"}},"GradingData":[],"Language":[],"NextChoiceId":4,"NextAnswerId":1,"QuestionID":"QID28"}},{"SurveyID":"SV_6foomzrQmFFni17","Element":"SQ","PrimaryAttribute":"QID33","SecondaryAttribute":"Stage 10\/${e:\/\/Field\/numStages} You have received ${e:\/\/Field\/endowment} units. \u00a0 Please indicate..","TertiaryAttribute":null,"Payload":{"QuestionText":"<strong>Stage 10\/${e:\/\/Field\/numStages}<\/strong>\n\n<div>\n<div><br>\nYou have received ${e:\/\/Field\/endowment} units.<br>\n&nbsp;<\/div>\n\n<div>Please indicate in the box below how many units to transfer to the public account.<br>\n<br>\nYour transfer to the public account (0 - ${e:\/\/Field\/endowment}):&nbsp;<\/div>\n<\/div>","DefaultChoices":false,"QuestionType":"TE","Selector":"SL","DataVisibility":{"Private":false,"Hidden":false},"Configuration":{"QuestionDescriptionOption":"UseText","AllowFreeResponse":"false","InputWidth":90,"InputHeight":29},"QuestionDescription":"Stage 10\/${e:\/\/Field\/numStages} You have received ${e:\/\/Field\/endowment} units. \u00a0 Please indicate...","Validation":{"Settings":{"ForceResponse":"ON","ForceResponseType":"ON","Type":"ContentType","ContentType":"ValidNumber","ValidDateType":"DateWithFormat","ValidPhoneType":"ValidUSPhone","ValidZipType":"ValidUSZip","ValidNumber":{"Min":"0","Max":" ${e:\/\/Field\/endowment}","NumDecimals":"2"}}},"GradingData":[],"Language":[],"NextChoiceId":11,"NextAnswerId":1,"QuestionText_Unsafe":"<strong>Stage 9\/${e:\/\/Field\/numStages}<\/strong>\n\n<div>\n<div><br>\nYou have received ${e:\/\/Field\/endowment} units.<br>\n&nbsp;<\/div>\n\n<div>Please indicate in the box below how many units to transfer to the public account.<br>\n<br>\nYour transfer to the public account (0 - ${e:\/\/Field\/endowment}):&nbsp;<\/div>\n<\/div>","DataExportTag":"cont10","QuestionID":"QID33"}},{"SurveyID":"SV_6foomzrQmFFni17","Element":"SQ","PrimaryAttribute":"QID23","SecondaryAttribute":"Stage 2 ${e:\/\/Field\/a2} ${e:\/\/Field\/b2} ${e:\/\/Field\/c2} ${e:\/\/Field\/d2} ${e:\/\/Field\/sum2} ...","TertiaryAttribute":null,"Payload":{"QuestionText":"<table>\n\t<tbody>\n\t\t<tr>\n\t\t\t<td>Stage 2<\/td>\n\t\t\t<td>${e:\/\/Field\/a2}<\/td>\n\t\t\t<td>${e:\/\/Field\/b2}<\/td>\n\t\t\t<td>${e:\/\/Field\/c2}<\/td>\n\t\t\t<td>${e:\/\/Field\/d2}<\/td>\n\t\t\t<td>${e:\/\/Field\/sum2}<\/td>\n\t\t\t<td>${e:\/\/Field\/share2}<\/td>\n\t\t\t<td>${e:\/\/Field\/payoff2}<\/td>\n\t\t<\/tr>\n\t<\/tbody>\n<\/table>","DefaultChoices":false,"DataExportTag":"stage 2","QuestionType":"DB","Selector":"TB","DataVisibility":{"Private":false,"Hidden":false},"Configuration":{"QuestionDescriptionOption":"UseText"},"QuestionDescription":"Stage 2 ${e:\/\/Field\/a2} ${e:\/\/Field\/b2} ${e:\/\/Field\/c2} ${e:\/\/Field\/d2} ${e:\/\/Field\/sum2} ...","ChoiceOrder":[],"Validation":{"Settings":{"Type":"None"}},"GradingData":[],"Language":[],"NextChoiceId":4,"NextAnswerId":1,"QuestionID":"QID23","DisplayLogic":{"0":{"0":{"LogicType":"EmbeddedField","LeftOperand":"numStages","Operator":"GreaterThanOrEqual","RightOperand":"2","Type":"Expression","Description":"<span class=\"ConjDesc\">If<\/span>  <span class=\"LeftOpDesc\">numStages<\/span> <span class=\"OpDesc\">Is Greater Than or Equal to<\/span> <span class=\"RightOpDesc\"> 2 <\/span>"},"Type":"If"},"Type":"BooleanExpression","inPage":false}}},{"SurveyID":"SV_6foomzrQmFFni17","Element":"SQ","PrimaryAttribute":"QID9","SecondaryAttribute":"Stage 2\/${e:\/\/Field\/numStages} You have received ${e:\/\/Field\/endowment} units. \u00a0 Please indicate...","TertiaryAttribute":null,"Payload":{"QuestionText":"<strong>Stage 2\/${e:\/\/Field\/numStages}<\/strong>\n\n<div>\n<div><br>\nYou have received ${e:\/\/Field\/endowment} units.<br>\n&nbsp;<\/div>\n\n<div>Please indicate in the box below how many units to transfer to the public account.<br>\n<br>\nYour transfer to the public account (0 - ${e:\/\/Field\/endowment}):&nbsp;<\/div>\n<\/div>","DefaultChoices":false,"QuestionType":"TE","Selector":"SL","DataVisibility":{"Private":false,"Hidden":false},"Configuration":{"QuestionDescriptionOption":"UseText","AllowFreeResponse":"false","InputWidth":90,"InputHeight":29},"QuestionDescription":"Stage 2\/${e:\/\/Field\/numStages} You have received ${e:\/\/Field\/endowment} units. \u00a0 Please indicate...","Validation":{"Settings":{"ForceResponse":"ON","ForceResponseType":"ON","Type":"ContentType","ContentType":"ValidNumber","ValidDateType":"DateWithFormat","ValidPhoneType":"ValidUSPhone","ValidZipType":"ValidUSZip","ValidNumber":{"Min":"0","Max":" ${e:\/\/Field\/endowment}","NumDecimals":"2"}}},"GradingData":[],"Language":[],"NextChoiceId":11,"NextAnswerId":1,"QuestionText_Unsafe":"<strong>Stage 1\/${e:\/\/Field\/numStages}<\/strong>\n\n<div>\n<div><br \/>\nYou have received ${e:\/\/Field\/endowment} units.<br \/>\n&nbsp;<\/div>\n\n<div>Please indicate in the box below how many units to transfer to the public account.<br \/>\n<br \/>\nYour transfer to the public account (0- ${e:\/\/Field\/endowment}):&nbsp;<\/div>\n<\/div>","DataExportTag":"cont2","QuestionID":"QID9"}},{"SurveyID":"SV_6foomzrQmFFni17","Element":"SQ","PrimaryAttribute":"QID19","SecondaryAttribute":"Stage 3 ${e:\/\/Field\/a3} ${e:\/\/Field\/b3} ${e:\/\/Field\/c3} ${e:\/\/Field\/d3} ${e:\/\/Field\/sum3} ...","TertiaryAttribute":null,"Payload":{"QuestionText":"<table>\n\t<tbody>\n\t\t<tr>\n\t\t\t<td>Stage 3<\/td>\n\t\t\t<td>${e:\/\/Field\/a3}<\/td>\n\t\t\t<td>${e:\/\/Field\/b3}<\/td>\n\t\t\t<td>${e:\/\/Field\/c3}<\/td>\n\t\t\t<td>${e:\/\/Field\/d3}<\/td>\n\t\t\t<td>${e:\/\/Field\/sum3}<\/td>\n\t\t\t<td>${e:\/\/Field\/share3}<\/td>\n\t\t\t<td>${e:\/\/Field\/payoff3}<\/td>\n\t\t<\/tr>\n\t<\/tbody>\n<\/table>","DefaultChoices":false,"DataExportTag":"stage 3","QuestionType":"DB","Selector":"TB","DataVisibility":{"Private":false,"Hidden":false},"Configuration":{"QuestionDescriptionOption":"UseText"},"QuestionDescription":"Stage 3 ${e:\/\/Field\/a3} ${e:\/\/Field\/b3} ${e:\/\/Field\/c3} ${e:\/\/Field\/d3} ${e:\/\/Field\/sum3} ...","ChoiceOrder":[],"Validation":{"Settings":{"Type":"None"}},"GradingData":[],"Language":[],"NextChoiceId":4,"NextAnswerId":1,"QuestionID":"QID19","DisplayLogic":{"0":{"0":{"LogicType":"EmbeddedField","LeftOperand":"numStages","Operator":"GreaterThanOrEqual","RightOperand":"3","Type":"Expression","Description":"<span class=\"ConjDesc\">If<\/span>  <span class=\"LeftOpDesc\">numStages<\/span> <span class=\"OpDesc\">Is Greater Than or Equal to<\/span> <span class=\"RightOpDesc\"> 3 <\/span>"},"Type":"If"},"Type":"BooleanExpression","inPage":false}}},{"SurveyID":"SV_6foomzrQmFFni17","Element":"SQ","PrimaryAttribute":"QID10","SecondaryAttribute":"Stage 3\/${e:\/\/Field\/numStages} You have received ${e:\/\/Field\/endowment} units. \u00a0 Please indicate...","TertiaryAttribute":null,"Payload":{"QuestionText":"<strong>Stage 3\/${e:\/\/Field\/numStages}<\/strong>\n\n<div>\n<div><br>\nYou have received ${e:\/\/Field\/endowment} units.<br>\n&nbsp;<\/div>\n\n<div>Please indicate in the box below how many units to transfer to the public account.<br>\n<br>\nYour transfer to the public account (0 - ${e:\/\/Field\/endowment}):&nbsp;<\/div>\n<\/div>","DefaultChoices":false,"QuestionType":"TE","Selector":"SL","DataVisibility":{"Private":false,"Hidden":false},"Configuration":{"QuestionDescriptionOption":"UseText","AllowFreeResponse":"false","InputWidth":90,"InputHeight":29},"QuestionDescription":"Stage 3\/${e:\/\/Field\/numStages} You have received ${e:\/\/Field\/endowment} units. \u00a0 Please indicate...","Validation":{"Settings":{"ForceResponse":"ON","ForceResponseType":"ON","Type":"ContentType","ContentType":"ValidNumber","ValidDateType":"DateWithFormat","ValidPhoneType":"ValidUSPhone","ValidZipType":"ValidUSZip","ValidNumber":{"Min":"0","Max":" ${e:\/\/Field\/endowment}","NumDecimals":"2"}}},"GradingData":[],"Language":[],"NextChoiceId":11,"NextAnswerId":1,"QuestionText_Unsafe":"<strong>Stage 2\/${e:\/\/Field\/numStages}<\/strong>\n\n<div>\n<div><br>\nYou have received ${e:\/\/Field\/endowment} units.<br>\n&nbsp;<\/div>\n\n<div>Please indicate in the box below how many units to transfer to the public account.<br>\n<br>\nYour transfer to the public account (0- ${e:\/\/Field\/endowment}):&nbsp;<\/div>\n<\/div>","DataExportTag":"cont3","QuestionID":"QID10"}},{"SurveyID":"SV_6foomzrQmFFni17","Element":"SQ","PrimaryAttribute":"QID20","SecondaryAttribute":"Stage 4 ${e:\/\/Field\/a4} ${e:\/\/Field\/b4} ${e:\/\/Field\/c4} ${e:\/\/Field\/d4} ${e:\/\/Field\/sum4} ...","TertiaryAttribute":null,"Payload":{"QuestionText":"<table>\n\t<tbody>\n\t\t<tr>\n\t\t\t<td>Stage 4<\/td>\n\t\t\t<td>${e:\/\/Field\/a4}<\/td>\n\t\t\t<td>${e:\/\/Field\/b4}<\/td>\n\t\t\t<td>${e:\/\/Field\/c4}<\/td>\n\t\t\t<td>${e:\/\/Field\/d4}<\/td>\n\t\t\t<td>${e:\/\/Field\/sum4}<\/td>\n\t\t\t<td>${e:\/\/Field\/share4}<\/td>\n\t\t\t<td>${e:\/\/Field\/payoff4}<\/td>\n\t\t<\/tr>\n\t<\/tbody>\n<\/table>","DefaultChoices":false,"DataExportTag":"stage 4","QuestionType":"DB","Selector":"TB","DataVisibility":{"Private":false,"Hidden":false},"Configuration":{"QuestionDescriptionOption":"UseText"},"QuestionDescription":"Stage 4 ${e:\/\/Field\/a4} ${e:\/\/Field\/b4} ${e:\/\/Field\/c4} ${e:\/\/Field\/d4} ${e:\/\/Field\/sum4} ...","ChoiceOrder":[],"Validation":{"Settings":{"Type":"None"}},"GradingData":[],"Language":[],"NextChoiceId":4,"NextAnswerId":1,"QuestionID":"QID20","DisplayLogic":{"0":{"0":{"LogicType":"EmbeddedField","LeftOperand":"numStages","Operator":"GreaterThanOrEqual","RightOperand":"4","Type":"Expression","Description":"<span class=\"ConjDesc\">If<\/span>  <span class=\"LeftOpDesc\">numStages<\/span> <span class=\"OpDesc\">Is Greater Than or Equal to<\/span> <span class=\"RightOpDesc\"> 4 <\/span>"},"Type":"If"},"Type":"BooleanExpression","inPage":false}}},{"SurveyID":"SV_6foomzrQmFFni17","Element":"SQ","PrimaryAttribute":"QID11","SecondaryAttribute":"Stage 4\/${e:\/\/Field\/numStages} You have received ${e:\/\/Field\/endowment} units. \u00a0 Please indicate...","TertiaryAttribute":null,"Payload":{"QuestionText":"<strong>Stage 4\/${e:\/\/Field\/numStages}<\/strong>\n\n<div>\n<div><br>\nYou have received ${e:\/\/Field\/endowment} units.<br>\n&nbsp;<\/div>\n\n<div>Please indicate in the box below how many units to transfer to the public account.<br>\n<br>\nYour transfer to the public account (0 - ${e:\/\/Field\/endowment}):&nbsp;<\/div>\n<\/div>","DefaultChoices":false,"QuestionType":"TE","Selector":"SL","DataVisibility":{"Private":false,"Hidden":false},"Configuration":{"QuestionDescriptionOption":"UseText","AllowFreeResponse":"false","InputWidth":90,"InputHeight":29},"QuestionDescription":"Stage 4\/${e:\/\/Field\/numStages} You have received ${e:\/\/Field\/endowment} units. \u00a0 Please indicate...","Validation":{"Settings":{"ForceResponse":"ON","ForceResponseType":"ON","Type":"ContentType","ContentType":"ValidNumber","ValidDateType":"DateWithFormat","ValidPhoneType":"ValidUSPhone","ValidZipType":"ValidUSZip","ValidNumber":{"Min":"0","Max":" ${e:\/\/Field\/endowment}","NumDecimals":"2"}}},"GradingData":[],"Language":[],"NextChoiceId":11,"NextAnswerId":1,"QuestionText_Unsafe":"<strong>Stage 3\/${e:\/\/Field\/numStages}<\/strong>\n\n<div>\n<div><br>\nYou have received ${e:\/\/Field\/endowment} units.<br>\n&nbsp;<\/div>\n\n<div>Please indicate in the box below how many units to transfer to the public account.<br>\n<br>\nYour transfer to the public account (0- ${e:\/\/Field\/endowment}):&nbsp;<\/div>\n<\/div>","DataExportTag":"cont4","QuestionID":"QID11"}},{"SurveyID":"SV_6foomzrQmFFni17","Element":"SQ","PrimaryAttribute":"QID21","SecondaryAttribute":"Stage 5 ${e:\/\/Field\/a5} ${e:\/\/Field\/b5} ${e:\/\/Field\/c5} ${e:\/\/Field\/d5} ${e:\/\/Field\/sum5} ...","TertiaryAttribute":null,"Payload":{"QuestionText":"<table>\n\t<tbody>\n\t\t<tr>\n\t\t\t<td>Stage 5<\/td>\n\t\t\t<td>${e:\/\/Field\/a5}<\/td>\n\t\t\t<td>${e:\/\/Field\/b5}<\/td>\n\t\t\t<td>${e:\/\/Field\/c5}<\/td>\n\t\t\t<td>${e:\/\/Field\/d5}<\/td>\n\t\t\t<td>${e:\/\/Field\/sum5}<\/td>\n\t\t\t<td>${e:\/\/Field\/share5}<\/td>\n\t\t\t<td>${e:\/\/Field\/payoff5}<\/td>\n\t\t<\/tr>\n\t<\/tbody>\n<\/table>","DefaultChoices":false,"DataExportTag":"stage 5","QuestionType":"DB","Selector":"TB","DataVisibility":{"Private":false,"Hidden":false},"Configuration":{"QuestionDescriptionOption":"UseText"},"QuestionDescription":"Stage 5 ${e:\/\/Field\/a5} ${e:\/\/Field\/b5} ${e:\/\/Field\/c5} ${e:\/\/Field\/d5} ${e:\/\/Field\/sum5} ...","ChoiceOrder":[],"Validation":{"Settings":{"Type":"None"}},"GradingData":[],"Language":[],"NextChoiceId":4,"NextAnswerId":1,"QuestionID":"QID21","DisplayLogic":{"0":{"0":{"LogicType":"EmbeddedField","LeftOperand":"numStages","Operator":"GreaterThanOrEqual","RightOperand":"5","Type":"Expression","Description":"<span class=\"ConjDesc\">If<\/span>  <span class=\"LeftOpDesc\">numStages<\/span> <span class=\"OpDesc\">Is Greater Than or Equal to<\/span> <span class=\"RightOpDesc\"> 5 <\/span>"},"Type":"If"},"Type":"BooleanExpression","inPage":false}}},{"SurveyID":"SV_6foomzrQmFFni17","Element":"SQ","PrimaryAttribute":"QID12","SecondaryAttribute":"Stage 5\/${e:\/\/Field\/numStages} You have received ${e:\/\/Field\/endowment} units. \u00a0 Please indicate...","TertiaryAttribute":null,"Payload":{"QuestionText":"<strong>Stage 5\/${e:\/\/Field\/numStages}<\/strong>\n\n<div>\n<div><br>\nYou have received ${e:\/\/Field\/endowment} units.<br>\n&nbsp;<\/div>\n\n<div>Please indicate in the box below how many units to transfer to the public account.<br>\n<br>\nYour transfer to the public account (0 - ${e:\/\/Field\/endowment}):&nbsp;<\/div>\n<\/div>","DefaultChoices":false,"QuestionType":"TE","Selector":"SL","DataVisibility":{"Private":false,"Hidden":false},"Configuration":{"QuestionDescriptionOption":"UseText","AllowFreeResponse":"false","InputWidth":90,"InputHeight":29},"QuestionDescription":"Stage 5\/${e:\/\/Field\/numStages} You have received ${e:\/\/Field\/endowment} units. \u00a0 Please indicate...","Validation":{"Settings":{"ForceResponse":"ON","ForceResponseType":"ON","Type":"ContentType","ContentType":"ValidNumber","ValidDateType":"DateWithFormat","ValidPhoneType":"ValidUSPhone","ValidZipType":"ValidUSZip","ValidNumber":{"Min":"0","Max":" ${e:\/\/Field\/endowment}","NumDecimals":"2"}}},"GradingData":[],"Language":[],"NextChoiceId":11,"NextAnswerId":1,"QuestionText_Unsafe":"<strong>Stage 4\/${e:\/\/Field\/numStages}<\/strong>\n\n<div>\n<div><br>\nYou have received ${e:\/\/Field\/endowment} units.<br>\n&nbsp;<\/div>\n\n<div>Please indicate in the box below how many units to transfer to the public account.<br>\n<br>\nYour transfer to the public account (0- ${e:\/\/Field\/endowment}):&nbsp;<\/div>\n<\/div>","DataExportTag":"cont5","QuestionID":"QID12"}},{"SurveyID":"SV_6foomzrQmFFni17","Element":"SQ","PrimaryAttribute":"QID22","SecondaryAttribute":"Stage 6 ${e:\/\/Field\/a6} ${e:\/\/Field\/b6} ${e:\/\/Field\/c6} ${e:\/\/Field\/d6} ${e:\/\/Field\/sum6} ...","TertiaryAttribute":null,"Payload":{"QuestionText":"<table>\n\t<tbody>\n\t\t<tr>\n\t\t\t<td>Stage 6<\/td>\n\t\t\t<td>${e:\/\/Field\/a6}<\/td>\n\t\t\t<td>${e:\/\/Field\/b6}<\/td>\n\t\t\t<td>${e:\/\/Field\/c6}<\/td>\n\t\t\t<td>${e:\/\/Field\/d6}<\/td>\n\t\t\t<td>${e:\/\/Field\/sum6}<\/td>\n\t\t\t<td>${e:\/\/Field\/share6}<\/td>\n\t\t\t<td>${e:\/\/Field\/payoff6}<\/td>\n\t\t<\/tr>\n\t<\/tbody>\n<\/table>","DefaultChoices":false,"DataExportTag":"stage 6","QuestionType":"DB","Selector":"TB","DataVisibility":{"Private":false,"Hidden":false},"Configuration":{"QuestionDescriptionOption":"UseText"},"QuestionDescription":"Stage 6 ${e:\/\/Field\/a6} ${e:\/\/Field\/b6} ${e:\/\/Field\/c6} ${e:\/\/Field\/d6} ${e:\/\/Field\/sum6} ...","ChoiceOrder":[],"Validation":{"Settings":{"Type":"None"}},"GradingData":[],"Language":[],"NextChoiceId":4,"NextAnswerId":1,"QuestionID":"QID22","DisplayLogic":{"0":{"0":{"LogicType":"EmbeddedField","LeftOperand":"numStages","Operator":"GreaterThanOrEqual","RightOperand":"6","Type":"Expression","Description":"<span class=\"ConjDesc\">If<\/span>  <span class=\"LeftOpDesc\">numStages<\/span> <span class=\"OpDesc\">Is Greater Than or Equal to<\/span> <span class=\"RightOpDesc\"> 6 <\/span>"},"Type":"If"},"Type":"BooleanExpression","inPage":false}}},{"SurveyID":"SV_6foomzrQmFFni17","Element":"SQ","PrimaryAttribute":"QID13","SecondaryAttribute":"Stage 6\/${e:\/\/Field\/numStages} You have received ${e:\/\/Field\/endowment} units. \u00a0 Please indicate...","TertiaryAttribute":null,"Payload":{"QuestionText":"<strong>Stage 6\/${e:\/\/Field\/numStages}<\/strong>\n\n<div>\n<div><br>\nYou have received ${e:\/\/Field\/endowment} units.<br>\n&nbsp;<\/div>\n\n<div>Please indicate in the box below how many units to transfer to the public account.<br>\n<br>\nYour transfer to the public account (0 - ${e:\/\/Field\/endowment}):&nbsp;<\/div>\n<\/div>","DefaultChoices":false,"QuestionType":"TE","Selector":"SL","DataVisibility":{"Private":false,"Hidden":false},"Configuration":{"QuestionDescriptionOption":"UseText","AllowFreeResponse":"false","InputWidth":90,"InputHeight":29},"QuestionDescription":"Stage 6\/${e:\/\/Field\/numStages} You have received ${e:\/\/Field\/endowment} units. \u00a0 Please indicate...","Validation":{"Settings":{"ForceResponse":"ON","ForceResponseType":"ON","Type":"ContentType","ContentType":"ValidNumber","ValidDateType":"DateWithFormat","ValidPhoneType":"ValidUSPhone","ValidZipType":"ValidUSZip","ValidNumber":{"Min":"0","Max":" ${e:\/\/Field\/endowment}","NumDecimals":"2"}}},"GradingData":[],"Language":[],"NextChoiceId":11,"NextAnswerId":1,"QuestionText_Unsafe":"<strong>Stage 5\/${e:\/\/Field\/numStages}<\/strong>\n\n<div>\n<div><br>\nYou have received ${e:\/\/Field\/endowment} units.<br>\n&nbsp;<\/div>\n\n<div>Please indicate in the box below how many units to transfer to the public account.<br>\n<br>\nYour transfer to the public account (0- ${e:\/\/Field\/endowment}):&nbsp;<\/div>\n<\/div>","DataExportTag":"cont6","QuestionID":"QID13"}},{"SurveyID":"SV_6foomzrQmFFni17","Element":"SQ","PrimaryAttribute":"QID25","SecondaryAttribute":"Stage 7 ${e:\/\/Field\/a7} ${e:\/\/Field\/b7} ${e:\/\/Field\/c7} ${e:\/\/Field\/d7} ${e:\/\/Field\/sum7} ...","TertiaryAttribute":null,"Payload":{"QuestionText":"<table>\n\t<tbody>\n\t\t<tr>\n\t\t\t<td>Stage 7<\/td>\n\t\t\t<td>${e:\/\/Field\/a7}<\/td>\n\t\t\t<td>${e:\/\/Field\/b7}<\/td>\n\t\t\t<td>${e:\/\/Field\/c7}<\/td>\n\t\t\t<td>${e:\/\/Field\/d7}<\/td>\n\t\t\t<td>${e:\/\/Field\/sum7}<\/td>\n\t\t\t<td>${e:\/\/Field\/share7}<\/td>\n\t\t\t<td>${e:\/\/Field\/payoff7}<\/td>\n\t\t<\/tr>\n\t<\/tbody>\n<\/table>","DefaultChoices":false,"DataExportTag":"stage 7","QuestionType":"DB","Selector":"TB","DataVisibility":{"Private":false,"Hidden":false},"Configuration":{"QuestionDescriptionOption":"UseText"},"QuestionDescription":"Stage 7 ${e:\/\/Field\/a7} ${e:\/\/Field\/b7} ${e:\/\/Field\/c7} ${e:\/\/Field\/d7} ${e:\/\/Field\/sum7} ...","DisplayLogic":{"0":{"0":{"LogicType":"EmbeddedField","LeftOperand":"numStages","Operator":"GreaterThanOrEqual","RightOperand":"7","Type":"Expression","Description":"<span class=\"ConjDesc\">If<\/span>  <span class=\"LeftOpDesc\">numStages<\/span> <span class=\"OpDesc\">Is Greater Than or Equal to<\/span> <span class=\"RightOpDesc\"> 7 <\/span>"},"Type":"If"},"Type":"BooleanExpression","inPage":false},"ChoiceOrder":[],"Validation":{"Settings":{"Type":"None"}},"GradingData":[],"Language":[],"NextChoiceId":4,"NextAnswerId":1,"QuestionID":"QID25"}},{"SurveyID":"SV_6foomzrQmFFni17","Element":"SQ","PrimaryAttribute":"QID29","SecondaryAttribute":"Stage 7\/${e:\/\/Field\/numStages} You have received ${e:\/\/Field\/endowment} units. \u00a0 Please indicate...","TertiaryAttribute":null,"Payload":{"QuestionText":"<strong>Stage 7\/${e:\/\/Field\/numStages}<\/strong>\n\n<div>\n<div><br>\nYou have received ${e:\/\/Field\/endowment} units.<br>\n&nbsp;<\/div>\n\n<div>Please indicate in the box below how many units to transfer to the public account.<br>\n<br>\nYour transfer to the public account (0 - ${e:\/\/Field\/endowment}):&nbsp;<\/div>\n<\/div>","DefaultChoices":false,"QuestionType":"TE","Selector":"SL","DataVisibility":{"Private":false,"Hidden":false},"Configuration":{"QuestionDescriptionOption":"UseText","AllowFreeResponse":"false","InputWidth":90,"InputHeight":29},"QuestionDescription":"Stage 7\/${e:\/\/Field\/numStages} You have received ${e:\/\/Field\/endowment} units. \u00a0 Please indicate...","Validation":{"Settings":{"ForceResponse":"ON","ForceResponseType":"ON","Type":"ContentType","ContentType":"ValidNumber","ValidDateType":"DateWithFormat","ValidPhoneType":"ValidUSPhone","ValidZipType":"ValidUSZip","ValidNumber":{"Min":"0","Max":" ${e:\/\/Field\/endowment}","NumDecimals":"2"}}},"GradingData":[],"Language":[],"NextChoiceId":11,"NextAnswerId":1,"QuestionText_Unsafe":"<strong>Stage 6\/${e:\/\/Field\/numStages}<\/strong>\n\n<div>\n<div><br>\nYou have received ${e:\/\/Field\/endowment} units.<br>\n&nbsp;<\/div>\n\n<div>Please indicate in the box below how many units to transfer to the public account.<br>\n<br>\nYour transfer to the public account (0 - ${e:\/\/Field\/endowment}):&nbsp;<\/div>\n<\/div>","DataExportTag":"cont7","QuestionID":"QID29"}},{"SurveyID":"SV_6foomzrQmFFni17","Element":"SQ","PrimaryAttribute":"QID26","SecondaryAttribute":"Stage 8 ${e:\/\/Field\/a8} ${e:\/\/Field\/b8} ${e:\/\/Field\/c8} ${e:\/\/Field\/d8} ${e:\/\/Field\/sum8} ...","TertiaryAttribute":null,"Payload":{"QuestionText":"<table>\n\t<tbody>\n\t\t<tr>\n\t\t\t<td>Stage 8<\/td>\n\t\t\t<td>${e:\/\/Field\/a8}<\/td>\n\t\t\t<td>${e:\/\/Field\/b8}<\/td>\n\t\t\t<td>${e:\/\/Field\/c8}<\/td>\n\t\t\t<td>${e:\/\/Field\/d8}<\/td>\n\t\t\t<td>${e:\/\/Field\/sum8}<\/td>\n\t\t\t<td>${e:\/\/Field\/share8}<\/td>\n\t\t\t<td>${e:\/\/Field\/payoff8}<\/td>\n\t\t<\/tr>\n\t<\/tbody>\n<\/table>","DefaultChoices":false,"DataExportTag":"stage 8","QuestionType":"DB","Selector":"TB","DataVisibility":{"Private":false,"Hidden":false},"Configuration":{"QuestionDescriptionOption":"UseText"},"QuestionDescription":"Stage 8 ${e:\/\/Field\/a8} ${e:\/\/Field\/b8} ${e:\/\/Field\/c8} ${e:\/\/Field\/d8} ${e:\/\/Field\/sum8} ...","DisplayLogic":{"0":{"0":{"LogicType":"EmbeddedField","LeftOperand":"numStages","Operator":"GreaterThanOrEqual","RightOperand":"8","Type":"Expression","Description":"<span class=\"ConjDesc\">If<\/span>  <span class=\"LeftOpDesc\">numStages<\/span> <span class=\"OpDesc\">Is Greater Than or Equal to<\/span> <span class=\"RightOpDesc\"> 8 <\/span>"},"Type":"If"},"Type":"BooleanExpression","inPage":false},"ChoiceOrder":[],"Validation":{"Settings":{"Type":"None"}},"GradingData":[],"Language":[],"NextChoiceId":4,"NextAnswerId":1,"QuestionID":"QID26"}},{"SurveyID":"SV_6foomzrQmFFni17","Element":"SQ","PrimaryAttribute":"QID31","SecondaryAttribute":"Stage 8\/${e:\/\/Field\/numStages} You have received ${e:\/\/Field\/endowment} units. \u00a0 Please indicate...","TertiaryAttribute":null,"Payload":{"QuestionText":"<strong>Stage 8\/${e:\/\/Field\/numStages}<\/strong>\n\n<div>\n<div><br>\nYou have received ${e:\/\/Field\/endowment} units.<br>\n&nbsp;<\/div>\n\n<div>Please indicate in the box below how many units to transfer to the public account.<br>\n<br>\nYour transfer to the public account (0 - ${e:\/\/Field\/endowment}):&nbsp;<\/div>\n<\/div>","DefaultChoices":false,"QuestionType":"TE","Selector":"SL","DataVisibility":{"Private":false,"Hidden":false},"Configuration":{"QuestionDescriptionOption":"UseText","AllowFreeResponse":"false","InputWidth":90,"InputHeight":29},"QuestionDescription":"Stage 8\/${e:\/\/Field\/numStages} You have received ${e:\/\/Field\/endowment} units. \u00a0 Please indicate...","Validation":{"Settings":{"ForceResponse":"ON","ForceResponseType":"ON","Type":"ContentType","ContentType":"ValidNumber","ValidDateType":"DateWithFormat","ValidPhoneType":"ValidUSPhone","ValidZipType":"ValidUSZip","ValidNumber":{"Min":"0","Max":" ${e:\/\/Field\/endowment}","NumDecimals":"2"}}},"GradingData":[],"Language":[],"NextChoiceId":11,"NextAnswerId":1,"QuestionText_Unsafe":"<strong>Stage 7\/${e:\/\/Field\/numStages}<\/strong>\n\n<div>\n<div><br>\nYou have received ${e:\/\/Field\/endowment} units.<br>\n&nbsp;<\/div>\n\n<div>Please indicate in the box below how many units to transfer to the public account.<br>\n<br>\nYour transfer to the public account (0 - ${e:\/\/Field\/endowment}):&nbsp;<\/div>\n<\/div>","DataExportTag":"cont8","QuestionID":"QID31"}},{"SurveyID":"SV_6foomzrQmFFni17","Element":"SQ","PrimaryAttribute":"QID27","SecondaryAttribute":"Stage 9 ${e:\/\/Field\/a9} ${e:\/\/Field\/b9} ${e:\/\/Field\/c9} ${e:\/\/Field\/d9} ${e:\/\/Field\/sum9} ...","TertiaryAttribute":null,"Payload":{"QuestionText":"<table>\n\t<tbody>\n\t\t<tr>\n\t\t\t<td>Stage 9<\/td>\n\t\t\t<td>${e:\/\/Field\/a9}<\/td>\n\t\t\t<td>${e:\/\/Field\/b9}<\/td>\n\t\t\t<td>${e:\/\/Field\/c9}<\/td>\n\t\t\t<td>${e:\/\/Field\/d9}<\/td>\n\t\t\t<td>${e:\/\/Field\/sum9}<\/td>\n\t\t\t<td>${e:\/\/Field\/share9}<\/td>\n\t\t\t<td>${e:\/\/Field\/payoff9}<\/td>\n\t\t<\/tr>\n\t<\/tbody>\n<\/table>","DefaultChoices":false,"DataExportTag":"stage 9","QuestionType":"DB","Selector":"TB","DataVisibility":{"Private":false,"Hidden":false},"Configuration":{"QuestionDescriptionOption":"UseText"},"QuestionDescription":"Stage 9 ${e:\/\/Field\/a9} ${e:\/\/Field\/b9} ${e:\/\/Field\/c9} ${e:\/\/Field\/d9} ${e:\/\/Field\/sum9} ...","DisplayLogic":{"0":{"0":{"LogicType":"EmbeddedField","LeftOperand":"numStages","Operator":"GreaterThanOrEqual","RightOperand":"9","Type":"Expression","Description":"<span class=\"ConjDesc\">If<\/span>  <span class=\"LeftOpDesc\">numStages<\/span> <span class=\"OpDesc\">Is Greater Than or Equal to<\/span> <span class=\"RightOpDesc\"> 9 <\/span>"},"Type":"If"},"Type":"BooleanExpression","inPage":false},"ChoiceOrder":[],"Validation":{"Settings":{"Type":"None"}},"GradingData":[],"Language":[],"NextChoiceId":4,"NextAnswerId":1,"QuestionID":"QID27"}},{"SurveyID":"SV_6foomzrQmFFni17","Element":"SQ","PrimaryAttribute":"QID32","SecondaryAttribute":"Stage 9\/${e:\/\/Field\/numStages} You have received ${e:\/\/Field\/endowment} units. \u00a0 Please indicate...","TertiaryAttribute":null,"Payload":{"QuestionText":"<strong>Stage 9\/${e:\/\/Field\/numStages}<\/strong>\n\n<div>\n<div><br>\nYou have received ${e:\/\/Field\/endowment} units.<br>\n&nbsp;<\/div>\n\n<div>Please indicate in the box below how many units to transfer to the public account.<br>\n<br>\nYour transfer to the public account (0 - ${e:\/\/Field\/endowment}):&nbsp;<\/div>\n<\/div>","DefaultChoices":false,"QuestionType":"TE","Selector":"SL","DataVisibility":{"Private":false,"Hidden":false},"Configuration":{"QuestionDescriptionOption":"UseText","AllowFreeResponse":"false","InputWidth":90,"InputHeight":29},"QuestionDescription":"Stage 9\/${e:\/\/Field\/numStages} You have received ${e:\/\/Field\/endowment} units. \u00a0 Please indicate...","Validation":{"Settings":{"ForceResponse":"ON","ForceResponseType":"ON","Type":"ContentType","ContentType":"ValidNumber","ValidDateType":"DateWithFormat","ValidPhoneType":"ValidUSPhone","ValidZipType":"ValidUSZip","ValidNumber":{"Min":"0","Max":" ${e:\/\/Field\/endowment}","NumDecimals":"2"}}},"GradingData":[],"Language":[],"NextChoiceId":11,"NextAnswerId":1,"QuestionText_Unsafe":"<strong>Stage 8\/${e:\/\/Field\/numStages}<\/strong>\n\n<div>\n<div><br>\nYou have received ${e:\/\/Field\/endowment} units.<br>\n&nbsp;<\/div>\n\n<div>Please indicate in the box below how many units to transfer to the public account.<br>\n<br>\nYour transfer to the public account (0 - ${e:\/\/Field\/endowment}):&nbsp;<\/div>\n<\/div>","DataExportTag":"cont9","QuestionID":"QID32"}},{"SurveyID":"SV_6foomzrQmFFni17","Element":"SQ","PrimaryAttribute":"QID5","SecondaryAttribute":"Tip: open this survey in 4 tabs \/ on 4 devices.Repeated Public Goods Game (6 rounds) 1. Participa...","TertiaryAttribute":null,"Payload":{"QuestionText":"<span style=\"color:#008080;\">Tip: open this survey in 4 tabs \/ on 4 devices.<\/span><br>\n<br>\n<br>\n<u><strong>Repeated Public Goods Game (6 rounds)<\/strong><\/u><br>\n<br>\n1. Participants are matched in groups of 4.\n<div>&nbsp;\n<div>2. Each participant receives ${e:\/\/Field\/endowment} units.<br>\n<br>\n3. Each participant can contribute any amount of X to the&nbsp;'public account', where 0 \u2264 X \u2264&nbsp;${e:\/\/Field\/endowment}.<br>\n<br>\n4. The participants' contributions&nbsp;to the public account are summed, multiplied by&nbsp;${e:\/\/Field\/multiplier} and the resulting amount is&nbsp;distributed equally among participants.<br>\n<br>\n5. A&nbsp;participant's&nbsp;payoff is:&nbsp;<\/div>\n\n<div>${e:\/\/Field\/endowment} - [the participant's contribution X]&nbsp;<\/div>\n\n<div>+ [total contribution of four participants] x&nbsp;${e:\/\/Field\/multiplier} \/ 4.<\/div>\n\n<div><br>\n6. Steps 2-5 are repeated 5 more times.<br>\n&nbsp;<\/div>\n\n<div>7. The experiment concludes.&nbsp;<\/div>\n<\/div>","DefaultChoices":false,"DataExportTag":"instructions","QuestionType":"DB","Selector":"TB","Configuration":{"QuestionDescriptionOption":"UseText"},"QuestionDescription":"Tip: open this survey in 4 tabs \/ on 4 devices.Repeated Public Goods Game (6 rounds) 1. Participa...","ChoiceOrder":[],"Validation":{"Settings":{"Type":"None"}},"GradingData":[],"Language":[],"NextChoiceId":4,"NextAnswerId":1,"QuestionID":"QID5","DataVisibility":{"Private":false,"Hidden":false}}},{"SurveyID":"SV_6foomzrQmFFni17","Element":"SQ","PrimaryAttribute":"QID18","SecondaryAttribute":"You are ${e:\/\/Field\/participantRole}. \u00a0 \u00a0 Contributions \u00a0 \u00a0 \u00a0 Stage A B C D Total Each player r","TertiaryAttribute":null,"Payload":{"QuestionText":"<div style=\"text-align: center;\"><span style=\"font-size:22px;\"><strong>You are ${e:\/\/Field\/participantRole}.<\/strong><\/span><br \/>\n<br \/>\n&nbsp;<\/div>\n\n<table>\n\t<tbody>\n\t\t<tr>\n\t\t\t<td style=\"text-align: center;\">&nbsp;<\/td>\n\t\t\t<td colspan=\"4\" style=\"text-align: center;\"><strong>Contributions<\/strong><\/td>\n\t\t\t<td style=\"text-align: center;\">&nbsp;<\/td>\n\t\t\t<td style=\"text-align: center;\">&nbsp;<\/td>\n\t\t\t<td style=\"text-align: center;\">&nbsp;<\/td>\n\t\t<\/tr>\n\t\t<tr>\n\t\t\t<td style=\"text-align: center;\"><strong>Stage<\/strong><\/td>\n\t\t\t<td style=\"text-align: center;\">A<\/td>\n\t\t\t<td style=\"text-align: center;\">B<\/td>\n\t\t\t<td style=\"text-align: center;\">C<\/td>\n\t\t\t<td style=\"text-align: center;\">D<\/td>\n\t\t\t<td style=\"text-align: center;\">Total<\/td>\n\t\t\t<td>Each player receives<\/td>\n\t\t\t<td style=\"text-align: center;\">Your payoff<\/td>\n\t\t<\/tr>\n\t<\/tbody>\n<\/table>","DefaultChoices":false,"DataExportTag":"header","QuestionType":"DB","Selector":"TB","Configuration":{"QuestionDescriptionOption":"UseText"},"QuestionDescription":"You are ${e:\/\/Field\/participantRole}. \u00a0 \u00a0 Contributions \u00a0 \u00a0 \u00a0 Stage A B C D Total Each player rec...","ChoiceOrder":[],"Validation":{"Settings":{"Type":"None"}},"GradingData":[],"Language":[],"NextChoiceId":4,"NextAnswerId":1,"QuestionID":"QID18","DataVisibility":{"Private":false,"Hidden":false}}},{"SurveyID":"SV_6foomzrQmFFni17","Element":"SQ","PrimaryAttribute":"QID17","SecondaryAttribute":"Your final payoff is: ${e:\/\/Field\/totalPayoff}\u00a0units.","TertiaryAttribute":null,"Payload":{"QuestionText":"<span style=\"font-weight: 700; text-align: center;\">Your final payoff is: ${e:\/\/Field\/totalPayoff}&nbsp;units.<\/span>","DefaultChoices":false,"DataExportTag":"Q20","QuestionType":"DB","Selector":"TB","Configuration":{"QuestionDescriptionOption":"UseText"},"QuestionDescription":"Your final payoff is: ${e:\/\/Field\/totalPayoff}\u00a0units.","ChoiceOrder":[],"Validation":{"Settings":{"Type":"None"}},"GradingData":[],"Language":[],"NextChoiceId":4,"NextAnswerId":1,"QuestionID":"QID17"}},{"SurveyID":"SV_6foomzrQmFFni17","Element":"SQ","PrimaryAttribute":"QID15","SecondaryAttribute":"Your total payoff is: ${e:\/\/Field\/totalPayoff}\u00a0units.","TertiaryAttribute":null,"Payload":{"QuestionText":"<br \/>\n<span style=\"font-weight: 700; text-align: center;\">Your total payoff is: ${e:\/\/Field\/totalPayoff}&nbsp;units.<\/span>","DefaultChoices":false,"DataExportTag":"total payoff","QuestionType":"DB","Selector":"TB","Configuration":{"QuestionDescriptionOption":"UseText"},"QuestionDescription":"Your total payoff is: ${e:\/\/Field\/totalPayoff}\u00a0units.","ChoiceOrder":[],"Validation":{"Settings":{"Type":"None"}},"GradingData":[],"Language":[],"NextChoiceId":4,"NextAnswerId":1,"QuestionID":"QID15","DataVisibility":{"Private":false,"Hidden":false}}}]}