{"SurveyEntry":{"SurveyID":"SV_29VJWkbpx4dlReB","SurveyName":"Third-Party Punishment TEMPLATE 2-1-2019","SurveyDescription":null,"SurveyOwnerID":"UR_9EUlTzKmzcqukcZ","SurveyBrandID":"cmu","DivisionID":null,"SurveyLanguage":"EN","SurveyActiveResponseSet":"RS_7WmOW7CQn5qru5L","SurveyStatus":"Active","SurveyStartDate":"0000-00-00 00:00:00","SurveyExpirationDate":"0000-00-00 00:00:00","SurveyCreationDate":"2019-01-28 12:23:48","CreatorID":"UR_9EUlTzKmzcqukcZ","LastModified":"2019-01-28 12:32:26","LastAccessed":"0000-00-00 00:00:00","LastActivated":"2019-01-28 12:32:26","Deleted":null},"SurveyElements":[{"SurveyID":"SV_29VJWkbpx4dlReB","Element":"BL","PrimaryAttribute":"Survey Blocks","SecondaryAttribute":null,"TertiaryAttribute":null,"Payload":{"0":{"Type":"Default","Description":"Dictator choice","ID":"BL_cGf14M3pXvxPRJz","BlockElements":[{"Type":"Question","QuestionID":"QID1"},{"Type":"Question","QuestionID":"QID6"}]},"1":{"Type":"Trash","Description":"Trash \/ Unused Questions","ID":"BL_3RhGWWHeqrkI0bb","BlockElements":[]},"2":{"Type":"Standard","SubType":"","Description":"Recipient intro","ID":"BL_3RkmNIfZv1KYg1n","BlockElements":[{"Type":"Question","QuestionID":"QID2"}]},"3":{"Type":"Standard","SubType":"Reference","Description":null,"ID":"BL_3dviCXEBlB0cpr7","LibraryID":"UR_9EUlTzKmzcqukcZ","ReferencedBlockID":"LB_9n5k2F4vJVq94b3"},"4":{"Type":"Standard","SubType":"","Description":"Recipient feedback","ID":"BL_eVVW4AWsaQODOx7","BlockElements":[{"Type":"Question","QuestionID":"QID3"}]},"5":{"Type":"Standard","SubType":"Reference","Description":null,"ID":"BL_3UcKkhKQrrg5JAh","LibraryID":"UR_9EUlTzKmzcqukcZ","ReferencedBlockID":"LB_8ArHs5HRd8EZSHr"},"6":{"Type":"Standard","SubType":"","Description":"Dictator feedback","ID":"BL_bPHL5zPUfWV6tKZ","BlockElements":[{"Type":"Question","QuestionID":"QID4"}]},"8":{"Type":"Standard","SubType":"Reference","Description":null,"ID":"BL_29uv0DU62REC8mh","LibraryID":"UR_9EUlTzKmzcqukcZ","ReferencedBlockID":"LB_1Mwc7rxFIwwlYZD"},"10":{"Type":"Standard","SubType":"Reference","Description":null,"ID":"BL_cZVKgJKq6BCMFSZ","LibraryID":"UR_9EUlTzKmzcqukcZ","ReferencedBlockID":"LB_b3gUraeO8OcVRtz"},"11":{"Type":"Standard","SubType":"","Description":"Intro","ID":"BL_56ysrnreTGNy2Sp","BlockElements":[{"Type":"Question","QuestionID":"QID5"}],"Options":{"BlockLocking":"false","RandomizeQuestions":"false","PreviousButton":"","previousButtonMID":"","NextButton":"Start Experiment","nextButtonMID":"","previousButtonLibraryID":"","nextButtonLibraryID":""}},"12":{"Type":"Standard","SubType":"","Description":"C decision","ID":"BL_9RippO6xMZy4l6t","BlockElements":[{"Type":"Question","QuestionID":"QID8"}]},"13":{"Type":"Standard","SubType":"","Description":"Observer info","ID":"BL_6gUHLZgtPCNLBcN","BlockElements":[{"Type":"Question","QuestionID":"QID7"}]},"14":{"Type":"Standard","SubType":"","Description":"C feedback","ID":"BL_3rWGZadodI9Zd4N","BlockElements":[{"Type":"Question","QuestionID":"QID10"},{"Type":"Question","QuestionID":"QID11"}]},"15":{"Type":"Standard","SubType":"","Description":"Dictator final feedback","ID":"BL_3IWHQodGEufJ5AN","BlockElements":[{"Type":"Question","QuestionID":"QID12"}]}}},{"SurveyID":"SV_29VJWkbpx4dlReB","Element":"FL","PrimaryAttribute":"Survey Flow","SecondaryAttribute":null,"TertiaryAttribute":null,"Payload":{"Type":"Root","FlowID":"FL_1","Flow":[{"Type":"EmbeddedData","FlowID":"FL_9","EmbeddedData":[{"Description":"researcherID","Type":"Recipient","Field":"researcherID","VariableType":"String","DataVisibility":[],"AnalyzeText":false},{"Description":"studyID","Type":"Recipient","Field":"studyID","VariableType":"String","DataVisibility":[],"AnalyzeText":false},{"Description":"groupID","Type":"Recipient","Field":"groupID","VariableType":"String","DataVisibility":[],"AnalyzeText":false},{"Description":"participantID","Type":"Custom","Field":"participantID","VariableType":"String","DataVisibility":[],"AnalyzeText":false,"Value":"${e:\/\/Field\/ResponseID}"},{"Description":"groupSize","Type":"Custom","Field":"groupSize","VariableType":"String","DataVisibility":[],"AnalyzeText":false,"Value":"3"},{"Description":"numStages","Type":"Custom","Field":"numStages","VariableType":"String","DataVisibility":[],"AnalyzeText":false,"Value":"2"},{"Description":"roles","Type":"Custom","Field":"roles","VariableType":"String","DataVisibility":[],"AnalyzeText":false,"Value":"A,B,C"},{"Description":"participantRole","Type":"Custom","Field":"participantRole","VariableType":"String","DataVisibility":[],"AnalyzeText":false,"Value":"random"},{"Description":"timeOutLog","Type":"Recipient","Field":"timeOutLog","VariableType":"String","DataVisibility":[],"AnalyzeText":false}]},{"Type":"EmbeddedData","FlowID":"FL_50","EmbeddedData":[{"Description":"botMatch","Type":"Custom","Field":"botMatch","VariableType":"String","DataVisibility":[],"AnalyzeText":false,"Value":"yes"}]},{"Type":"EmbeddedData","FlowID":"FL_22","EmbeddedData":[{"Description":"total","Type":"Custom","Field":"total","VariableType":"Scale","DataVisibility":[],"Value":"100"},{"Description":"thirdPartyAmount","Type":"Custom","Field":"thirdPartyAmount","VariableType":"Scale","DataVisibility":[],"Value":"50"},{"Description":"punishRatio","Type":"Custom","Field":"punishRatio","VariableType":"Scale","DataVisibility":[],"Value":"3"},{"Description":"punishment","Type":"Recipient","Field":"punishment","VariableType":"Scale","DataVisibility":[]},{"Description":"transfer","Type":"Recipient","Field":"transfer","VariableType":"Scale","DataVisibility":[]},{"Description":"payoff","Type":"Recipient","Field":"payoff","VariableType":"String","DataVisibility":[],"AnalyzeText":false}]},{"Type":"EmbeddedData","FlowID":"FL_39","EmbeddedData":[{"Description":"maxp","Type":"Custom","Field":"maxp","VariableType":"String","DataVisibility":[],"AnalyzeText":false,"Value":"$e{e:\/\/Field\/total \/ e:\/\/Field\/punishRatio}"}]},{"Type":"Block","ID":"BL_56ysrnreTGNy2Sp","FlowID":"FL_24"},{"Type":"Block","ID":"BL_3dviCXEBlB0cpr7","FlowID":"FL_10"},{"Type":"Branch","FlowID":"FL_13","Description":"New Branch","BranchLogic":{"0":{"0":{"LogicType":"EmbeddedField","LeftOperand":"participantRole","Operator":"EqualTo","RightOperand":"A","_HiddenExpression":false,"Type":"Expression","Description":"<span class=\"ConjDesc\">If<\/span>  <span class=\"LeftOpDesc\">participantRole<\/span> <span class=\"OpDesc\">Is Equal to<\/span> <span class=\"RightOpDesc\"> A <\/span>"},"Type":"If"},"Type":"BooleanExpression"},"Flow":[{"Type":"Block","ID":"BL_cGf14M3pXvxPRJz","FlowID":"FL_14"},{"Type":"EmbeddedData","FlowID":"FL_16","EmbeddedData":[{"Description":"transfer","Type":"Custom","Field":"transfer","VariableType":"String","DataVisibility":[],"AnalyzeText":false,"Value":"${q:\/\/QID1\/ChoiceNumericEntryValue\/11}"}]},{"Type":"EmbeddedData","FlowID":"FL_15","EmbeddedData":[{"Description":"sendStage","Type":"Custom","Field":"sendStage","VariableType":"String","DataVisibility":[],"AnalyzeText":false,"Value":"1"},{"Description":"sendData","Type":"Custom","Field":"sendData","VariableType":"String","DataVisibility":[],"AnalyzeText":false,"Value":"transfer"}]},{"Type":"Block","ID":"BL_3UcKkhKQrrg5JAh","FlowID":"FL_11"},{"Type":"Block","ID":"BL_bPHL5zPUfWV6tKZ","FlowID":"FL_17"},{"Type":"EmbeddedData","FlowID":"FL_44","EmbeddedData":[{"Description":"getData","Type":"Custom","Field":"getData","VariableType":"String","DataVisibility":[],"AnalyzeText":false,"Value":"C"},{"Description":"getStage","Type":"Custom","Field":"getStage","VariableType":"String","DataVisibility":[],"AnalyzeText":false,"Value":"2"},{"Description":"defaultData","Type":"Custom","Field":"defaultData","VariableType":"String","DataVisibility":[],"AnalyzeText":false,"Value":"1"},{"Description":"saveData","Type":"Custom","Field":"saveData","VariableType":"String","DataVisibility":[],"AnalyzeText":false,"Value":"punishment"}]},{"Type":"Block","ID":"BL_29uv0DU62REC8mh","FlowID":"FL_45"},{"Type":"EmbeddedData","FlowID":"FL_25","EmbeddedData":[{"Description":"payoff","Type":"Custom","Field":"payoff","VariableType":"String","DataVisibility":[],"AnalyzeText":false,"Value":"$e{e:\/\/Field\/total - e:\/\/Field\/transfer - e:\/\/Field\/punishment * e:\/\/Field\/punishRatio}"}]},{"Type":"Block","ID":"BL_3IWHQodGEufJ5AN","FlowID":"FL_49"}]},{"Type":"Branch","FlowID":"FL_18","Description":"New Branch","BranchLogic":{"0":{"0":{"LogicType":"EmbeddedField","LeftOperand":"participantRole","Operator":"EqualTo","RightOperand":"B","_HiddenExpression":false,"Type":"Expression","Description":"<span class=\"ConjDesc\">If<\/span>  <span class=\"LeftOpDesc\">participantRole<\/span> <span class=\"OpDesc\">Is Equal to<\/span> <span class=\"RightOpDesc\"> B <\/span>"},"Type":"If"},"Type":"BooleanExpression"},"Flow":[{"Type":"Block","ID":"BL_3RkmNIfZv1KYg1n","FlowID":"FL_19"},{"Type":"EmbeddedData","FlowID":"FL_26","EmbeddedData":[{"Description":"randomPercent","Type":"Custom","Field":"randomPercent","VariableType":"String","DataVisibility":[],"AnalyzeText":false,"Value":"${rand:\/\/int\/0:100}"}]},{"Type":"EmbeddedData","FlowID":"FL_20","EmbeddedData":[{"Description":"getStage","Type":"Custom","Field":"getStage","VariableType":"String","DataVisibility":[],"AnalyzeText":false,"Value":"1"},{"Description":"getData","Type":"Custom","Field":"getData","VariableType":"String","DataVisibility":[],"AnalyzeText":false,"Value":"A"},{"Description":"defaultData","Type":"Custom","Field":"defaultData","VariableType":"String","DataVisibility":[],"AnalyzeText":false,"Value":"$e{e:\/\/Field\/total * e:\/\/Field\/randomPercent \/ 100}"},{"Description":"saveData","Type":"Custom","Field":"saveData","VariableType":"String","DataVisibility":[],"AnalyzeText":false,"Value":"payoff"}]},{"Type":"Block","ID":"BL_29uv0DU62REC8mh","FlowID":"FL_12"},{"Type":"Block","ID":"BL_eVVW4AWsaQODOx7","FlowID":"FL_21"}]},{"Type":"Branch","FlowID":"FL_30","Description":"New Branch","BranchLogic":{"0":{"0":{"LogicType":"EmbeddedField","LeftOperand":"participantRole","Operator":"EqualTo","RightOperand":"C","_HiddenExpression":false,"Type":"Expression","Description":"<span class=\"ConjDesc\">If<\/span>  <span class=\"LeftOpDesc\">participantRole<\/span> <span class=\"OpDesc\">Is Equal to<\/span> <span class=\"RightOpDesc\"> C <\/span>"},"Type":"If"},"Type":"BooleanExpression"},"Flow":[{"Type":"Standard","ID":"BL_6gUHLZgtPCNLBcN","FlowID":"FL_32"},{"Type":"EmbeddedData","FlowID":"FL_33","EmbeddedData":[{"Description":"randomPercent","Type":"Custom","Field":"randomPercent","VariableType":"String","DataVisibility":[],"AnalyzeText":false,"Value":"${rand:\/\/int\/0:100}"}]},{"Type":"EmbeddedData","FlowID":"FL_34","EmbeddedData":[{"Description":"getStage","Type":"Custom","Field":"getStage","VariableType":"String","DataVisibility":[],"AnalyzeText":false,"Value":"1"},{"Description":"getData","Type":"Custom","Field":"getData","VariableType":"String","DataVisibility":[],"AnalyzeText":false,"Value":"A"},{"Description":"defaultData","Type":"Custom","Field":"defaultData","VariableType":"String","DataVisibility":[],"AnalyzeText":false,"Value":"$e{e:\/\/Field\/total * e:\/\/Field\/randomPercent \/ 100}"},{"Description":"saveData","Type":"Custom","Field":"saveData","VariableType":"String","DataVisibility":[],"AnalyzeText":false,"Value":"transfer"}]},{"Type":"Block","ID":"BL_29uv0DU62REC8mh","FlowID":"FL_35"},{"Type":"EmbeddedData","FlowID":"FL_40","EmbeddedData":[{"Description":"payoffA","Type":"Custom","Field":"payoffA","VariableType":"Scale","DataVisibility":[],"Value":"$e{e:\/\/Field\/total - e:\/\/Field\/transfer}"}]},{"Type":"EmbeddedData","FlowID":"FL_38","EmbeddedData":[{"Description":"maxPunishment","Type":"Custom","Field":"maxPunishment","VariableType":"String","DataVisibility":[],"AnalyzeText":false,"Value":"$e{ round ( e:\/\/Field\/payoffA \/ e:\/\/Field\/punishRatio , 2) }"}]},{"Type":"Standard","ID":"BL_9RippO6xMZy4l6t","FlowID":"FL_37"},{"Type":"EmbeddedData","FlowID":"FL_41","EmbeddedData":[{"Description":"punishment","Type":"Custom","Field":"punishment","VariableType":"String","DataVisibility":[],"AnalyzeText":false,"Value":"${q:\/\/QID8\/ChoiceTextEntryValue}"}]},{"Type":"EmbeddedData","FlowID":"FL_42","EmbeddedData":[{"Description":"sendData","Type":"Custom","Field":"sendData","VariableType":"String","DataVisibility":[],"AnalyzeText":false,"Value":"punishment"},{"Description":"sendStage","Type":"Custom","Field":"sendStage","VariableType":"String","DataVisibility":[],"AnalyzeText":false,"Value":"2"}]},{"Type":"Block","ID":"BL_3UcKkhKQrrg5JAh","FlowID":"FL_43"},{"Type":"EmbeddedData","FlowID":"FL_47","EmbeddedData":[{"Description":"payoff","Type":"Custom","Field":"payoff","VariableType":"String","DataVisibility":[],"AnalyzeText":false,"Value":"$e{e:\/\/Field\/thirdPartyAmount - e:\/\/Field\/punishment}"}]},{"Type":"Standard","ID":"BL_3rWGZadodI9Zd4N","FlowID":"FL_46"}]},{"Type":"Standard","ID":"BL_cZVKgJKq6BCMFSZ","FlowID":"FL_8"}],"Properties":{"Count":51,"RemovedFieldsets":[]}}},{"SurveyID":"SV_29VJWkbpx4dlReB","Element":"SO","PrimaryAttribute":"Survey Options","SecondaryAttribute":null,"TertiaryAttribute":null,"Payload":{"BackButton":"false","SaveAndContinue":"false","SurveyProtection":"PublicSurvey","BallotBoxStuffingPrevention":"false","NoIndex":"Yes","SecureResponseFiles":"true","SurveyExpiration":null,"SurveyTermination":"DisplayMessage","Header":"<script>\n\nQualtrics.SurveyEngine.addOnload(function()\n{\ndocument.getElementById(\"Plug\").remove();\n\n});\n\n<\/script>","Footer":"","ProgressBarDisplay":"None","PartialData":"+1 week","ValidationMessage":null,"PreviousButton":" \u2190 ","NextButton":"Next >>","SkinLibrary":"cmu","SkinType":"templated","Skin":{"brandingId":null,"templateId":"*2014","overrides":{"questionText":{"size":"16px"},"answerText":{"size":"14px"}}},"NewScoring":1,"CustomStyles":{"customCSS":".Skin .QuestionOuter {\n    -ms-overflow-style: -ms-autohiding-scrollbar;\n    padding-bottom: 10px;\n}\n"},"headerMid":"","EOSMessage":"MS_aYuRM60Sih3GuZT","ShowExportTags":"false","CollectGeoLocation":"false","SurveyTitle":"Online Survey Software | Qualtrics Survey Solutions","SurveyMetaDescription":"Qualtrics sophisticated online survey software solutions make creating online surveys easy. Learn more about Research Suite and get a free account today.","PasswordProtection":"No","AnonymizeResponse":"No","Password":"","RefererCheck":"No","RefererURL":"http:\/\/","RecaptchaV3":"false","RelevantID":"false","ResponseSummary":"No","EOSMessageLibrary":"UR_9EUlTzKmzcqukcZ","EOSRedirectURL":"https:\/\/","EmailThankYou":"false","ThankYouEmailMessageLibrary":null,"ThankYouEmailMessage":null,"ValidateMessage":"false","ValidationMessageLibrary":null,"InactiveSurvey":"DefaultMessage","PartialDataCloseAfter":"LastActivity","ActiveResponseSet":null,"InactiveMessageLibrary":"","InactiveMessage":"","AvailableLanguages":{"EN":[]},"ProtectSelectionIds":true,"PageTransition":"fade","SurveyName":"Third-Party Punishment DEMO 1-27-2019"}},{"SurveyID":"SV_29VJWkbpx4dlReB","Element":"SCO","PrimaryAttribute":"Scoring","SecondaryAttribute":null,"TertiaryAttribute":null,"Payload":{"ScoringCategories":[],"ScoringCategoryGroups":[],"ScoringSummaryCategory":null,"ScoringSummaryAfterQuestions":0,"ScoringSummaryAfterSurvey":0,"DefaultScoringCategory":null,"AutoScoringCategory":null}},{"SurveyID":"SV_29VJWkbpx4dlReB","Element":"PROJ","PrimaryAttribute":"CORE","SecondaryAttribute":null,"TertiaryAttribute":"1.1.0","Payload":{"ProjectCategory":"CORE","SchemaVersion":"1.1.0"}},{"SurveyID":"SV_29VJWkbpx4dlReB","Element":"STAT","PrimaryAttribute":"Survey Statistics","SecondaryAttribute":null,"TertiaryAttribute":null,"Payload":{"MobileCompatible":true,"ID":"Survey Statistics"}},{"SurveyID":"SV_29VJWkbpx4dlReB","Element":"QC","PrimaryAttribute":"Survey Question Count","SecondaryAttribute":"12","TertiaryAttribute":null,"Payload":null},{"SurveyID":"SV_29VJWkbpx4dlReB","Element":"SQ","PrimaryAttribute":"QID3","SecondaryAttribute":"A has sent you ${e:\/\/Field\/payoff} units.","TertiaryAttribute":null,"Payload":{"QuestionText":"A has sent you ${e:\/\/Field\/payoff} units.","DefaultChoices":false,"DataExportTag":"Q10","QuestionID":"QID3","QuestionType":"DB","Selector":"TB","Configuration":{"QuestionDescriptionOption":"UseText"},"QuestionDescription":"A has sent you ${e:\/\/Field\/payoff} units.","ChoiceOrder":[],"Validation":{"Settings":{"Type":"None"}},"GradingData":[],"Language":[],"NextChoiceId":4,"NextAnswerId":1,"DataVisibility":{"Private":false,"Hidden":false}}},{"SurveyID":"SV_29VJWkbpx4dlReB","Element":"SQ","PrimaryAttribute":"QID8","SecondaryAttribute":"A has transferred ${e:\/\/Field\/transfer} units to B. A kept ${e:\/\/Field\/payoffA} units. \u00a0 Now you...","TertiaryAttribute":null,"Payload":{"QuestionText":"A has transferred <strong>${e:\/\/Field\/transfer}<\/strong> units to B. A kept <strong>${e:\/\/Field\/payoffA}<\/strong> units.\n\n<div>&nbsp;<\/div>\n\n<div>Now you have the option to reduce A's payoff, by spending some of your own money. Remember that you have ${e:\/\/Field\/thirdPartyAmount} units. Each unit you spend will reduce A's payoff by ${e:\/\/Field\/punishRatio} units.<\/div>\n\n<div>&nbsp;<\/div>\n\n<div>Please indicate in the below how many units you want to spend on reducing A's payoff&nbsp;<\/div><div>(0 - ${e:\/\/Field\/maxPunishment} units):<\/div>","DefaultChoices":false,"DataExportTag":"Q15","QuestionType":"TE","Selector":"SL","Configuration":{"QuestionDescriptionOption":"UseText","InputWidth":76,"InputHeight":29,"AllowFreeResponse":"false"},"QuestionDescription":"A has transferred ${e:\/\/Field\/transfer} units to B. A kept ${e:\/\/Field\/payoffA} units. \u00a0 Now you...","Validation":{"Settings":{"ForceResponse":"ON","ForceResponseType":"ON","Type":"ContentType","ContentType":"ValidNumber","ValidDateType":"DateWithFormat","ValidPhoneType":"ValidUSPhone","ValidZipType":"ValidUSZip","ValidNumber":{"Min":"0","Max":"${e:\/\/Field\/maxPunishment}","NumDecimals":"2"}}},"GradingData":[],"Language":[],"NextChoiceId":4,"NextAnswerId":1,"QuestionID":"QID8","DataVisibility":{"Private":false,"Hidden":false}}},{"SurveyID":"SV_29VJWkbpx4dlReB","Element":"RS","PrimaryAttribute":"RS_7WmOW7CQn5qru5L","SecondaryAttribute":"Default Response Set","TertiaryAttribute":null,"Payload":null},{"SurveyID":"SV_29VJWkbpx4dlReB","Element":"SQ","PrimaryAttribute":"QID5","SecondaryAttribute":"Tip: open this survey in 3 tabs \/ on 3 devices.Third-Party Punishment 1. Participants are matched...","TertiaryAttribute":null,"Payload":{"QuestionText":"<span style=\"color:#008080;\">Tip: open this survey in 3 tabs \/ on 3 devices.<\/span><br>\n<br>\n<br><u><strong>Third-Party Punishment<\/strong><\/u><br>\n<br>\n1. Participants are matched in groups of 3.\n<div>&nbsp;\n<div>2. Within each group, one participant is assigned to Role A, one participant is assigned to Role B, and one participant is assigned to&nbsp;Role C.<\/div>\n\n<div>&nbsp;<\/div>\n\n<div>3. A&nbsp;decides how to allocate&nbsp;${e:\/\/Field\/total}&nbsp;units between A and B. A can transfer&nbsp;X&nbsp;units to B, where 0 \u2264 X \u2264&nbsp;${e:\/\/Field\/total}. A receives (${e:\/\/Field\/total}-X)&nbsp;units.<\/div>\n\n<div><br>\n4. B does not make any decision, B simply receives X&nbsp;units.<\/div><div><br><\/div><div>5. C receives ${e:\/\/Field\/thirdPartyAmount} units. C observes A's allocation decision between A and B, and then C has the option to reduce A's payoff by spending his or her own units. By spending 1 unit, C reduces A's payoff by ${e:\/\/Field\/punishRatio} units.<\/div>\n\n<div>&nbsp;<\/div>\n\n<div>6. The experiment concludes.&nbsp;<\/div>\n<\/div>","DefaultChoices":false,"DataExportTag":"instructions","QuestionType":"DB","Selector":"TB","Configuration":{"QuestionDescriptionOption":"UseText"},"QuestionDescription":"Tip: open this survey in 3 tabs \/ on 3 devices.Third-Party Punishment 1. Participants are matched...","ChoiceOrder":[],"Validation":{"Settings":{"Type":"None"}},"GradingData":[],"Language":[],"NextChoiceId":4,"NextAnswerId":1,"QuestionID":"QID5","DataVisibility":{"Private":false,"Hidden":false}}},{"SurveyID":"SV_29VJWkbpx4dlReB","Element":"SQ","PrimaryAttribute":"QID11","SecondaryAttribute":"You decided to spend ${e:\/\/Field\/punishment} units to reduce A's payoff by $e{e:\/\/Field\/punishmen...","TertiaryAttribute":null,"Payload":{"QuestionText":"You decided to spend ${e:\/\/Field\/punishment} units to reduce A&#39;s payoff by $e{e:\/\/Field\/punishment * e:\/\/Field\/punishRatio} units.\n<div>&nbsp;<\/div>\n\n<div>Your payoff is ${e:\/\/Field\/payoff} units.<\/div>","DefaultChoices":false,"DataExportTag":"Q18","QuestionType":"DB","Selector":"TB","DataVisibility":{"Private":false,"Hidden":false},"Configuration":{"QuestionDescriptionOption":"UseText"},"QuestionDescription":"You decided to spend ${e:\/\/Field\/punishment} units to reduce A's payoff by $e{e:\/\/Field\/punishmen...","DisplayLogic":{"0":{"0":{"LogicType":"EmbeddedField","LeftOperand":"punishment","Operator":"GreaterThan","RightOperand":"0","Type":"Expression","Description":"<span class=\"ConjDesc\">If<\/span>  <span class=\"LeftOpDesc\">punishment<\/span> <span class=\"OpDesc\">Is Greater Than<\/span> <span class=\"RightOpDesc\"> 0 <\/span>"},"Type":"If"},"Type":"BooleanExpression","inPage":false},"ChoiceOrder":[],"Validation":{"Settings":{"Type":"None"}},"GradingData":[],"Language":[],"NextChoiceId":4,"NextAnswerId":1,"QuestionID":"QID11"}},{"SurveyID":"SV_29VJWkbpx4dlReB","Element":"SQ","PrimaryAttribute":"QID10","SecondaryAttribute":"You did not reduce A's payoff. Your payoff is ${e:\/\/Field\/payoff} units.","TertiaryAttribute":null,"Payload":{"QuestionText":"You did not reduce A's payoff.<div><br><\/div><div>Your payoff is ${e:\/\/Field\/payoff} units.<\/div>","DefaultChoices":false,"DataExportTag":"Q17","QuestionType":"DB","Selector":"TB","Configuration":{"QuestionDescriptionOption":"UseText"},"QuestionDescription":"You did not reduce A's payoff. Your payoff is ${e:\/\/Field\/payoff} units.","DisplayLogic":{"0":{"0":{"LogicType":"EmbeddedField","LeftOperand":"punishment","Operator":"EqualTo","RightOperand":"0","Type":"Expression","Description":"<span class=\"ConjDesc\">If<\/span>  <span class=\"LeftOpDesc\">punishment<\/span> <span class=\"OpDesc\">Is Equal to<\/span> <span class=\"RightOpDesc\"> 0 <\/span>"},"Type":"If"},"Type":"BooleanExpression","inPage":false},"ChoiceOrder":[],"Validation":{"Settings":{"Type":"None"}},"GradingData":[],"Language":[],"NextChoiceId":4,"NextAnswerId":1,"QuestionID":"QID10"}},{"SurveyID":"SV_29VJWkbpx4dlReB","Element":"SQ","PrimaryAttribute":"QID1","SecondaryAttribute":"You have been assigned to Role A. \u00a0 Your task is to allocate ${e:\/\/Field\/total} units between you..","TertiaryAttribute":null,"Payload":{"QuestionText":"You have been assigned to Role A.\n<div i=\"\">&nbsp;<\/div>\n\n<div>Your task is to allocate ${e:\/\/Field\/total} units between you and B.<\/div>\n\n<div id=\"myValue\">&nbsp;<\/div>\n\n<div>Please use the slider below to indicate how many units (0-100) to transfer to B. B will receive these units.&nbsp;<\/div>\n\n<div>You will keep the rest of the ${e:\/\/Field\/total} units.<\/div>","QuestionJS":"Qualtrics.SurveyEngine.addOnload(function()\n{\n\tvar thisValue = null;\n\n\tthis.questionclick = function(){\n    thisValue = this.getChoiceValue(11);\n\tdocument.getElementById(\"payoffB\").innerHTML= thisValue; \/\/ use this to update DOM element on page\n\tdocument.getElementById(\"payoffA\").innerHTML = Qualtrics.SurveyEngine.getEmbeddedData(\"total\") - thisValue; \/\/ update ED\n\n}\n});","DefaultChoices":false,"DataExportTag":"transfer","QuestionID":"QID1","QuestionType":"Slider","Selector":"HBAR","DataVisibility":{"Private":false,"Hidden":false},"Configuration":{"QuestionDescriptionOption":"UseText","CSSliderMin":0,"CSSliderMax":100,"GridLines":10,"NumDecimals":"0","ShowValue":true,"CustomStart":false,"SliderStartPositions":{"11":0},"NotApplicable":false,"MobileFirst":false,"CenterLabels":false},"QuestionDescription":"You have been assigned to Role A. \u00a0 Your task is to allocate ${e:\/\/Field\/total} units between you...","Choices":{"11":{"Display":"Your transfer to B:"}},"ChoiceOrder":["11"],"Validation":{"Settings":{"ForceResponse":"ON","ForceResponseType":"ON","Type":"None"}},"GradingData":[],"Language":[],"NextChoiceId":14,"NextAnswerId":1,"Labels":[]}},{"SurveyID":"SV_29VJWkbpx4dlReB","Element":"SQ","PrimaryAttribute":"QID2","SecondaryAttribute":"You have been assigned to Role B. \u00a0 Participant A will\u00a0allocate ${e:\/\/Field\/total} units between..","TertiaryAttribute":null,"Payload":{"QuestionText":"You have been assigned to Role B.\n<div>&nbsp;<\/div>\n\n<div>Participant A will&nbsp;allocate ${e:\/\/Field\/total} units between him\/her and you.<\/div>\n\n<div>&nbsp;<\/div>\n\n<div>On the next screen, you will have to wait until A makes a decision.<\/div>","DefaultChoices":false,"DataExportTag":"Q9","QuestionType":"DB","Selector":"TB","Configuration":{"QuestionDescriptionOption":"UseText"},"QuestionDescription":"You have been assigned to Role B. \u00a0 Participant A will\u00a0allocate ${e:\/\/Field\/total} units between...","ChoiceOrder":[],"Validation":{"Settings":{"Type":"None"}},"GradingData":[],"Language":[],"NextChoiceId":4,"NextAnswerId":1,"QuestionID":"QID2","DataVisibility":{"Private":false,"Hidden":false}}},{"SurveyID":"SV_29VJWkbpx4dlReB","Element":"SQ","PrimaryAttribute":"QID7","SecondaryAttribute":"You have been assigned to Role C. You have received ${e:\/\/Field\/thirdPartyAmount} units. \u00a0 Partic..","TertiaryAttribute":null,"Payload":{"QuestionText":"You have been assigned to Role C. You have received ${e:\/\/Field\/thirdPartyAmount} units.\n<div>&nbsp;<\/div>\n\n<div>Participant A will allocate ${e:\/\/Field\/total} units between A and B.<\/div>\n\n<div>&nbsp;<\/div>\n\n<div>On the next screen, you will have to wait until A makes a decision.<\/div>","DefaultChoices":false,"DataExportTag":"Q14","QuestionType":"DB","Selector":"TB","Configuration":{"QuestionDescriptionOption":"UseText"},"QuestionDescription":"You have been assigned to Role C. You have received ${e:\/\/Field\/thirdPartyAmount} units. \u00a0 Partic...","ChoiceOrder":[],"Validation":{"Settings":{"Type":"None"}},"GradingData":[],"Language":[],"NextChoiceId":4,"NextAnswerId":1,"QuestionID":"QID7","DataVisibility":{"Private":false,"Hidden":false}}},{"SurveyID":"SV_29VJWkbpx4dlReB","Element":"SQ","PrimaryAttribute":"QID4","SecondaryAttribute":"You transferred ${e:\/\/Field\/transfer} units to B. You kept (${e:\/\/Field\/total} - ...","TertiaryAttribute":null,"Payload":{"QuestionText":"You transferred ${e:\/\/Field\/transfer} units to B.<br>\n<br>\nYou kept (${e:\/\/Field\/total} - ${e:\/\/Field\/transfer}) = $e{e:\/\/Field\/total - e:\/\/Field\/transfer} units.<div><br><\/div><div>Now C will make a decision whether to reduce your payment or not. On the next screen, you will have to wait until C makes a decision.<\/div>","DefaultChoices":false,"DataExportTag":"dictator feedback","QuestionType":"DB","Selector":"TB","Configuration":{"QuestionDescriptionOption":"UseText"},"QuestionDescription":"You transferred ${e:\/\/Field\/transfer} units to B. You kept (${e:\/\/Field\/total} - ...","ChoiceOrder":[],"Validation":{"Settings":{"Type":"None"}},"GradingData":[],"Language":[],"NextChoiceId":4,"NextAnswerId":1,"QuestionID":"QID4","DataVisibility":{"Private":false,"Hidden":false}}},{"SurveyID":"SV_29VJWkbpx4dlReB","Element":"SQ","PrimaryAttribute":"QID12","SecondaryAttribute":"You transferred ${e:\/\/Field\/transfer} units to B. You kept (${e:\/\/Field\/total} - ...","TertiaryAttribute":null,"Payload":{"QuestionText":"You transferred ${e:\/\/Field\/transfer} units to B.<br \/>\n<br \/>\nYou kept (${e:\/\/Field\/total} - ${e:\/\/Field\/transfer}) = $e{e:\/\/Field\/total - e:\/\/Field\/transfer} units.\n<div>&nbsp;<\/div>\n\n<div>C spent ${e:\/\/Field\/punishment} units from his or her money to reduce your payment by $e{e:\/\/Field\/punishment * e:\/\/Field\/punishRatio} units.<br \/>\n<br \/>\nYour final payoff is <strong>${e:\/\/Field\/payoff}<\/strong> units.<\/div>","DefaultChoices":false,"DataExportTag":"Q19","QuestionType":"DB","Selector":"TB","Configuration":{"QuestionDescriptionOption":"UseText"},"QuestionDescription":"You transferred ${e:\/\/Field\/transfer} units to B. You kept (${e:\/\/Field\/total} - ...","ChoiceOrder":[],"Validation":{"Settings":{"Type":"None"}},"GradingData":[],"Language":[],"NextChoiceId":4,"NextAnswerId":1,"QuestionID":"QID12"}},{"SurveyID":"SV_29VJWkbpx4dlReB","Element":"SQ","PrimaryAttribute":"QID6","SecondaryAttribute":"You will keep ? units. B will receive ? units.","TertiaryAttribute":null,"Payload":{"QuestionText":"<div style=\"text-align: center;\">You will keep <span id=\"payoffA\">?<\/span> units.<br \/>\nB will receive <span id=\"payoffB\">?<\/span> units.<\/div>","DefaultChoices":false,"DataExportTag":"live feedback","QuestionType":"DB","Selector":"TB","Configuration":{"QuestionDescriptionOption":"UseText"},"QuestionDescription":"You will keep ? units. B will receive ? units.","ChoiceOrder":[],"Validation":{"Settings":{"Type":"None"}},"GradingData":[],"Language":[],"NextChoiceId":4,"NextAnswerId":1,"QuestionID":"QID6","DataVisibility":{"Private":false,"Hidden":false}}}]}