{"SurveyEntry":{"SurveyID":"SV_bgdLG0CuqhaNaSh","SurveyName":"Ultimatum Game TEMPLATE 2-1-2019","SurveyDescription":null,"SurveyOwnerID":"UR_9EUlTzKmzcqukcZ","SurveyBrandID":"cmu","DivisionID":null,"SurveyLanguage":"EN","SurveyActiveResponseSet":"RS_0VUJhmDa0DCKKVL","SurveyStatus":"Active","SurveyStartDate":"0000-00-00 00:00:00","SurveyExpirationDate":"0000-00-00 00:00:00","SurveyCreationDate":"2019-01-28 12:18:44","CreatorID":"UR_9EUlTzKmzcqukcZ","LastModified":"2019-01-28 12:19:38","LastAccessed":"0000-00-00 00:00:00","LastActivated":"2019-01-28 12:19:38","Deleted":null},"SurveyElements":[{"SurveyID":"SV_bgdLG0CuqhaNaSh","Element":"BL","PrimaryAttribute":"Survey Blocks","SecondaryAttribute":null,"TertiaryAttribute":null,"Payload":{"0":{"Type":"Default","Description":"Dictator choice","ID":"BL_cGf14M3pXvxPRJz","BlockElements":[{"Type":"Question","QuestionID":"QID1"}]},"1":{"Type":"Trash","Description":"Trash \/ Unused Questions","ID":"BL_3RhGWWHeqrkI0bb","BlockElements":[]},"2":{"Type":"Standard","SubType":"","Description":"Recipient intro","ID":"BL_3RkmNIfZv1KYg1n","BlockElements":[{"Type":"Question","QuestionID":"QID2"}]},"3":{"Type":"Standard","SubType":"Reference","Description":null,"ID":"BL_3dviCXEBlB0cpr7","LibraryID":"UR_9EUlTzKmzcqukcZ","ReferencedBlockID":"LB_9n5k2F4vJVq94b3"},"4":{"Type":"Standard","SubType":"","Description":"Recipient decision","ID":"BL_eVVW4AWsaQODOx7","BlockElements":[{"Type":"Question","QuestionID":"QID3"}]},"5":{"Type":"Standard","SubType":"Reference","Description":null,"ID":"BL_3UcKkhKQrrg5JAh","LibraryID":"UR_9EUlTzKmzcqukcZ","ReferencedBlockID":"LB_8ArHs5HRd8EZSHr"},"8":{"Type":"Standard","SubType":"Reference","Description":null,"ID":"BL_29uv0DU62REC8mh","LibraryID":"UR_9EUlTzKmzcqukcZ","ReferencedBlockID":"LB_1Mwc7rxFIwwlYZD"},"10":{"Type":"Standard","SubType":"Reference","Description":null,"ID":"BL_cZVKgJKq6BCMFSZ","LibraryID":"UR_9EUlTzKmzcqukcZ","ReferencedBlockID":"LB_b3gUraeO8OcVRtz"},"11":{"Type":"Standard","SubType":"","Description":"Intro","ID":"BL_56ysrnreTGNy2Sp","BlockElements":[{"Type":"Question","QuestionID":"QID5"}],"Options":{"BlockLocking":"false","RandomizeQuestions":"false","PreviousButton":"","previousButtonMID":"","NextButton":"Start Experiment","nextButtonMID":"","previousButtonLibraryID":"","nextButtonLibraryID":""}},"12":{"Type":"Standard","SubType":"","Description":"Recipient feedback","ID":"BL_0HW0yVFSrF54YJf","BlockElements":[{"Type":"Question","QuestionID":"QID6"},{"Type":"Question","QuestionID":"QID7"}]},"13":{"Type":"Standard","SubType":"","Description":"Allocator feedback 2","ID":"BL_9pBjA5swjKtfPzn","BlockElements":[{"Type":"Question","QuestionID":"QID8"},{"Type":"Question","QuestionID":"QID9"}]},"14":{"Type":"Standard","SubType":"","Description":"Allocator feedback 1","ID":"BL_e2kLZTBQlgUc417","BlockElements":[{"Type":"Question","QuestionID":"QID10"}]}}},{"SurveyID":"SV_bgdLG0CuqhaNaSh","Element":"FL","PrimaryAttribute":"Survey Flow","SecondaryAttribute":null,"TertiaryAttribute":null,"Payload":{"Type":"Root","FlowID":"FL_1","Flow":[{"Type":"EmbeddedData","FlowID":"FL_9","EmbeddedData":[{"Description":"researcherID","Type":"Recipient","Field":"researcherID","VariableType":"String","DataVisibility":[],"AnalyzeText":false},{"Description":"studyID","Type":"Recipient","Field":"studyID","VariableType":"String","DataVisibility":[],"AnalyzeText":false},{"Description":"groupID","Type":"Recipient","Field":"groupID","VariableType":"String","DataVisibility":[],"AnalyzeText":false},{"Description":"participantID","Type":"Custom","Field":"participantID","VariableType":"String","DataVisibility":[],"AnalyzeText":false,"Value":"${e:\/\/Field\/ResponseID}"},{"Description":"groupSize","Type":"Custom","Field":"groupSize","VariableType":"String","DataVisibility":[],"AnalyzeText":false,"Value":"2"},{"Description":"numStages","Type":"Custom","Field":"numStages","VariableType":"String","DataVisibility":[],"AnalyzeText":false,"Value":"2"},{"Description":"roles","Type":"Custom","Field":"roles","VariableType":"String","DataVisibility":[],"AnalyzeText":false,"Value":"A,B"},{"Description":"participantRole","Type":"Custom","Field":"participantRole","VariableType":"String","DataVisibility":[],"AnalyzeText":false,"Value":"random"},{"Description":"timeOutLog","Type":"Recipient","Field":"timeOutLog","VariableType":"String","DataVisibility":[],"AnalyzeText":false}]},{"Type":"EmbeddedData","FlowID":"FL_40","EmbeddedData":[{"Description":"botMatch","Type":"Custom","Field":"botMatch","VariableType":"String","DataVisibility":[],"AnalyzeText":false,"Value":"yes"}]},{"Type":"EmbeddedData","FlowID":"FL_22","EmbeddedData":[{"Description":"total","Type":"Custom","Field":"total","VariableType":"String","DataVisibility":[],"AnalyzeText":false,"Value":"100"},{"Description":"offer","Type":"Recipient","Field":"offer","VariableType":"String","DataVisibility":[],"AnalyzeText":false},{"Description":"decision","Type":"Recipient","Field":"decision","VariableType":"String","DataVisibility":[],"AnalyzeText":false},{"Description":"payoff","Type":"Custom","Field":"payoff","VariableType":"String","DataVisibility":[],"AnalyzeText":false,"Value":"0"}]},{"Type":"Block","ID":"BL_56ysrnreTGNy2Sp","FlowID":"FL_24"},{"Type":"Block","ID":"BL_3dviCXEBlB0cpr7","FlowID":"FL_10"},{"Type":"Branch","FlowID":"FL_13","Description":"New Branch","BranchLogic":{"0":{"0":{"LogicType":"EmbeddedField","LeftOperand":"participantRole","Operator":"EqualTo","RightOperand":"A","_HiddenExpression":false,"Type":"Expression","Description":"<span class=\"ConjDesc\">If<\/span>  <span class=\"LeftOpDesc\">participantRole<\/span> <span class=\"OpDesc\">Is Equal to<\/span> <span class=\"RightOpDesc\"> A <\/span>"},"Type":"If"},"Type":"BooleanExpression"},"Flow":[{"Type":"Block","ID":"BL_cGf14M3pXvxPRJz","FlowID":"FL_14"},{"Type":"EmbeddedData","FlowID":"FL_16","EmbeddedData":[{"Description":"offer","Type":"Custom","Field":"offer","VariableType":"String","DataVisibility":[],"AnalyzeText":false,"Value":"${q:\/\/QID1\/ChoiceTextEntryValue}"}]},{"Type":"EmbeddedData","FlowID":"FL_15","EmbeddedData":[{"Description":"sendStage","Type":"Custom","Field":"sendStage","VariableType":"String","DataVisibility":[],"AnalyzeText":false,"Value":"1"},{"Description":"sendData","Type":"Custom","Field":"sendData","VariableType":"String","DataVisibility":[],"AnalyzeText":false,"Value":"offer"}]},{"Type":"Block","ID":"BL_3UcKkhKQrrg5JAh","FlowID":"FL_11"},{"Type":"Standard","ID":"BL_e2kLZTBQlgUc417","FlowID":"FL_39"},{"Type":"EmbeddedData","FlowID":"FL_30","EmbeddedData":[{"Description":"getStage","Type":"Custom","Field":"getStage","VariableType":"String","DataVisibility":[],"AnalyzeText":false,"Value":"2"},{"Description":"getData","Type":"Custom","Field":"getData","VariableType":"String","DataVisibility":[],"AnalyzeText":false,"Value":"B"},{"Description":"defaultData","Type":"Custom","Field":"defaultData","VariableType":"String","DataVisibility":[],"AnalyzeText":false,"Value":"${rand:\/\/int\/1:2}"},{"Description":"saveData","Type":"Custom","Field":"saveData","VariableType":"String","DataVisibility":[],"AnalyzeText":false,"Value":"decision"}]},{"Type":"Block","ID":"BL_29uv0DU62REC8mh","FlowID":"FL_31"},{"Type":"Branch","FlowID":"FL_33","Description":"New Branch","BranchLogic":{"0":{"0":{"LogicType":"EmbeddedField","LeftOperand":"decision","Operator":"EqualTo","RightOperand":"1","_HiddenExpression":false,"Type":"Expression","Description":"<span class=\"ConjDesc\">If<\/span>  <span class=\"LeftOpDesc\">decision<\/span> <span class=\"OpDesc\">Is Equal to<\/span> <span class=\"RightOpDesc\"> 1 <\/span>"},"Type":"If"},"Type":"BooleanExpression"},"Flow":[{"Type":"EmbeddedData","FlowID":"FL_34","EmbeddedData":[{"Description":"payoff","Type":"Custom","Field":"payoff","VariableType":"String","DataVisibility":[],"AnalyzeText":false,"Value":"$e{e:\/\/Field\/total - e:\/\/Field\/offer}"}]}]},{"Type":"Standard","ID":"BL_9pBjA5swjKtfPzn","FlowID":"FL_29"}]},{"Type":"Branch","FlowID":"FL_18","Description":"New Branch","BranchLogic":{"0":{"0":{"LogicType":"EmbeddedField","LeftOperand":"participantRole","Operator":"EqualTo","RightOperand":"B","_HiddenExpression":false,"Type":"Expression","Description":"<span class=\"ConjDesc\">If<\/span>  <span class=\"LeftOpDesc\">participantRole<\/span> <span class=\"OpDesc\">Is Equal to<\/span> <span class=\"RightOpDesc\"> B <\/span>"},"Type":"If"},"Type":"BooleanExpression"},"Flow":[{"Type":"Block","ID":"BL_3RkmNIfZv1KYg1n","FlowID":"FL_19"},{"Type":"EmbeddedData","FlowID":"FL_38","EmbeddedData":[{"Description":"randomPercent","Type":"Custom","Field":"randomPercent","VariableType":"String","DataVisibility":[],"AnalyzeText":false,"Value":"${rand:\/\/int\/0:100}"}]},{"Type":"EmbeddedData","FlowID":"FL_20","EmbeddedData":[{"Description":"getStage","Type":"Custom","Field":"getStage","VariableType":"String","DataVisibility":[],"AnalyzeText":false,"Value":"1"},{"Description":"getData","Type":"Custom","Field":"getData","VariableType":"String","DataVisibility":[],"AnalyzeText":false,"Value":"A"},{"Description":"defaultData","Type":"Custom","Field":"defaultData","VariableType":"String","DataVisibility":[],"AnalyzeText":false,"Value":"$e{e:\/\/Field\/total * e:\/\/Field\/randomPercent \/ 100}"},{"Description":"saveData","Type":"Custom","Field":"saveData","VariableType":"String","DataVisibility":[],"AnalyzeText":false,"Value":"offer"}]},{"Type":"Block","ID":"BL_29uv0DU62REC8mh","FlowID":"FL_12"},{"Type":"Block","ID":"BL_eVVW4AWsaQODOx7","FlowID":"FL_21"},{"Type":"EmbeddedData","FlowID":"FL_26","EmbeddedData":[{"Description":"decision","Type":"Custom","Field":"decision","VariableType":"String","DataVisibility":[],"AnalyzeText":false,"Value":"${q:\/\/QID3\/SelectedChoicesRecode}"}]},{"Type":"EmbeddedData","FlowID":"FL_27","EmbeddedData":[{"Description":"sendStage","Type":"Custom","Field":"sendStage","VariableType":"String","DataVisibility":[],"AnalyzeText":false,"Value":"2"},{"Description":"sendData","Type":"Custom","Field":"sendData","VariableType":"String","DataVisibility":[],"AnalyzeText":false,"Value":"decision"}]},{"Type":"Block","ID":"BL_3UcKkhKQrrg5JAh","FlowID":"FL_37"},{"Type":"Branch","FlowID":"FL_35","Description":"New Branch","BranchLogic":{"0":{"0":{"LogicType":"EmbeddedField","LeftOperand":"decision","Operator":"EqualTo","RightOperand":"1","_HiddenExpression":false,"Type":"Expression","Description":"<span class=\"ConjDesc\">If<\/span>  <span class=\"LeftOpDesc\">decision<\/span> <span class=\"OpDesc\">Is Equal to<\/span> <span class=\"RightOpDesc\"> 1 <\/span>"},"Type":"If"},"Type":"BooleanExpression"},"Flow":[{"Type":"EmbeddedData","FlowID":"FL_36","EmbeddedData":[{"Description":"payoff","Type":"Custom","Field":"payoff","VariableType":"String","DataVisibility":[],"AnalyzeText":false,"Value":"${e:\/\/Field\/offer}"}]}]},{"Type":"Standard","ID":"BL_0HW0yVFSrF54YJf","FlowID":"FL_28"}]},{"Type":"Standard","ID":"BL_cZVKgJKq6BCMFSZ","FlowID":"FL_8"}],"Properties":{"Count":40,"RemovedFieldsets":[]}}},{"SurveyID":"SV_bgdLG0CuqhaNaSh","Element":"SO","PrimaryAttribute":"Survey Options","SecondaryAttribute":null,"TertiaryAttribute":null,"Payload":{"BackButton":"false","SaveAndContinue":"false","SurveyProtection":"PublicSurvey","BallotBoxStuffingPrevention":"false","NoIndex":"Yes","SecureResponseFiles":"true","SurveyExpiration":null,"SurveyTermination":"DisplayMessage","Header":"<script>\n\nQualtrics.SurveyEngine.addOnload(function()\n{\ndocument.getElementById(\"Plug\").remove();\n\n});\n\n<\/script>","Footer":"","ProgressBarDisplay":"None","PartialData":"+1 week","ValidationMessage":null,"PreviousButton":" \u2190 ","NextButton":"Next >>","SkinLibrary":"cmu","SkinType":"templated","Skin":{"brandingId":null,"templateId":"*base","overrides":{"questionText":{"size":"16px"},"answerText":{"size":"14px"}}},"NewScoring":1,"CustomStyles":{"customCSS":".Skin .QuestionOuter {\n    -ms-overflow-style: -ms-autohiding-scrollbar;\n    padding-bottom: 10px;\n}\n"},"headerMid":"","EOSMessage":"MS_aYuRM60Sih3GuZT","ShowExportTags":"false","CollectGeoLocation":"false","SurveyTitle":"Online Survey Software | Qualtrics Survey Solutions","SurveyMetaDescription":"Qualtrics sophisticated online survey software solutions make creating online surveys easy. Learn more about Research Suite and get a free account today.","PasswordProtection":"No","AnonymizeResponse":"No","Password":"","RefererCheck":"No","RefererURL":"http:\/\/","RecaptchaV3":"false","RelevantID":"false","ResponseSummary":"No","EOSMessageLibrary":"UR_9EUlTzKmzcqukcZ","EOSRedirectURL":"https:\/\/","EmailThankYou":"false","ThankYouEmailMessageLibrary":null,"ThankYouEmailMessage":null,"ValidateMessage":"false","ValidationMessageLibrary":null,"InactiveSurvey":"DefaultMessage","PartialDataCloseAfter":"LastActivity","ActiveResponseSet":null,"InactiveMessageLibrary":"","InactiveMessage":"","AvailableLanguages":{"EN":[]},"ProtectSelectionIds":true,"PageTransition":"fade","SurveyName":"Ultimatum Game DEMO 1-27-2019"}},{"SurveyID":"SV_bgdLG0CuqhaNaSh","Element":"SCO","PrimaryAttribute":"Scoring","SecondaryAttribute":null,"TertiaryAttribute":null,"Payload":{"ScoringCategories":[],"ScoringCategoryGroups":[],"ScoringSummaryCategory":null,"ScoringSummaryAfterQuestions":0,"ScoringSummaryAfterSurvey":0,"DefaultScoringCategory":null,"AutoScoringCategory":null}},{"SurveyID":"SV_bgdLG0CuqhaNaSh","Element":"PROJ","PrimaryAttribute":"CORE","SecondaryAttribute":null,"TertiaryAttribute":"1.1.0","Payload":{"ProjectCategory":"CORE","SchemaVersion":"1.1.0"}},{"SurveyID":"SV_bgdLG0CuqhaNaSh","Element":"STAT","PrimaryAttribute":"Survey Statistics","SecondaryAttribute":null,"TertiaryAttribute":null,"Payload":{"MobileCompatible":true,"ID":"Survey Statistics"}},{"SurveyID":"SV_bgdLG0CuqhaNaSh","Element":"QC","PrimaryAttribute":"Survey Question Count","SecondaryAttribute":"10","TertiaryAttribute":null,"Payload":null},{"SurveyID":"SV_bgdLG0CuqhaNaSh","Element":"SQ","PrimaryAttribute":"QID3","SecondaryAttribute":"A has offered you ${e:\/\/Field\/offer} units. A would keep\u00a0$e{e:\/\/Field\/total - e:\/\/Field\/offer} un..","TertiaryAttribute":null,"Payload":{"QuestionText":"A has offered you ${e:\/\/Field\/offer} units.<br \/>\nA would keep&nbsp;$e{e:\/\/Field\/total - e:\/\/Field\/offer} units.<br \/>\n<br \/>\nDo you accept or reject this offer?","DefaultChoices":false,"DataExportTag":"decision","QuestionID":"QID3","QuestionType":"MC","Selector":"SAHR","SubSelector":"TX","DataVisibility":{"Private":false,"Hidden":false},"Configuration":{"QuestionDescriptionOption":"UseText","LabelPosition":"BELOW"},"QuestionDescription":"A has offered you ${e:\/\/Field\/offer} units. A would keep\u00a0$e{e:\/\/Field\/total - e:\/\/Field\/offer} un...","Choices":{"4":{"Display":"<div style=\"text-align: center;\">I accept A&#39;s offer.<br \/>\n(You get&nbsp;${e:\/\/Field\/offer} units, A gets&nbsp;$e{e:\/\/Field\/total - e:\/\/Field\/offer} units)<\/div>\n"},"5":{"Display":"<div style=\"text-align: center;\">I reject A&#39;s offer.<br \/>\n(You get&nbsp;0 units, \u200bA gets&nbsp;0 units)<\/div>\n"}},"ChoiceOrder":["4","5"],"Validation":{"Settings":{"ForceResponse":"OFF","ForceResponseType":"ON","Type":"None"}},"GradingData":[],"Language":[],"NextChoiceId":7,"NextAnswerId":1,"RecodeValues":{"4":"1","5":"2"}}},{"SurveyID":"SV_bgdLG0CuqhaNaSh","Element":"SQ","PrimaryAttribute":"QID9","SecondaryAttribute":"B has accepted your offer. \u00a0 You got\u00a0${e:\/\/Field\/payoff}\u00a0units and B got\u00a0${e:\/\/Field\/offer} unit","TertiaryAttribute":null,"Payload":{"QuestionText":"B has accepted your offer.\n<div>&nbsp;<\/div>\nYou got&nbsp;${e:\/\/Field\/payoff}&nbsp;units and B got&nbsp;${e:\/\/Field\/offer} units.\n\n<div>&nbsp;<\/div>","DefaultChoices":false,"DataExportTag":"if accepted","QuestionType":"DB","Selector":"TB","DataVisibility":{"Private":false,"Hidden":false},"Configuration":{"QuestionDescriptionOption":"UseText"},"QuestionDescription":"B has accepted your offer. \u00a0 You got\u00a0${e:\/\/Field\/payoff}\u00a0units and B got\u00a0${e:\/\/Field\/offer} units...","DisplayLogic":{"0":{"0":{"LogicType":"EmbeddedField","LeftOperand":"decision","Operator":"EqualTo","RightOperand":"1","Type":"Expression","Description":"<span class=\"ConjDesc\">If<\/span>  <span class=\"LeftOpDesc\">decision<\/span> <span class=\"OpDesc\">Is Equal to<\/span> <span class=\"RightOpDesc\"> 1 <\/span>"},"Type":"If"},"Type":"BooleanExpression","inPage":false},"ChoiceOrder":[],"Validation":{"Settings":{"Type":"None"}},"GradingData":[],"Language":[],"NextChoiceId":4,"NextAnswerId":1,"QuestionID":"QID9"}},{"SurveyID":"SV_bgdLG0CuqhaNaSh","Element":"SQ","PrimaryAttribute":"QID8","SecondaryAttribute":"B has rejected your offer. Both of you got 0 units.","TertiaryAttribute":null,"Payload":{"QuestionText":"B has rejected your offer.<div><br><\/div><div>Both of you got 0 units.<\/div>","DefaultChoices":false,"DataExportTag":"if rejected","QuestionType":"DB","Selector":"TB","Configuration":{"QuestionDescriptionOption":"UseText"},"QuestionDescription":"B has rejected your offer. Both of you got 0 units.","DisplayLogic":{"0":{"0":{"LogicType":"EmbeddedField","LeftOperand":"decision","Operator":"EqualTo","RightOperand":"2","Type":"Expression","Description":"<span class=\"ConjDesc\">If<\/span>  <span class=\"LeftOpDesc\">decision<\/span> <span class=\"OpDesc\">Is Equal to<\/span> <span class=\"RightOpDesc\"> 2 <\/span>"},"Type":"If"},"Type":"BooleanExpression","inPage":false},"ChoiceOrder":[],"Validation":{"Settings":{"Type":"None"}},"GradingData":[],"Language":[],"NextChoiceId":4,"NextAnswerId":1,"QuestionID":"QID8","DataVisibility":{"Private":false,"Hidden":false}}},{"SurveyID":"SV_bgdLG0CuqhaNaSh","Element":"RS","PrimaryAttribute":"RS_0VUJhmDa0DCKKVL","SecondaryAttribute":"Default Response Set","TertiaryAttribute":null,"Payload":null},{"SurveyID":"SV_bgdLG0CuqhaNaSh","Element":"SQ","PrimaryAttribute":"QID5","SecondaryAttribute":"Tip: open this survey in 2 tabs \/ on 2 devices.Ultimatum Game 1. Participants are matched in pair...","TertiaryAttribute":null,"Payload":{"QuestionText":"<span style=\"color:#008080;\">Tip: open this survey in 2 tabs \/ on 2 devices.<\/span><br>\n<br>\n<br><u><strong>Ultimatum Game<\/strong><\/u><br>\n<br>\n1. Participants are matched in pairs.\n<div>&nbsp;\n<div>2. Within each pair, one participant is assigned to Role A, while the other participant is assigned to&nbsp;Role B.<\/div>\n\n<div>&nbsp;<\/div>\n\n<div>3. A makes an offer about how to allocate&nbsp;${e:\/\/Field\/total}&nbsp;units between A and B. A can offer X&nbsp;units to B, where 0 \u2264 X \u2264&nbsp;${e:\/\/Field\/total}. A would keep (${e:\/\/Field\/total}-X)&nbsp;units.<\/div>\n\n<div><br>\n4. B decides whether to accept or reject A's offer. If B accepts the offer, A gets (${e:\/\/Field\/total}-X)&nbsp;units and B gets X units. If B rejects the offer, both participants get 0.<\/div>\n\n<div>&nbsp;<\/div>\n\n<div>5. The experiment concludes.<\/div>\n<\/div>","DefaultChoices":false,"DataExportTag":"instructions","QuestionType":"DB","Selector":"TB","Configuration":{"QuestionDescriptionOption":"UseText"},"QuestionDescription":"Tip: open this survey in 2 tabs \/ on 2 devices.Ultimatum Game 1. Participants are matched in pair...","ChoiceOrder":[],"Validation":{"Settings":{"Type":"None"}},"GradingData":[],"Language":[],"NextChoiceId":4,"NextAnswerId":1,"QuestionID":"QID5","DataVisibility":{"Private":false,"Hidden":false}}},{"SurveyID":"SV_bgdLG0CuqhaNaSh","Element":"SQ","PrimaryAttribute":"QID1","SecondaryAttribute":"You have been assigned to Role A. \u00a0 Your task is to allocate ${e:\/\/Field\/total} units between you..","TertiaryAttribute":null,"Payload":{"QuestionText":"You have been assigned to Role A.\n<div>&nbsp;<\/div>\n\n<div>Your task is to allocate ${e:\/\/Field\/total} units between you and B.<\/div>\n\n<div>&nbsp;<\/div>\n\n<div>Please use the box below to indicate how many units (0-100) to offer&nbsp;to B. B will then make a decision whether to accept or reject this offer.<br><br><\/div><div>\nIf B accepts your offer, he or she will get the units you offered to them, and you will keep the rest of the ${e:\/\/Field\/total} units.<br>\nIf B rejects your offer, both of you will get 0 units.<\/div><div><br><\/div><div>Your offer to B (0-100):<\/div>","DefaultChoices":false,"DataExportTag":"transfer","QuestionID":"QID1","QuestionType":"TE","Selector":"SL","DataVisibility":{"Private":false,"Hidden":false},"Configuration":{"QuestionDescriptionOption":"UseText","InputWidth":85,"InputHeight":29,"AllowFreeResponse":"false"},"QuestionDescription":"You have been assigned to Role A. \u00a0 Your task is to allocate ${e:\/\/Field\/total} units between you...","Validation":{"Settings":{"ForceResponse":"ON","ForceResponseType":"ON","Type":"ContentType","ContentType":"ValidNumber","ValidDateType":"DateWithFormat","ValidPhoneType":"ValidUSPhone","ValidZipType":"ValidUSZip","ValidNumber":{"Min":"0","Max":"${e:\/\/Field\/total}"}}},"GradingData":[],"Language":[],"NextChoiceId":8,"NextAnswerId":1}},{"SurveyID":"SV_bgdLG0CuqhaNaSh","Element":"SQ","PrimaryAttribute":"QID2","SecondaryAttribute":"You have been assigned to Role B. \u00a0 The other participant (A) will make an offer about allocating..","TertiaryAttribute":null,"Payload":{"QuestionText":"You have been assigned to Role B.\n<div>&nbsp;<\/div>\n\n<div>The other participant (A) will make an offer about allocating ${e:\/\/Field\/total} units between him\/her and you.<\/div>\n\n<div>Then, you can either accept or reject A's offer.<br>\n<br>\nIf you accept A's offer, you will receive whatever amount A has offered you, and A will receive the rest of the&nbsp;${e:\/\/Field\/total} units.<\/div><div>If you reject A's offer, both of you will get 0 units.<\/div>\n\n<div>&nbsp;<\/div>\n\n<div>On the next screen, you will have to wait until A makes a decision.<\/div>","DefaultChoices":false,"DataExportTag":"Q9","QuestionType":"DB","Selector":"TB","Configuration":{"QuestionDescriptionOption":"UseText"},"QuestionDescription":"You have been assigned to Role B. \u00a0 The other participant (A) will make an offer about allocating...","ChoiceOrder":[],"Validation":{"Settings":{"Type":"None"}},"GradingData":[],"Language":[],"NextChoiceId":4,"NextAnswerId":1,"QuestionID":"QID2","DataVisibility":{"Private":false,"Hidden":false}}},{"SurveyID":"SV_bgdLG0CuqhaNaSh","Element":"SQ","PrimaryAttribute":"QID7","SecondaryAttribute":"You have decided to accept A's offer. \u00a0 You got\u00a0${e:\/\/Field\/payoff} units and A got\u00a0$e{e:\/\/Field\/","TertiaryAttribute":null,"Payload":{"QuestionText":"You have decided to accept A&#39;s offer.\n<div>&nbsp;<\/div>\n\n<div>You got&nbsp;${e:\/\/Field\/payoff} units and A got&nbsp;$e{e:\/\/Field\/total - e:\/\/Field\/offer} units.<\/div>","DefaultChoices":false,"DataExportTag":"if accept","QuestionType":"DB","Selector":"TB","DataVisibility":{"Private":false,"Hidden":false},"Configuration":{"QuestionDescriptionOption":"UseText"},"QuestionDescription":"You have decided to accept A's offer. \u00a0 You got\u00a0${e:\/\/Field\/payoff} units and A got\u00a0$e{e:\/\/Field\/...","DisplayLogic":{"0":{"0":{"LogicType":"EmbeddedField","LeftOperand":"decision","Operator":"EqualTo","RightOperand":"1","Type":"Expression","Description":"<span class=\"ConjDesc\">If<\/span>  <span class=\"LeftOpDesc\">decision<\/span> <span class=\"OpDesc\">Is Equal to<\/span> <span class=\"RightOpDesc\"> 1 <\/span>"},"Type":"If"},"Type":"BooleanExpression","inPage":false},"ChoiceOrder":[],"Validation":{"Settings":{"Type":"None"}},"GradingData":[],"Language":[],"NextChoiceId":4,"NextAnswerId":1,"QuestionID":"QID7"}},{"SurveyID":"SV_bgdLG0CuqhaNaSh","Element":"SQ","PrimaryAttribute":"QID6","SecondaryAttribute":"You have decided to reject A's offer. Both of you got 0 units.","TertiaryAttribute":null,"Payload":{"QuestionText":"You have decided to reject A's offer.<div><br><\/div><div>Both of you got 0 units.<\/div>","DefaultChoices":false,"DataExportTag":"if reject","QuestionID":"QID6","QuestionType":"DB","Selector":"TB","DataVisibility":{"Private":false,"Hidden":false},"Configuration":{"QuestionDescriptionOption":"UseText"},"QuestionDescription":"You have decided to reject A's offer. Both of you got 0 units.","DisplayLogic":{"0":{"0":{"LogicType":"EmbeddedField","LeftOperand":"decision","Operator":"EqualTo","RightOperand":"2","Type":"Expression","Description":"<span class=\"ConjDesc\">If<\/span>  <span class=\"LeftOpDesc\">decision<\/span> <span class=\"OpDesc\">Is Equal to<\/span> <span class=\"RightOpDesc\"> 2 <\/span>"},"Type":"If"},"Type":"BooleanExpression","inPage":false},"ChoiceOrder":[],"Validation":{"Settings":{"Type":"None"}},"GradingData":[],"Language":[],"NextChoiceId":4,"NextAnswerId":1}},{"SurveyID":"SV_bgdLG0CuqhaNaSh","Element":"SQ","PrimaryAttribute":"QID10","SecondaryAttribute":"You offered\u00a0${q:\/\/QID1\/ChoiceTextEntryValue} units to B. On the next screen, you will have to wai..","TertiaryAttribute":null,"Payload":{"QuestionText":"You offered&nbsp;${q:\/\/QID1\/ChoiceTextEntryValue} units to B.<br>\n<br>\nOn the next screen, you will have to wait until B makes a decision.","DefaultChoices":false,"DataExportTag":"Q18","QuestionType":"DB","Selector":"TB","Configuration":{"QuestionDescriptionOption":"UseText"},"QuestionDescription":"You offered\u00a0${q:\/\/QID1\/ChoiceTextEntryValue} units to B. On the next screen, you will have to wai...","ChoiceOrder":[],"Validation":{"Settings":{"Type":"None"}},"GradingData":[],"Language":[],"NextChoiceId":4,"NextAnswerId":1,"QuestionID":"QID10"}}]}