{"SurveyEntry":{"SurveyID":"SV_299IXXPvrJxRdLD","SurveyName":"Multimedia \"sender\" TEMPLATE 2-1-2019","SurveyDescription":null,"SurveyOwnerID":"UR_9EUlTzKmzcqukcZ","SurveyBrandID":"cmu","DivisionID":null,"SurveyLanguage":"EN","SurveyActiveResponseSet":"RS_839Ljox4XHxSifr","SurveyStatus":"Active","SurveyStartDate":"0000-00-00 00:00:00","SurveyExpirationDate":"0000-00-00 00:00:00","SurveyCreationDate":"2019-01-28 12:23:34","CreatorID":"UR_9EUlTzKmzcqukcZ","LastModified":"2019-01-28 12:31:49","LastAccessed":"0000-00-00 00:00:00","LastActivated":"2019-01-28 12:31:49","Deleted":null},"SurveyElements":[{"SurveyID":"SV_299IXXPvrJxRdLD","Element":"BL","PrimaryAttribute":"Survey Blocks","SecondaryAttribute":null,"TertiaryAttribute":null,"Payload":{"0":{"Type":"Default","Description":"Video choice - participant A","ID":"BL_cGf14M3pXvxPRJz","BlockElements":[{"Type":"Question","QuestionID":"QID1"}]},"1":{"Type":"Trash","Description":"Trash \/ Unused Questions","ID":"BL_3RhGWWHeqrkI0bb","BlockElements":[]},"3":{"Type":"Standard","SubType":"Reference","Description":null,"ID":"BL_3dviCXEBlB0cpr7","LibraryID":"UR_9EUlTzKmzcqukcZ","ReferencedBlockID":"LB_9n5k2F4vJVq94b3"},"5":{"Type":"Standard","SubType":"Reference","Description":null,"ID":"BL_3UcKkhKQrrg5JAh","LibraryID":"UR_9EUlTzKmzcqukcZ","ReferencedBlockID":"LB_8ArHs5HRd8EZSHr"},"8":{"Type":"Standard","SubType":"Reference","Description":null,"ID":"BL_29uv0DU62REC8mh","LibraryID":"UR_9EUlTzKmzcqukcZ","ReferencedBlockID":"LB_1Mwc7rxFIwwlYZD"},"10":{"Type":"Standard","SubType":"Reference","Description":null,"ID":"BL_cZVKgJKq6BCMFSZ","LibraryID":"UR_9EUlTzKmzcqukcZ","ReferencedBlockID":"LB_b3gUraeO8OcVRtz"},"11":{"Type":"Standard","SubType":"","Description":"Intro","ID":"BL_56ysrnreTGNy2Sp","BlockElements":[{"Type":"Question","QuestionID":"QID6"}],"Options":{"BlockLocking":"false","RandomizeQuestions":"false","PreviousButton":"","previousButtonMID":"","NextButton":"Start Experiment","nextButtonMID":"","previousButtonLibraryID":"","nextButtonLibraryID":""}},"12":{"Type":"Standard","SubType":"","Description":"Show selected video","ID":"BL_4HCk2ZAmvfrsuvb","BlockElements":[{"Type":"Question","QuestionID":"QID7"},{"Type":"Question","QuestionID":"QID9"},{"Type":"Question","QuestionID":"QID8"},{"Type":"Question","QuestionID":"QID10"},{"Type":"Question","QuestionID":"QID11"},{"Type":"Question","QuestionID":"QID12"}]},"13":{"Type":"Standard","SubType":"","Description":"Participant B wait","ID":"BL_dilndblHDozBKzX","BlockElements":[{"Type":"Question","QuestionID":"QID13"}]}}},{"SurveyID":"SV_299IXXPvrJxRdLD","Element":"FL","PrimaryAttribute":"Survey Flow","SecondaryAttribute":null,"TertiaryAttribute":null,"Payload":{"Type":"Root","FlowID":"FL_1","Flow":[{"Type":"EmbeddedData","FlowID":"FL_9","EmbeddedData":[{"Description":"researcherID","Type":"Recipient","Field":"researcherID","VariableType":"String","DataVisibility":[],"AnalyzeText":false},{"Description":"studyID","Type":"Recipient","Field":"studyID","VariableType":"String","DataVisibility":[],"AnalyzeText":false},{"Description":"groupID","Type":"Recipient","Field":"groupID","VariableType":"String","DataVisibility":[],"AnalyzeText":false},{"Description":"participantID","Type":"Custom","Field":"participantID","VariableType":"String","DataVisibility":[],"AnalyzeText":false,"Value":"${e:\/\/Field\/ResponseID}"},{"Description":"groupSize","Type":"Custom","Field":"groupSize","VariableType":"String","DataVisibility":[],"AnalyzeText":false,"Value":"2"},{"Description":"numStages","Type":"Custom","Field":"numStages","VariableType":"String","DataVisibility":[],"AnalyzeText":false,"Value":"1"},{"Description":"roles","Type":"Custom","Field":"roles","VariableType":"String","DataVisibility":[],"AnalyzeText":false,"Value":"A,B"},{"Description":"participantRole","Type":"Custom","Field":"participantRole","VariableType":"String","DataVisibility":[],"AnalyzeText":false,"Value":"random"},{"Description":"timeOutLog","Type":"Recipient","Field":"timeOutLog","VariableType":"String","DataVisibility":[],"AnalyzeText":false}]},{"Type":"EmbeddedData","FlowID":"FL_54","EmbeddedData":[{"Description":"botMatch","Type":"Custom","Field":"botMatch","VariableType":"String","DataVisibility":[],"AnalyzeText":false,"Value":"yes"}]},{"Type":"EmbeddedData","FlowID":"FL_22","EmbeddedData":[{"Description":"chosenVideo","Type":"Recipient","Field":"chosenVideo","VariableType":"String","DataVisibility":[],"AnalyzeText":false}]},{"Type":"EmbeddedData","FlowID":"FL_51","EmbeddedData":[{"Description":"videoTitle1","Type":"Custom","Field":"videoTitle1","VariableType":"String","DataVisibility":[],"AnalyzeText":false,"Value":"Nature Makes You Happy"},{"Description":"videoTitle2","Type":"Custom","Field":"videoTitle2","VariableType":"String","DataVisibility":[],"AnalyzeText":false,"Value":"The robot that transforms at will"},{"Description":"videoTitle3","Type":"Custom","Field":"videoTitle3","VariableType":"String","DataVisibility":[],"AnalyzeText":false,"Value":"Moral Machines:<br>How culture changes values\u200b"},{"Description":"videoTitle4","Type":"Custom","Field":"videoTitle4","VariableType":"String","DataVisibility":[],"AnalyzeText":false,"Value":"Have you ever seen an atom?"},{"Description":"videoURL1","Type":"Custom","Field":"videoURL1","VariableType":"String","DataVisibility":[],"AnalyzeText":false,"Value":"https:\/\/www.youtube.com\/embed\/1wkPMUZ9vX4"},{"Description":"videoURL2","Type":"Custom","Field":"videoURL2","VariableType":"String","DataVisibility":[],"AnalyzeText":false,"Value":"https:\/\/www.youtube.com\/embed\/I0HSoXbCxGI"},{"Description":"videoURL3","Type":"Custom","Field":"videoURL3","VariableType":"String","DataVisibility":[],"AnalyzeText":false,"Value":"https:\/\/www.youtube.com\/embed\/jPo6bby-Fcg"},{"Description":"videoURL4","Type":"Custom","Field":"videoURL4","VariableType":"String","DataVisibility":[],"AnalyzeText":false,"Value":"https:\/\/www.youtube.com\/embed\/yqLlgIaz1L0"}]},{"Type":"Block","ID":"BL_56ysrnreTGNy2Sp","FlowID":"FL_24"},{"Type":"Block","ID":"BL_3dviCXEBlB0cpr7","FlowID":"FL_10"},{"Type":"Branch","FlowID":"FL_31","Description":"New Branch","BranchLogic":{"0":{"0":{"LogicType":"EmbeddedField","LeftOperand":"participantRole","Operator":"EqualTo","RightOperand":"A","_HiddenExpression":false,"Type":"Expression","Description":"<span class=\"ConjDesc\">If<\/span>  <span class=\"LeftOpDesc\">participantRole<\/span> <span class=\"OpDesc\">Is Equal to<\/span> <span class=\"RightOpDesc\"> A <\/span>"},"Type":"If"},"Type":"BooleanExpression"},"Flow":[{"Type":"Block","ID":"BL_cGf14M3pXvxPRJz","FlowID":"FL_26"},{"Type":"EmbeddedData","FlowID":"FL_27","EmbeddedData":[{"Description":"chosenVideo","Type":"Custom","Field":"chosenVideo","VariableType":"String","DataVisibility":[],"AnalyzeText":false,"Value":"${q:\/\/QID1\/SelectedChoicesRecode}"}]},{"Type":"EmbeddedData","FlowID":"FL_28","EmbeddedData":[{"Description":"sendStage","Type":"Custom","Field":"sendStage","VariableType":"String","DataVisibility":[],"AnalyzeText":false,"Value":"1"},{"Description":"sendData","Type":"Custom","Field":"sendData","VariableType":"String","DataVisibility":[],"AnalyzeText":false,"Value":"chosenVideo"}]},{"Type":"Block","ID":"BL_3UcKkhKQrrg5JAh","FlowID":"FL_29"}]},{"Type":"Branch","FlowID":"FL_33","Description":"New Branch","BranchLogic":{"0":{"0":{"LogicType":"EmbeddedField","LeftOperand":"participantRole","Operator":"EqualTo","RightOperand":"B","_HiddenExpression":false,"Type":"Expression","Description":"<span class=\"ConjDesc\">If<\/span>  <span class=\"LeftOpDesc\">participantRole<\/span> <span class=\"OpDesc\">Is Equal to<\/span> <span class=\"RightOpDesc\"> B <\/span>"},"Type":"If"},"Type":"BooleanExpression"},"Flow":[{"Type":"Standard","ID":"BL_dilndblHDozBKzX","FlowID":"FL_53"},{"Type":"EmbeddedData","FlowID":"FL_30","EmbeddedData":[{"Description":"getStage","Type":"Custom","Field":"getStage","VariableType":"String","DataVisibility":[],"AnalyzeText":false,"Value":"1"},{"Description":"getData","Type":"Custom","Field":"getData","VariableType":"String","DataVisibility":[],"AnalyzeText":false,"Value":"A"},{"Description":"saveData","Type":"Custom","Field":"saveData","VariableType":"String","DataVisibility":[],"AnalyzeText":false,"Value":"chosenVideo"},{"Description":"defaultData","Type":"Custom","Field":"defaultData","VariableType":"String","DataVisibility":[],"AnalyzeText":false,"Value":"${rand:\/\/int\/1:4}"},{"Description":"maxWaitTime","Type":"Custom","Field":"maxWaitTime","VariableType":"String","DataVisibility":[],"AnalyzeText":false,"Value":"600"}]},{"Type":"Block","ID":"BL_29uv0DU62REC8mh","FlowID":"FL_35"}]},{"Type":"Standard","ID":"BL_4HCk2ZAmvfrsuvb","FlowID":"FL_52"},{"Type":"Standard","ID":"BL_cZVKgJKq6BCMFSZ","FlowID":"FL_8"}],"Properties":{"Count":54,"RemovedFieldsets":[]}}},{"SurveyID":"SV_299IXXPvrJxRdLD","Element":"SO","PrimaryAttribute":"Survey Options","SecondaryAttribute":null,"TertiaryAttribute":null,"Payload":{"BackButton":"false","SaveAndContinue":"false","SurveyProtection":"PublicSurvey","BallotBoxStuffingPrevention":"false","NoIndex":"Yes","SecureResponseFiles":"true","SurveyExpiration":null,"SurveyTermination":"DisplayMessage","Header":"<script>\n\nQualtrics.SurveyEngine.addOnload(function()\n{\ndocument.getElementById(\"Plug\").remove();\n\n});\n\n<\/script>","Footer":"","ProgressBarDisplay":"None","PartialData":"+1 week","ValidationMessage":null,"PreviousButton":" \u2190 ","NextButton":"Next >>","SkinLibrary":"cmu","SkinType":"templated","Skin":{"brandingId":null,"templateId":"*2014","overrides":{"questionText":{"size":"16px"},"answerText":{"size":"14px"}}},"NewScoring":1,"CustomStyles":{"customCSS":".Skin .QuestionOuter {\n    -ms-overflow-style: -ms-autohiding-scrollbar;\n    padding-bottom: 10px;\n}"},"headerMid":"","EOSMessage":"MS_aYuRM60Sih3GuZT","ShowExportTags":"false","CollectGeoLocation":"false","SurveyTitle":"Online Survey Software | Qualtrics Survey Solutions","SurveyMetaDescription":"Qualtrics sophisticated online survey software solutions make creating online surveys easy. Learn more about Research Suite and get a free account today.","PasswordProtection":"No","AnonymizeResponse":"No","Password":"","RefererCheck":"No","RefererURL":"http:\/\/","RecaptchaV3":"false","RelevantID":"false","ResponseSummary":"No","EOSMessageLibrary":"UR_9EUlTzKmzcqukcZ","EOSRedirectURL":"https:\/\/","EmailThankYou":"false","ThankYouEmailMessageLibrary":null,"ThankYouEmailMessage":null,"ValidateMessage":"false","ValidationMessageLibrary":null,"InactiveSurvey":"DefaultMessage","PartialDataCloseAfter":"LastActivity","ActiveResponseSet":null,"InactiveMessageLibrary":"","InactiveMessage":"","AvailableLanguages":{"EN":[]},"ProtectSelectionIds":true,"PageTransition":"fade","SurveyName":"Multimedia \"sender\" DEMO 1-27-2019"}},{"SurveyID":"SV_299IXXPvrJxRdLD","Element":"SCO","PrimaryAttribute":"Scoring","SecondaryAttribute":null,"TertiaryAttribute":null,"Payload":{"ScoringCategories":[],"ScoringCategoryGroups":[],"ScoringSummaryCategory":null,"ScoringSummaryAfterQuestions":0,"ScoringSummaryAfterSurvey":0,"DefaultScoringCategory":null,"AutoScoringCategory":null}},{"SurveyID":"SV_299IXXPvrJxRdLD","Element":"PROJ","PrimaryAttribute":"CORE","SecondaryAttribute":null,"TertiaryAttribute":"1.1.0","Payload":{"ProjectCategory":"CORE","SchemaVersion":"1.1.0"}},{"SurveyID":"SV_299IXXPvrJxRdLD","Element":"STAT","PrimaryAttribute":"Survey Statistics","SecondaryAttribute":null,"TertiaryAttribute":null,"Payload":{"MobileCompatible":false,"ID":"Survey Statistics"}},{"SurveyID":"SV_299IXXPvrJxRdLD","Element":"SQ","PrimaryAttribute":"QID8","SecondaryAttribute":"${e:\/\/Field\/videoTitle1}","TertiaryAttribute":null,"Payload":{"QuestionText":"<h3>${e:\/\/Field\/videoTitle1}<\/h3>\n<br \/>\n<iframe allowfullscreen=\"true\" frameborder=\"0\" height=\"300\" src=\"${e:\/\/Field\/videoURL1}\" width=\"600\"><\/iframe>","DefaultChoices":false,"DataExportTag":"video1","QuestionType":"DB","Selector":"TB","Configuration":{"QuestionDescriptionOption":"UseText"},"QuestionDescription":"${e:\/\/Field\/videoTitle1}","DisplayLogic":{"0":{"0":{"LogicType":"EmbeddedField","LeftOperand":"chosenVideo","Operator":"EqualTo","RightOperand":"1","Type":"Expression","Description":"<span class=\"ConjDesc\">If<\/span>  <span class=\"LeftOpDesc\">chosenVideo<\/span> <span class=\"OpDesc\">Is Equal to<\/span> <span class=\"RightOpDesc\"> 1 <\/span>"},"Type":"If"},"Type":"BooleanExpression","inPage":false},"ChoiceOrder":[],"Validation":{"Settings":{"Type":"None"}},"GradingData":[],"Language":[],"NextChoiceId":4,"NextAnswerId":1,"QuestionID":"QID8","DataVisibility":{"Private":false,"Hidden":false}}},{"SurveyID":"SV_299IXXPvrJxRdLD","Element":"SQ","PrimaryAttribute":"QID10","SecondaryAttribute":"${e:\/\/Field\/videoTitle2}","TertiaryAttribute":null,"Payload":{"QuestionText":"<h3>${e:\/\/Field\/videoTitle2}<\/h3>\n<br \/>\n<iframe allowfullscreen=\"true\" frameborder=\"0\" height=\"300\" src=\"${e:\/\/Field\/videoURL2}\" width=\"600\"><\/iframe>","DefaultChoices":false,"DataExportTag":"video2","QuestionType":"DB","Selector":"TB","DataVisibility":{"Private":false,"Hidden":false},"Configuration":{"QuestionDescriptionOption":"UseText"},"QuestionDescription":"${e:\/\/Field\/videoTitle2}","DisplayLogic":{"0":{"0":{"LogicType":"EmbeddedField","LeftOperand":"chosenVideo","Operator":"EqualTo","RightOperand":"2","Type":"Expression","Description":"<span class=\"ConjDesc\">If<\/span>  <span class=\"LeftOpDesc\">chosenVideo<\/span> <span class=\"OpDesc\">Is Equal to<\/span> <span class=\"RightOpDesc\"> 2 <\/span>"},"Type":"If"},"Type":"BooleanExpression","inPage":false},"ChoiceOrder":[],"Validation":{"Settings":{"Type":"None"}},"GradingData":[],"Language":[],"NextChoiceId":4,"NextAnswerId":1,"QuestionID":"QID10"}},{"SurveyID":"SV_299IXXPvrJxRdLD","Element":"SQ","PrimaryAttribute":"QID11","SecondaryAttribute":"${e:\/\/Field\/videoTitle3}","TertiaryAttribute":null,"Payload":{"QuestionText":"<h3>${e:\/\/Field\/videoTitle3}<\/h3>\n<br \/>\n<iframe allowfullscreen=\"true\" frameborder=\"0\" height=\"300\" src=\"${e:\/\/Field\/videoURL3}\" width=\"600\"><\/iframe>","DefaultChoices":false,"DataExportTag":"video3","QuestionType":"DB","Selector":"TB","DataVisibility":{"Private":false,"Hidden":false},"Configuration":{"QuestionDescriptionOption":"UseText"},"QuestionDescription":"${e:\/\/Field\/videoTitle3}","DisplayLogic":{"0":{"0":{"LogicType":"EmbeddedField","LeftOperand":"chosenVideo","Operator":"EqualTo","RightOperand":"3","Type":"Expression","Description":"<span class=\"ConjDesc\">If<\/span>  <span class=\"LeftOpDesc\">chosenVideo<\/span> <span class=\"OpDesc\">Is Equal to<\/span> <span class=\"RightOpDesc\"> 3 <\/span>"},"Type":"If"},"Type":"BooleanExpression","inPage":false},"ChoiceOrder":[],"Validation":{"Settings":{"Type":"None"}},"GradingData":[],"Language":[],"NextChoiceId":4,"NextAnswerId":1,"QuestionID":"QID11"}},{"SurveyID":"SV_299IXXPvrJxRdLD","Element":"SQ","PrimaryAttribute":"QID12","SecondaryAttribute":"${e:\/\/Field\/videoTitle4}","TertiaryAttribute":null,"Payload":{"QuestionText":"<h3>${e:\/\/Field\/videoTitle4}<\/h3>\n<br \/>\n<iframe allowfullscreen=\"true\" frameborder=\"0\" height=\"300\" src=\"${e:\/\/Field\/videoURL4}\" width=\"600\"><\/iframe>","DefaultChoices":false,"DataExportTag":"video4","QuestionType":"DB","Selector":"TB","DataVisibility":{"Private":false,"Hidden":false},"Configuration":{"QuestionDescriptionOption":"UseText"},"QuestionDescription":"${e:\/\/Field\/videoTitle4}","DisplayLogic":{"0":{"0":{"LogicType":"EmbeddedField","LeftOperand":"chosenVideo","Operator":"EqualTo","RightOperand":"4","Type":"Expression","Description":"<span class=\"ConjDesc\">If<\/span>  <span class=\"LeftOpDesc\">chosenVideo<\/span> <span class=\"OpDesc\">Is Equal to<\/span> <span class=\"RightOpDesc\"> 4 <\/span>"},"Type":"If"},"Type":"BooleanExpression","inPage":false},"ChoiceOrder":[],"Validation":{"Settings":{"Type":"None"}},"GradingData":[],"Language":[],"NextChoiceId":4,"NextAnswerId":1,"QuestionID":"QID12"}},{"SurveyID":"SV_299IXXPvrJxRdLD","Element":"QC","PrimaryAttribute":"Survey Question Count","SecondaryAttribute":"13","TertiaryAttribute":null,"Payload":null},{"SurveyID":"SV_299IXXPvrJxRdLD","Element":"RS","PrimaryAttribute":"RS_839Ljox4XHxSifr","SecondaryAttribute":"Default Response Set","TertiaryAttribute":null,"Payload":null},{"SurveyID":"SV_299IXXPvrJxRdLD","Element":"SQ","PrimaryAttribute":"QID9","SecondaryAttribute":"The other participant sent you this video:","TertiaryAttribute":null,"Payload":{"QuestionText":"The other participant sent you this video:","DefaultChoices":false,"DataExportTag":"receiver info","QuestionType":"DB","Selector":"TB","DataVisibility":{"Private":false,"Hidden":false},"Configuration":{"QuestionDescriptionOption":"UseText"},"QuestionDescription":"The other participant sent you this video:","DisplayLogic":{"0":{"0":{"LogicType":"EmbeddedField","LeftOperand":"participantRole","Operator":"EqualTo","RightOperand":"B","Type":"Expression","Description":"<span class=\"ConjDesc\">If<\/span>  <span class=\"LeftOpDesc\">participantRole<\/span> <span class=\"OpDesc\">Is Equal to<\/span> <span class=\"RightOpDesc\"> B <\/span>"},"Type":"If"},"Type":"BooleanExpression","inPage":false},"ChoiceOrder":[],"Validation":{"Settings":{"Type":"None"}},"GradingData":[],"Language":[],"NextChoiceId":4,"NextAnswerId":1,"QuestionID":"QID9"}},{"SurveyID":"SV_299IXXPvrJxRdLD","Element":"SQ","PrimaryAttribute":"QID6","SecondaryAttribute":"Tip: open this survey in 2 tabs \/ on 2 devices.Multimedia \"sender\" 1. Participants are matched in...","TertiaryAttribute":null,"Payload":{"QuestionText":"<span style=\"color:#008080;\">Tip: open this survey in 2 tabs \/ on 2 devices.<\/span><br>\n<br>\n<br>\n<u><strong>Multimedia \"sender\"<\/strong><\/u><br>\n<br>\n1. Participants are matched in pairs.\n<div>&nbsp;\n<div>2. Participant A&nbsp;chooses a video (out of 4).<\/div>\n\n<div>&nbsp;<\/div>\n\n<div>3. The chosen video is sent to participant B.<\/div>\n\n<div>&nbsp;<\/div>\n\n<div>4. The experiment concludes.<\/div>\n<\/div>","DefaultChoices":false,"DataExportTag":"instructions","QuestionType":"DB","Selector":"TB","DataVisibility":{"Private":false,"Hidden":false},"Configuration":{"QuestionDescriptionOption":"UseText"},"QuestionDescription":"Tip: open this survey in 2 tabs \/ on 2 devices.Multimedia \"sender\" 1. Participants are matched in...","ChoiceOrder":[],"Validation":{"Settings":{"Type":"None"}},"GradingData":[],"Language":[],"NextChoiceId":4,"NextAnswerId":1,"QuestionID":"QID6"}},{"SurveyID":"SV_299IXXPvrJxRdLD","Element":"SQ","PrimaryAttribute":"QID1","SecondaryAttribute":"You are matched with another participant. \u00a0 You can now send a video to this person. \u00a0 Please cho.","TertiaryAttribute":null,"Payload":{"QuestionText":"<div>You are matched with another participant.<\/div>\n\n<div>&nbsp;<\/div>\n\n<div>You can now send a video to this person.<\/div>\n\n<div>&nbsp;<\/div>\n\n<div>Please choose a video:<br \/>\n&nbsp;<\/div>","DefaultChoices":false,"DataExportTag":"choose video","QuestionID":"QID1","QuestionType":"MC","Selector":"SACOL","SubSelector":"TX","DataVisibility":{"Private":false,"Hidden":false},"Configuration":{"QuestionDescriptionOption":"UseText","LabelPosition":"BELOW","NumColumns":2},"QuestionDescription":"You are matched with another participant. \u00a0 You can now send a video to this person. \u00a0 Please cho...","Choices":{"8":{"Display":"<h3>${e:\/\/Field\/videoTitle1}<\/h3>\n<br \/>\n<iframe allowfullscreen=\"true\" frameborder=\"0\" height=\"180\" src=\"${e:\/\/Field\/videoURL1}\" width=\"360\"><\/iframe>"},"9":{"Display":"<h3>${e:\/\/Field\/videoTitle2}<\/h3>\n<br \/>\n<iframe allowfullscreen=\"true\" frameborder=\"0\" height=\"180\" src=\"${e:\/\/Field\/videoURL2}\" width=\"360\"><\/iframe>"},"11":{"Display":"<h3>${e:\/\/Field\/videoTitle3}<\/h3>\n<br \/>\n<iframe allowfullscreen=\"true\" frameborder=\"0\" height=\"180\" src=\"${e:\/\/Field\/videoURL3}\" width=\"360\"><\/iframe>"},"12":{"Display":"<h3>${e:\/\/Field\/videoTitle4}<\/h3>\n<br \/>\n<iframe allowfullscreen=\"true\" frameborder=\"0\" height=\"180\" src=\"${e:\/\/Field\/videoURL4}\" width=\"360\"><\/iframe>"}},"ChoiceOrder":["8","9","11","12"],"Validation":{"Settings":{"ForceResponse":"ON","ForceResponseType":"ON","Type":"None"}},"GradingData":[],"Language":[],"NextChoiceId":14,"NextAnswerId":1,"RecodeValues":{"8":"1","9":"2","11":"3","12":"4"},"Randomization":{"Advanced":null,"Type":"All","TotalRandSubset":""}}},{"SurveyID":"SV_299IXXPvrJxRdLD","Element":"SQ","PrimaryAttribute":"QID13","SecondaryAttribute":"You are matched with another participant. The other participant will choose a video out of four v...","TertiaryAttribute":null,"Payload":{"QuestionText":"You are matched with another participant.<div><br><\/div><div>The other participant will choose a video out of four videos, and send you the chosen video.<\/div><div><br><\/div><div>On the next screen you will have to wait until the other participant chooses a video.<\/div>","DefaultChoices":false,"DataExportTag":"wait","QuestionType":"DB","Selector":"TB","Configuration":{"QuestionDescriptionOption":"UseText"},"QuestionDescription":"You are matched with another participant. The other participant will choose a video out of four v...","ChoiceOrder":[],"Validation":{"Settings":{"Type":"None"}},"GradingData":[],"Language":[],"NextChoiceId":4,"NextAnswerId":1,"QuestionID":"QID13","DataVisibility":{"Private":false,"Hidden":false}}},{"SurveyID":"SV_299IXXPvrJxRdLD","Element":"SQ","PrimaryAttribute":"QID7","SecondaryAttribute":"You sent this video to the other participant:","TertiaryAttribute":null,"Payload":{"QuestionText":"You sent this video to the other participant:","DefaultChoices":false,"DataExportTag":"sender info","QuestionType":"DB","Selector":"TB","Configuration":{"QuestionDescriptionOption":"UseText"},"QuestionDescription":"You sent this video to the other participant:","ChoiceOrder":[],"Validation":{"Settings":{"Type":"None"}},"GradingData":[],"Language":[],"NextChoiceId":4,"NextAnswerId":1,"QuestionID":"QID7","DisplayLogic":{"0":{"0":{"LogicType":"EmbeddedField","LeftOperand":"participantRole","Operator":"EqualTo","RightOperand":"A","Type":"Expression","Description":"<span class=\"ConjDesc\">If<\/span>  <span class=\"LeftOpDesc\">participantRole<\/span> <span class=\"OpDesc\">Is Equal to<\/span> <span class=\"RightOpDesc\"> A <\/span>"},"Type":"If"},"Type":"BooleanExpression","inPage":false},"DataVisibility":{"Private":false,"Hidden":false}}}]}