{"SurveyEntry":{"SurveyID":"SV_72vAEUd9ww97m2p","SurveyName":"Trust Game TEMPLATE 2-1-2019","SurveyDescription":null,"SurveyOwnerID":"UR_9EUlTzKmzcqukcZ","SurveyBrandID":"cmu","DivisionID":null,"SurveyLanguage":"EN","SurveyActiveResponseSet":"RS_3myPYpix7Z09Mfb","SurveyStatus":"Active","SurveyStartDate":"0000-00-00 00:00:00","SurveyExpirationDate":"0000-00-00 00:00:00","SurveyCreationDate":"2019-01-28 12:20:35","CreatorID":"UR_9EUlTzKmzcqukcZ","LastModified":"2019-01-28 12:24:43","LastAccessed":"0000-00-00 00:00:00","LastActivated":"2019-01-28 12:24:43","Deleted":null},"SurveyElements":[{"SurveyID":"SV_72vAEUd9ww97m2p","Element":"BL","PrimaryAttribute":"Survey Blocks","SecondaryAttribute":null,"TertiaryAttribute":null,"Payload":{"0":{"Type":"Default","Description":"Dictator choice","ID":"BL_cGf14M3pXvxPRJz","BlockElements":[{"Type":"Question","QuestionID":"QID1"}]},"1":{"Type":"Trash","Description":"Trash \/ Unused Questions","ID":"BL_3RhGWWHeqrkI0bb","BlockElements":[]},"2":{"Type":"Standard","SubType":"","Description":"Trustee intro","ID":"BL_3RkmNIfZv1KYg1n","BlockElements":[{"Type":"Question","QuestionID":"QID2"}]},"3":{"Type":"Standard","SubType":"Reference","Description":null,"ID":"BL_3dviCXEBlB0cpr7","LibraryID":"UR_9EUlTzKmzcqukcZ","ReferencedBlockID":"LB_9n5k2F4vJVq94b3"},"4":{"Type":"Standard","SubType":"","Description":"Trustee decision","ID":"BL_eVVW4AWsaQODOx7","BlockElements":[{"Type":"Question","QuestionID":"QID3"}]},"5":{"Type":"Standard","SubType":"Reference","Description":null,"ID":"BL_3UcKkhKQrrg5JAh","LibraryID":"UR_9EUlTzKmzcqukcZ","ReferencedBlockID":"LB_8ArHs5HRd8EZSHr"},"8":{"Type":"Standard","SubType":"Reference","Description":null,"ID":"BL_29uv0DU62REC8mh","LibraryID":"UR_9EUlTzKmzcqukcZ","ReferencedBlockID":"LB_1Mwc7rxFIwwlYZD"},"10":{"Type":"Standard","SubType":"Reference","Description":null,"ID":"BL_cZVKgJKq6BCMFSZ","LibraryID":"UR_9EUlTzKmzcqukcZ","ReferencedBlockID":"LB_b3gUraeO8OcVRtz"},"11":{"Type":"Standard","SubType":"","Description":"Intro","ID":"BL_56ysrnreTGNy2Sp","BlockElements":[{"Type":"Question","QuestionID":"QID5"}],"Options":{"BlockLocking":"false","RandomizeQuestions":"false","PreviousButton":"","previousButtonMID":"","NextButton":"Start Experiment","nextButtonMID":"","previousButtonLibraryID":"","nextButtonLibraryID":""}},"12":{"Type":"Standard","SubType":"","Description":"Trustee feedback","ID":"BL_0HW0yVFSrF54YJf","BlockElements":[{"Type":"Question","QuestionID":"QID6"}]},"13":{"Type":"Standard","SubType":"","Description":"Trustor feedback","ID":"BL_9pBjA5swjKtfPzn","BlockElements":[{"Type":"Question","QuestionID":"QID9"}]},"14":{"Type":"Standard","SubType":"","Description":"Trustor feedback 1","ID":"BL_a5yRycSEDbGFLdr","BlockElements":[{"Type":"Question","QuestionID":"QID10"}]}}},{"SurveyID":"SV_72vAEUd9ww97m2p","Element":"FL","PrimaryAttribute":"Survey Flow","SecondaryAttribute":null,"TertiaryAttribute":null,"Payload":{"Type":"Root","FlowID":"FL_1","Flow":[{"Type":"EmbeddedData","FlowID":"FL_9","EmbeddedData":[{"Description":"researcherID","Type":"Recipient","Field":"researcherID","VariableType":"String","DataVisibility":[],"AnalyzeText":false},{"Description":"studyID","Type":"Recipient","Field":"studyID","VariableType":"String","DataVisibility":[],"AnalyzeText":false},{"Description":"groupID","Type":"Recipient","Field":"groupID","VariableType":"String","DataVisibility":[],"AnalyzeText":false},{"Description":"participantID","Type":"Custom","Field":"participantID","VariableType":"String","DataVisibility":[],"AnalyzeText":false,"Value":"${e:\/\/Field\/ResponseID}"},{"Description":"groupSize","Type":"Custom","Field":"groupSize","VariableType":"String","DataVisibility":[],"AnalyzeText":false,"Value":"2"},{"Description":"numStages","Type":"Custom","Field":"numStages","VariableType":"String","DataVisibility":[],"AnalyzeText":false,"Value":"2"},{"Description":"roles","Type":"Custom","Field":"roles","VariableType":"String","DataVisibility":[],"AnalyzeText":false,"Value":"A,B"},{"Description":"participantRole","Type":"Custom","Field":"participantRole","VariableType":"String","DataVisibility":[],"AnalyzeText":false,"Value":"random"},{"Description":"timeOutLog","Type":"Recipient","Field":"timeOutLog","VariableType":"String","DataVisibility":[],"AnalyzeText":false}]},{"Type":"EmbeddedData","FlowID":"FL_41","EmbeddedData":[{"Description":"botMatch","Type":"Custom","Field":"botMatch","VariableType":"String","DataVisibility":[],"AnalyzeText":false,"Value":"yes"}]},{"Type":"EmbeddedData","FlowID":"FL_22","EmbeddedData":[{"Description":"total","Type":"Custom","Field":"total","VariableType":"String","DataVisibility":[],"AnalyzeText":false,"Value":"100"},{"Description":"multiplier","Type":"Custom","Field":"multiplier","VariableType":"String","DataVisibility":[],"AnalyzeText":false,"Value":"2.5"},{"Description":"transfer","Type":"Recipient","Field":"transfer","VariableType":"String","DataVisibility":[],"AnalyzeText":false},{"Description":"backTransfer","Type":"Recipient","Field":"backTransfer","VariableType":"String","DataVisibility":[],"AnalyzeText":false},{"Description":"payoff","Type":"Custom","Field":"payoff","VariableType":"String","DataVisibility":[],"AnalyzeText":false,"Value":"0"}]},{"Type":"Block","ID":"BL_56ysrnreTGNy2Sp","FlowID":"FL_24"},{"Type":"Block","ID":"BL_3dviCXEBlB0cpr7","FlowID":"FL_10"},{"Type":"Branch","FlowID":"FL_13","Description":"New Branch","BranchLogic":{"0":{"0":{"LogicType":"EmbeddedField","LeftOperand":"participantRole","Operator":"EqualTo","RightOperand":"A","_HiddenExpression":false,"Type":"Expression","Description":"<span class=\"ConjDesc\">If<\/span>  <span class=\"LeftOpDesc\">participantRole<\/span> <span class=\"OpDesc\">Is Equal to<\/span> <span class=\"RightOpDesc\"> A <\/span>"},"Type":"If"},"Type":"BooleanExpression"},"Flow":[{"Type":"Block","ID":"BL_cGf14M3pXvxPRJz","FlowID":"FL_14"},{"Type":"EmbeddedData","FlowID":"FL_16","EmbeddedData":[{"Description":"transfer","Type":"Custom","Field":"transfer","VariableType":"String","DataVisibility":[],"AnalyzeText":false,"Value":"${q:\/\/QID1\/ChoiceTextEntryValue}"}]},{"Type":"EmbeddedData","FlowID":"FL_15","EmbeddedData":[{"Description":"sendStage","Type":"Custom","Field":"sendStage","VariableType":"String","DataVisibility":[],"AnalyzeText":false,"Value":"1"},{"Description":"sendData","Type":"Custom","Field":"sendData","VariableType":"String","DataVisibility":[],"AnalyzeText":false,"Value":"transfer"}]},{"Type":"Block","ID":"BL_3UcKkhKQrrg5JAh","FlowID":"FL_11"},{"Type":"Standard","ID":"BL_a5yRycSEDbGFLdr","FlowID":"FL_40"},{"Type":"EmbeddedData","FlowID":"FL_38","EmbeddedData":[{"Description":"randomPercent","Type":"Custom","Field":"randomPercent","VariableType":"String","DataVisibility":[],"AnalyzeText":false,"Value":"${rand:\/\/int\/0:100}"}]},{"Type":"EmbeddedData","FlowID":"FL_30","EmbeddedData":[{"Description":"getStage","Type":"Custom","Field":"getStage","VariableType":"String","DataVisibility":[],"AnalyzeText":false,"Value":"2"},{"Description":"getData","Type":"Custom","Field":"getData","VariableType":"String","DataVisibility":[],"AnalyzeText":false,"Value":"B"},{"Description":"defaultData","Type":"Custom","Field":"defaultData","VariableType":"String","DataVisibility":[],"AnalyzeText":false,"Value":"$e{e:\/\/Field\/transfer * e:\/\/Field\/multiplier * e:\/\/Field\/randomPercent \/ 100}"},{"Description":"saveData","Type":"Custom","Field":"saveData","VariableType":"String","DataVisibility":[],"AnalyzeText":false,"Value":"backTransfer"}]},{"Type":"Block","ID":"BL_29uv0DU62REC8mh","FlowID":"FL_31"},{"Type":"EmbeddedData","FlowID":"FL_34","EmbeddedData":[{"Description":"payoff","Type":"Custom","Field":"payoff","VariableType":"String","DataVisibility":[],"AnalyzeText":false,"Value":"$e{e:\/\/Field\/total - e:\/\/Field\/transfer + e:\/\/Field\/backTransfer}"}]},{"Type":"Standard","ID":"BL_9pBjA5swjKtfPzn","FlowID":"FL_29"}]},{"Type":"Branch","FlowID":"FL_18","Description":"New Branch","BranchLogic":{"0":{"0":{"LogicType":"EmbeddedField","LeftOperand":"participantRole","Operator":"EqualTo","RightOperand":"B","_HiddenExpression":false,"Type":"Expression","Description":"<span class=\"ConjDesc\">If<\/span>  <span class=\"LeftOpDesc\">participantRole<\/span> <span class=\"OpDesc\">Is Equal to<\/span> <span class=\"RightOpDesc\"> B <\/span>"},"Type":"If"},"Type":"BooleanExpression"},"Flow":[{"Type":"Block","ID":"BL_3RkmNIfZv1KYg1n","FlowID":"FL_19"},{"Type":"EmbeddedData","FlowID":"FL_39","EmbeddedData":[{"Description":"randomPercent","Type":"Custom","Field":"randomPercent","VariableType":"String","DataVisibility":[],"AnalyzeText":false,"Value":"${rand:\/\/int\/0:100}"}]},{"Type":"EmbeddedData","FlowID":"FL_20","EmbeddedData":[{"Description":"getStage","Type":"Custom","Field":"getStage","VariableType":"String","DataVisibility":[],"AnalyzeText":false,"Value":"1"},{"Description":"getData","Type":"Custom","Field":"getData","VariableType":"String","DataVisibility":[],"AnalyzeText":false,"Value":"A"},{"Description":"defaultData","Type":"Custom","Field":"defaultData","VariableType":"String","DataVisibility":[],"AnalyzeText":false,"Value":"$e{e:\/\/Field\/total * e:\/\/Field\/randomPercent \/100}"},{"Description":"saveData","Type":"Custom","Field":"saveData","VariableType":"String","DataVisibility":[],"AnalyzeText":false,"Value":"transfer"}]},{"Type":"Block","ID":"BL_29uv0DU62REC8mh","FlowID":"FL_12"},{"Type":"Block","ID":"BL_eVVW4AWsaQODOx7","FlowID":"FL_21"},{"Type":"EmbeddedData","FlowID":"FL_26","EmbeddedData":[{"Description":"backTransfer","Type":"Custom","Field":"backTransfer","VariableType":"String","DataVisibility":[],"AnalyzeText":false,"Value":"${q:\/\/QID3\/ChoiceTextEntryValue}"}]},{"Type":"EmbeddedData","FlowID":"FL_27","EmbeddedData":[{"Description":"sendStage","Type":"Custom","Field":"sendStage","VariableType":"String","DataVisibility":[],"AnalyzeText":false,"Value":"2"},{"Description":"sendData","Type":"Custom","Field":"sendData","VariableType":"String","DataVisibility":[],"AnalyzeText":false,"Value":"backTransfer"}]},{"Type":"Block","ID":"BL_3UcKkhKQrrg5JAh","FlowID":"FL_37"},{"Type":"EmbeddedData","FlowID":"FL_36","EmbeddedData":[{"Description":"payoff","Type":"Custom","Field":"payoff","VariableType":"String","DataVisibility":[],"AnalyzeText":false,"Value":"$e{e:\/\/Field\/transfer * e:\/\/Field\/multiplier - e:\/\/Field\/backTransfer}"}]},{"Type":"Standard","ID":"BL_0HW0yVFSrF54YJf","FlowID":"FL_28"}]},{"Type":"Standard","ID":"BL_cZVKgJKq6BCMFSZ","FlowID":"FL_8"}],"Properties":{"Count":41,"RemovedFieldsets":[]}}},{"SurveyID":"SV_72vAEUd9ww97m2p","Element":"SO","PrimaryAttribute":"Survey Options","SecondaryAttribute":null,"TertiaryAttribute":null,"Payload":{"BackButton":"false","SaveAndContinue":"false","SurveyProtection":"PublicSurvey","BallotBoxStuffingPrevention":"false","NoIndex":"Yes","SecureResponseFiles":"true","SurveyExpiration":null,"SurveyTermination":"DisplayMessage","Header":"<script>\n\nQualtrics.SurveyEngine.addOnload(function()\n{\ndocument.getElementById(\"Plug\").remove();\n\n});\n\n<\/script>","Footer":"","ProgressBarDisplay":"None","PartialData":"+1 week","ValidationMessage":null,"PreviousButton":" \u2190 ","NextButton":"Next >>","SkinLibrary":"cmu","SkinType":"templated","Skin":{"brandingId":null,"templateId":"*base","overrides":{"questionText":{"size":"16px"},"answerText":{"size":"14px"}}},"NewScoring":1,"CustomStyles":{"customCSS":".Skin .QuestionOuter {\n    -ms-overflow-style: -ms-autohiding-scrollbar;\n    padding-bottom: 10px;\n}\n"},"headerMid":"","EOSMessage":"MS_aYuRM60Sih3GuZT","ShowExportTags":"false","CollectGeoLocation":"false","SurveyTitle":"Online Survey Software | Qualtrics Survey Solutions","SurveyMetaDescription":"Qualtrics sophisticated online survey software solutions make creating online surveys easy. Learn more about Research Suite and get a free account today.","PasswordProtection":"No","AnonymizeResponse":"No","Password":"","RefererCheck":"No","RefererURL":"http:\/\/","RecaptchaV3":"false","RelevantID":"false","ResponseSummary":"No","EOSMessageLibrary":"UR_9EUlTzKmzcqukcZ","EOSRedirectURL":"https:\/\/","EmailThankYou":"false","ThankYouEmailMessageLibrary":null,"ThankYouEmailMessage":null,"ValidateMessage":"false","ValidationMessageLibrary":null,"InactiveSurvey":"DefaultMessage","PartialDataCloseAfter":"LastActivity","ActiveResponseSet":null,"InactiveMessageLibrary":"","InactiveMessage":"","AvailableLanguages":{"EN":[]},"ProtectSelectionIds":true,"PageTransition":"fade","SurveyName":"Trust Game DEMO 1-27-2019"}},{"SurveyID":"SV_72vAEUd9ww97m2p","Element":"SCO","PrimaryAttribute":"Scoring","SecondaryAttribute":null,"TertiaryAttribute":null,"Payload":{"ScoringCategories":[],"ScoringCategoryGroups":[],"ScoringSummaryCategory":null,"ScoringSummaryAfterQuestions":0,"ScoringSummaryAfterSurvey":0,"DefaultScoringCategory":null,"AutoScoringCategory":null}},{"SurveyID":"SV_72vAEUd9ww97m2p","Element":"PROJ","PrimaryAttribute":"CORE","SecondaryAttribute":null,"TertiaryAttribute":"1.1.0","Payload":{"ProjectCategory":"CORE","SchemaVersion":"1.1.0"}},{"SurveyID":"SV_72vAEUd9ww97m2p","Element":"STAT","PrimaryAttribute":"Survey Statistics","SecondaryAttribute":null,"TertiaryAttribute":null,"Payload":{"MobileCompatible":true,"ID":"Survey Statistics"}},{"SurveyID":"SV_72vAEUd9ww97m2p","Element":"QC","PrimaryAttribute":"Survey Question Count","SecondaryAttribute":"10","TertiaryAttribute":null,"Payload":null},{"SurveyID":"SV_72vAEUd9ww97m2p","Element":"SQ","PrimaryAttribute":"QID3","SecondaryAttribute":"A has transferred you ${e:\/\/Field\/transfer} units. This amount was multiplied by ...","TertiaryAttribute":null,"Payload":{"QuestionText":"A has transferred you ${e:\/\/Field\/transfer} units.<br>\nThis amount was multiplied by ${e:\/\/Field\/multiplier}, so you received $e{e:\/\/Field\/transfer * e:\/\/Field\/multiplier} units.<br>\n<br>\nNow you can send back any amount between 0 and&nbsp;$e{e:\/\/Field\/transfer * e:\/\/Field\/multiplier} to A.\n<div><br>\nPlease use the box below to indicate how many units (0-$e{e:\/\/Field\/transfer * e:\/\/Field\/multiplier}) to transfer&nbsp;to A.<\/div>\n<br>\nYour transfer to A:","DefaultChoices":false,"DataExportTag":"backtransfer","QuestionID":"QID3","QuestionType":"TE","Selector":"SL","DataVisibility":{"Private":false,"Hidden":false},"Configuration":{"QuestionDescriptionOption":"UseText","AllowFreeResponse":"false","InputWidth":90,"InputHeight":29},"QuestionDescription":"A has transferred you ${e:\/\/Field\/transfer} units. This amount was multiplied by ...","Validation":{"Settings":{"ForceResponse":"ON","ForceResponseType":"ON","Type":"ContentType","ContentType":"ValidNumber","ValidDateType":"DateWithFormat","ValidPhoneType":"ValidUSPhone","ValidZipType":"ValidUSZip","ValidNumber":{"Min":"0","Max":"$e{e:\/\/Field\/transfer * e:\/\/Field\/multiplier}","NumDecimals":"2"}}},"GradingData":[],"Language":[],"NextChoiceId":7,"NextAnswerId":1}},{"SurveyID":"SV_72vAEUd9ww97m2p","Element":"SQ","PrimaryAttribute":"QID9","SecondaryAttribute":"B has sent you ${e:\/\/Field\/backTransfer} units. \u00a0 Your final payoff is: (${e:\/\/Field\/total} -\u00a0...","TertiaryAttribute":null,"Payload":{"QuestionText":"B has sent you ${e:\/\/Field\/backTransfer} units.\n<div>&nbsp;<\/div>\nYour final payoff is: (${e:\/\/Field\/total} -&nbsp;${e:\/\/Field\/transfer}&nbsp;+&nbsp;${e:\/\/Field\/backTransfer})&nbsp;=&nbsp;${e:\/\/Field\/payoff} units.\n\n<div>&nbsp;<\/div>","DefaultChoices":false,"DataExportTag":"if accepted","QuestionType":"DB","Selector":"TB","DataVisibility":{"Private":false,"Hidden":false},"Configuration":{"QuestionDescriptionOption":"UseText"},"QuestionDescription":"B has sent you ${e:\/\/Field\/backTransfer} units. \u00a0 Your final payoff is: (${e:\/\/Field\/total} -\u00a0...","ChoiceOrder":[],"Validation":{"Settings":{"Type":"None"}},"GradingData":[],"Language":[],"NextChoiceId":4,"NextAnswerId":1,"QuestionID":"QID9"}},{"SurveyID":"SV_72vAEUd9ww97m2p","Element":"RS","PrimaryAttribute":"RS_3myPYpix7Z09Mfb","SecondaryAttribute":"Default Response Set","TertiaryAttribute":null,"Payload":null},{"SurveyID":"SV_72vAEUd9ww97m2p","Element":"SQ","PrimaryAttribute":"QID5","SecondaryAttribute":"Tip: open this survey in 2 tabs \/ on 2 devices.Trust Game 1. Participants are matched in pairs. \u00a0..","TertiaryAttribute":null,"Payload":{"QuestionText":"<span style=\"color:#008080;\">Tip: open this survey in 2 tabs \/ on 2 devices.<\/span><br>\n<br>\n<br>\n<u><strong>Trust Game<\/strong><\/u><br>\n<br>\n1. Participants are matched in pairs.\n<div>&nbsp;\n<div>2. Within each pair, one participant is assigned to Role A, while the other participant is assigned to&nbsp;Role B.<\/div>\n\n<div>&nbsp;<\/div>\n\n<div>3. Initially, A receives ${e:\/\/Field\/total}&nbsp;units and B receives 0 units. A can transfer X units&nbsp;to B, where 0 \u2264 X \u2264&nbsp;${e:\/\/Field\/total}.<\/div>\n\n<div>&nbsp;<\/div>\n\n<div>4. The amount A transfers to B is multiplied by&nbsp;${e:\/\/Field\/multiplier}, so B&nbsp;receives&nbsp;${e:\/\/Field\/multiplier}X units.<\/div>\n\n<div><br>\n5. B can transfer back Y units to A, where 0 \u2264 Y&nbsp;\u2264 ${e:\/\/Field\/multiplier}X.<br>\n<br>\n6. A's final payoff is (${e:\/\/Field\/total} - X + Y) units. B's final payoff is (${e:\/\/Field\/multiplier}X - Y) units.<\/div>\n\n<div>&nbsp;<\/div>\n\n<div>7. The experiment concludes.<\/div>\n<\/div>","DefaultChoices":false,"DataExportTag":"instructions","QuestionType":"DB","Selector":"TB","Configuration":{"QuestionDescriptionOption":"UseText"},"QuestionDescription":"Tip: open this survey in 2 tabs \/ on 2 devices.Trust Game 1. Participants are matched in pairs. \u00a0...","ChoiceOrder":[],"Validation":{"Settings":{"Type":"None"}},"GradingData":[],"Language":[],"NextChoiceId":4,"NextAnswerId":1,"QuestionID":"QID5","DataVisibility":{"Private":false,"Hidden":false}}},{"SurveyID":"SV_72vAEUd9ww97m2p","Element":"SQ","PrimaryAttribute":"QID1","SecondaryAttribute":"You have been assigned to Role A. You received\u00a0${e:\/\/Field\/total} units. The other participant (B..","TertiaryAttribute":null,"Payload":{"QuestionText":"You have been assigned to Role A.\n<div><br>\nYou received&nbsp;${e:\/\/Field\/total} units. The other participant (B) received 0 units.<br>\n&nbsp;<\/div>\n\n<div>Your can transfer any amount between 0 and&nbsp;${e:\/\/Field\/total} units to B. This amount will be multiplied by&nbsp;${e:\/\/Field\/multiplier} so B will receive&nbsp;${e:\/\/Field\/multiplier} times the amount you transfer.<br>\nThen, B can send back any amount between 0 and whatever amount he or she got.<\/div>\n\n<div>&nbsp;<\/div>\n\n<div>Please use the box below to indicate how many units (0-${e:\/\/Field\/total}) to transfer&nbsp;to B.<\/div>\n\n<div>&nbsp;<\/div>\n\n<div>Your transfer&nbsp;to B (0-${e:\/\/Field\/total}):<\/div>","DefaultChoices":false,"DataExportTag":"transfer","QuestionID":"QID1","QuestionType":"TE","Selector":"SL","DataVisibility":{"Private":false,"Hidden":false},"Configuration":{"QuestionDescriptionOption":"UseText","InputWidth":90,"InputHeight":29,"AllowFreeResponse":"false"},"QuestionDescription":"You have been assigned to Role A. You received\u00a0${e:\/\/Field\/total} units. The other participant (B...","Validation":{"Settings":{"ForceResponse":"ON","ForceResponseType":"ON","Type":"ContentType","ContentType":"ValidNumber","ValidDateType":"DateWithFormat","ValidPhoneType":"ValidUSPhone","ValidZipType":"ValidUSZip","ValidNumber":{"Min":"0","Max":"${e:\/\/Field\/total}","NumDecimals":"2"}}},"GradingData":[],"Language":[],"NextChoiceId":8,"NextAnswerId":1}},{"SurveyID":"SV_72vAEUd9ww97m2p","Element":"SQ","PrimaryAttribute":"QID2","SecondaryAttribute":"You have been assigned to Role B. You received 0 units. The other participant (A) received ...","TertiaryAttribute":null,"Payload":{"QuestionText":"You have been assigned to Role B.\n<div><br \/>\nYou received 0 units. The other participant (A) received ${e:\/\/Field\/total} units.<\/div>\n\n<div>&nbsp;<\/div>\n\n<div>A can transfer you any amount of units between 0 and ${e:\/\/Field\/total}. This transfer will be multiplied by ${e:\/\/Field\/multiplier}, so you will receive ${e:\/\/Field\/multiplier} times the amount A transfers to you.<br \/>\n<br \/>\nAfter that, you will have the opportunity to send A&nbsp;any amount between 0 and whatever you got.<\/div>\n\n<div><br \/>\n&nbsp;<\/div>\n\n<div>On the next screen, you will have to wait until A makes a decision.<\/div>","DefaultChoices":false,"DataExportTag":"Q9","QuestionType":"DB","Selector":"TB","Configuration":{"QuestionDescriptionOption":"UseText"},"QuestionDescription":"You have been assigned to Role B. You received 0 units. The other participant (A) received ...","ChoiceOrder":[],"Validation":{"Settings":{"Type":"None"}},"GradingData":[],"Language":[],"NextChoiceId":4,"NextAnswerId":1,"QuestionID":"QID2","DataVisibility":{"Private":false,"Hidden":false}}},{"SurveyID":"SV_72vAEUd9ww97m2p","Element":"SQ","PrimaryAttribute":"QID6","SecondaryAttribute":"You sent\u00a0${e:\/\/Field\/backTransfer} units to A. \u00a0 Your final payoff is: (${e:\/\/Field\/multiplier} x.","TertiaryAttribute":null,"Payload":{"QuestionText":"You sent&nbsp;${e:\/\/Field\/backTransfer} units to A.\n<div>&nbsp;<\/div>\n\n<div>Your final payoff is: (${e:\/\/Field\/multiplier} x&nbsp;${e:\/\/Field\/transfer}&nbsp;-&nbsp;${e:\/\/Field\/backTransfer}) =&nbsp;${e:\/\/Field\/payoff} units.<\/div>","DefaultChoices":false,"DataExportTag":"if reject","QuestionID":"QID6","QuestionType":"DB","Selector":"TB","DataVisibility":{"Private":false,"Hidden":false},"Configuration":{"QuestionDescriptionOption":"UseText"},"QuestionDescription":"You sent\u00a0${e:\/\/Field\/backTransfer} units to A. \u00a0 Your final payoff is: (${e:\/\/Field\/multiplier} x...","ChoiceOrder":[],"Validation":{"Settings":{"Type":"None"}},"GradingData":[],"Language":[],"NextChoiceId":4,"NextAnswerId":1}},{"SurveyID":"SV_72vAEUd9ww97m2p","Element":"SQ","PrimaryAttribute":"QID10","SecondaryAttribute":"You transferred ${q:\/\/QID1\/ChoiceTextEntryValue} units to B. On the next screen, you will have to...","TertiaryAttribute":null,"Payload":{"QuestionText":"You transferred ${q:\/\/QID1\/ChoiceTextEntryValue} units to B.<br \/>\n<br \/>\nOn the next screen, you will have to wait until B makes a decision.","DefaultChoices":false,"DataExportTag":"Q18","QuestionType":"DB","Selector":"TB","Configuration":{"QuestionDescriptionOption":"UseText"},"QuestionDescription":"You transferred ${q:\/\/QID1\/ChoiceTextEntryValue} units to B. On the next screen, you will have to...","ChoiceOrder":[],"Validation":{"Settings":{"Type":"None"}},"GradingData":[],"Language":[],"NextChoiceId":4,"NextAnswerId":1,"QuestionID":"QID10"}}]}